{
  "version": 4,
  "terraform_version": "1.11.3",
  "serial": 1545,
  "lineage": "3a523754-2c43-9f63-7ae0-1684d9dec278",
  "outputs": {
    "admin_sg_id": {
      "value": "sg-05376625a4037ab96",
      "type": "string"
    },
    "alb_dns_name": {
      "value": "dev-payjack-us-east-2-alb-231127469.us-east-2.elb.amazonaws.com",
      "type": "string"
    },
    "alb_sg_id": {
      "value": "sg-05e8bc5a9ad01314a",
      "type": "string"
    },
    "app_subnet_cidr": {
      "value": [
        "10.0.10.0/24",
        "10.0.11.0/24",
        "10.0.12.0/24"
      ],
      "type": [
        "tuple",
        [
          "string",
          "string",
          "string"
        ]
      ]
    },
    "app_subnets": {
      "value": [
        "subnet-040b8dab029145a78",
        "subnet-0130d175268d632cc",
        "subnet-089adb67a34358151"
      ],
      "type": [
        "tuple",
        [
          "string",
          "string",
          "string"
        ]
      ]
    },
    "db_subnet_cidr": {
      "value": [
        "10.0.20.0/24",
        "10.0.21.0/24",
        "10.0.22.0/24"
      ],
      "type": [
        "tuple",
        [
          "string",
          "string",
          "string"
        ]
      ]
    },
    "db_subnets": {
      "value": [
        "subnet-04fde9e24b47dedf6",
        "subnet-0a1c8e7f8ac7b1f20",
        "subnet-019a993e168460ef7"
      ],
      "type": [
        "tuple",
        [
          "string",
          "string",
          "string"
        ]
      ]
    },
    "ec2_instance_hostname": {
      "value": "ip-10-0-10-40.us-east-2.compute.internal",
      "type": "string"
    },
    "ec2_instance_id": {
      "value": "i-016590bd12cb903aa",
      "type": "string"
    },
    "ec2_private_ip": {
      "value": "10.0.10.40",
      "type": "string"
    },
    "elasticache_sg_id": {
      "value": "sg-09b4776b52924517a",
      "type": "string"
    },
    "instance_profile_arn": {
      "value": "arn:aws:iam::975050283031:instance-profile/dev-payjack-us-east-2-admin-profile",
      "type": "string"
    },
    "kafka_sg_id": {
      "value": "sg-00f6e70ef4db82d10",
      "type": "string"
    },
    "msk_bootstrap_brokers": {
      "value": "",
      "type": "string"
    },
    "msk_bootstrap_brokers_sasl_scram": {
      "value": "",
      "type": "string"
    },
    "msk_bootstrap_brokers_tls": {
      "value": "b-1.devpayjackuseast2kafka.yr1ujm.c7.kafka.us-east-2.amazonaws.com:9094,b-2.devpayjackuseast2kafka.yr1ujm.c7.kafka.us-east-2.amazonaws.com:9094,b-3.devpayjackuseast2kafka.yr1ujm.c7.kafka.us-east-2.amazonaws.com:9094",
      "type": "string"
    },
    "nat_eip": {
      "value": "3.130.22.100",
      "type": "string"
    },
    "nat_id": {
      "value": "nat-0570d1bb8f3f9359c",
      "type": "string"
    },
    "private_rt_id": {
      "value": "rtb-0718c7c7e291e1b05",
      "type": "string"
    },
    "project_name": {
      "value": "payjack",
      "type": "string"
    },
    "public_rt_id": {
      "value": "rtb-03135ce3544c7e77b",
      "type": "string"
    },
    "public_subnet_cidr": {
      "value": [
        "10.0.0.0/24",
        "10.0.1.0/24",
        "10.0.2.0/24"
      ],
      "type": [
        "tuple",
        [
          "string",
          "string",
          "string"
        ]
      ]
    },
    "public_subnets": {
      "value": [
        "subnet-0ffd420295d8a7862",
        "subnet-0959815156bfbe293",
        "subnet-0039aa7acfe132049"
      ],
      "type": [
        "tuple",
        [
          "string",
          "string",
          "string"
        ]
      ]
    },
    "rds_endpoint": {
      "value": "dev-payjack-us-east-2-db-instance.c5ecswssw9i3.us-east-2.rds.amazonaws.com:3306",
      "type": "string"
    },
    "rds_password": {
      "value": "RWxB8F^h62ak14jZ",
      "type": "string",
      "sensitive": true
    },
    "rds_sg_id": {
      "value": "sg-0a5f3e01428cc1659",
      "type": "string"
    },
    "rds_username": {
      "value": "payjackadmin",
      "type": "string",
      "sensitive": true
    },
    "redis_endpoint": {
      "value": [
        {
          "address": "dev-payjack-us-east-2-redis-cluster.otdhsq.0001.use2.cache.amazonaws.com",
          "port": 6379
        }
      ],
      "type": [
        "tuple",
        [
          [
            "object",
            {
              "address": "string",
              "port": "number"
            }
          ]
        ]
      ]
    },
    "region": {
      "value": "us-east-2",
      "type": "string"
    },
    "vpc_id": {
      "value": "vpc-03ad51840c66d2b86",
      "type": "string"
    }
  },
  "resources": [
    {
      "mode": "managed",
      "type": "null_resource",
      "name": "workspace_setup",
      "provider": "provider[\"registry.terraform.io/hashicorp/null\"]",
      "instances": [
        {
          "schema_version": 0,
          "attributes": {
            "id": "7210895212611355006",
            "triggers": null
          },
          "sensitive_attributes": []
        }
      ]
    },
    {
      "module": "module.compute",
      "mode": "data",
      "type": "aws_ami",
      "name": "ubuntu",
      "provider": "provider[\"registry.terraform.io/hashicorp/aws\"]",
      "instances": [
        {
          "schema_version": 0,
          "attributes": {
            "architecture": "x86_64",
            "arn": "arn:aws:ec2:us-east-2::image/ami-014d2a8190b1bdeb4",
            "block_device_mappings": [
              {
                "device_name": "/dev/sda1",
                "ebs": {
                  "delete_on_termination": "true",
                  "encrypted": "false",
                  "iops": "0",
                  "snapshot_id": "snap-0f8bf7a6e3ae5a59d",
                  "throughput": "0",
                  "volume_size": "8",
                  "volume_type": "gp2"
                },
                "no_device": "",
                "virtual_name": ""
              },
              {
                "device_name": "/dev/sdb",
                "ebs": {},
                "no_device": "",
                "virtual_name": "ephemeral0"
              },
              {
                "device_name": "/dev/sdc",
                "ebs": {},
                "no_device": "",
                "virtual_name": "ephemeral1"
              }
            ],
            "boot_mode": "legacy-bios",
            "creation_date": "2025-04-03T06:02:23.000Z",
            "deprecation_time": "2027-04-03T06:02:23.000Z",
            "description": "Canonical, Ubuntu, 20.04, amd64 focal image",
            "ena_support": true,
            "executable_users": null,
            "filter": [
              {
                "name": "name",
                "values": [
                  "ubuntu/images/hvm-ssd/ubuntu-focal-20.04-amd64-server-*"
                ]
              },
              {
                "name": "virtualization-type",
                "values": [
                  "hvm"
                ]
              }
            ],
            "hypervisor": "xen",
            "id": "ami-014d2a8190b1bdeb4",
            "image_id": "ami-014d2a8190b1bdeb4",
            "image_location": "amazon/ubuntu/images/hvm-ssd/ubuntu-focal-20.04-amd64-server-20250403",
            "image_owner_alias": "amazon",
            "image_type": "machine",
            "imds_support": "",
            "include_deprecated": false,
            "kernel_id": "",
            "last_launched_time": "",
            "most_recent": true,
            "name": "ubuntu/images/hvm-ssd/ubuntu-focal-20.04-amd64-server-20250403",
            "name_regex": null,
            "owner_id": "099720109477",
            "owners": [
              "099720109477"
            ],
            "platform": "",
            "platform_details": "Linux/UNIX",
            "product_codes": [],
            "public": true,
            "ramdisk_id": "",
            "root_device_name": "/dev/sda1",
            "root_device_type": "ebs",
            "root_snapshot_id": "snap-0f8bf7a6e3ae5a59d",
            "sriov_net_support": "simple",
            "state": "available",
            "state_reason": {
              "code": "UNSET",
              "message": "UNSET"
            },
            "tags": {},
            "timeouts": null,
            "tpm_support": "",
            "uefi_data": null,
            "usage_operation": "RunInstances",
            "virtualization_type": "hvm"
          },
          "sensitive_attributes": []
        }
      ]
    },
    {
      "module": "module.compute",
      "mode": "data",
      "type": "aws_iam_instance_profile",
      "name": "admin_profile",
      "provider": "provider[\"registry.terraform.io/hashicorp/aws\"]",
      "instances": [
        {
          "schema_version": 0,
          "attributes": {
            "arn": "arn:aws:iam::975050283031:instance-profile/dev-payjack-us-east-2-admin-profile",
            "create_date": "2025-04-21 07:02:22 +0000 UTC",
            "id": "AIPA6GBMGTALV34SBD7G2",
            "name": "dev-payjack-us-east-2-admin-profile",
            "path": "/",
            "role_arn": "arn:aws:iam::975050283031:role/admin-ssm-role",
            "role_id": "AROA6GBMGTAL2ARUAEO4F",
            "role_name": "admin-ssm-role"
          },
          "sensitive_attributes": []
        }
      ]
    },
    {
      "module": "module.compute",
      "mode": "data",
      "type": "aws_ssm_parameter",
      "name": "admin_sg_id",
      "provider": "provider[\"registry.terraform.io/hashicorp/aws\"]",
      "instances": [
        {
          "schema_version": 0,
          "attributes": {
            "arn": "arn:aws:ssm:us-east-2:975050283031:parameter/dev-payjack-us-east-2/admin_sg_id",
            "id": "/dev-payjack-us-east-2/admin_sg_id",
            "insecure_value": "sg-05376625a4037ab96",
            "name": "/dev-payjack-us-east-2/admin_sg_id",
            "type": "String",
            "value": "sg-05376625a4037ab96",
            "version": 1,
            "with_decryption": true
          },
          "sensitive_attributes": [
            [
              {
                "type": "get_attr",
                "value": "value"
              }
            ]
          ]
        }
      ]
    },
    {
      "module": "module.compute",
      "mode": "data",
      "type": "aws_ssm_parameter",
      "name": "app_private_subnet_ids",
      "provider": "provider[\"registry.terraform.io/hashicorp/aws\"]",
      "instances": [
        {
          "schema_version": 0,
          "attributes": {
            "arn": "arn:aws:ssm:us-east-2:975050283031:parameter/dev-payjack-us-east-2/app_subnet_ids",
            "id": "/dev-payjack-us-east-2/app_subnet_ids",
            "insecure_value": "subnet-040b8dab029145a78,subnet-0130d175268d632cc,subnet-089adb67a34358151",
            "name": "/dev-payjack-us-east-2/app_subnet_ids",
            "type": "StringList",
            "value": "subnet-040b8dab029145a78,subnet-0130d175268d632cc,subnet-089adb67a34358151",
            "version": 1,
            "with_decryption": true
          },
          "sensitive_attributes": [
            [
              {
                "type": "get_attr",
                "value": "value"
              }
            ]
          ]
        }
      ]
    },
    {
      "module": "module.compute",
      "mode": "managed",
      "type": "aws_instance",
      "name": "admin",
      "provider": "provider[\"registry.terraform.io/hashicorp/aws\"]",
      "instances": [
        {
          "schema_version": 1,
          "attributes": {
            "ami": "ami-014d2a8190b1bdeb4",
            "arn": "arn:aws:ec2:us-east-2:975050283031:instance/i-016590bd12cb903aa",
            "associate_public_ip_address": false,
            "availability_zone": "us-east-2a",
            "capacity_reservation_specification": [
              {
                "capacity_reservation_preference": "open",
                "capacity_reservation_target": []
              }
            ],
            "cpu_core_count": 1,
            "cpu_options": [
              {
                "amd_sev_snp": "",
                "core_count": 1,
                "threads_per_core": 2
              }
            ],
            "cpu_threads_per_core": 2,
            "credit_specification": [
              {
                "cpu_credits": "unlimited"
              }
            ],
            "disable_api_stop": false,
            "disable_api_termination": false,
            "ebs_block_device": [],
            "ebs_optimized": false,
            "enable_primary_ipv6": null,
            "enclave_options": [
              {
                "enabled": false
              }
            ],
            "ephemeral_block_device": [],
            "get_password_data": false,
            "hibernation": false,
            "host_id": "",
            "host_resource_group_arn": null,
            "iam_instance_profile": "dev-payjack-us-east-2-admin-profile",
            "id": "i-016590bd12cb903aa",
            "instance_initiated_shutdown_behavior": "stop",
            "instance_lifecycle": "",
            "instance_market_options": [],
            "instance_state": "running",
            "instance_type": "t3.micro",
            "ipv6_address_count": 0,
            "ipv6_addresses": [],
            "key_name": "",
            "launch_template": [],
            "maintenance_options": [
              {
                "auto_recovery": "default"
              }
            ],
            "metadata_options": [
              {
                "http_endpoint": "enabled",
                "http_protocol_ipv6": "disabled",
                "http_put_response_hop_limit": 1,
                "http_tokens": "optional",
                "instance_metadata_tags": "disabled"
              }
            ],
            "monitoring": false,
            "network_interface": [],
            "outpost_arn": "",
            "password_data": "",
            "placement_group": "",
            "placement_partition_number": 0,
            "primary_network_interface_id": "eni-0fa78db1e02f87549",
            "private_dns": "ip-10-0-10-40.us-east-2.compute.internal",
            "private_dns_name_options": [
              {
                "enable_resource_name_dns_a_record": false,
                "enable_resource_name_dns_aaaa_record": false,
                "hostname_type": "ip-name"
              }
            ],
            "private_ip": "10.0.10.40",
            "public_dns": "",
            "public_ip": "",
            "root_block_device": [
              {
                "delete_on_termination": true,
                "device_name": "/dev/sda1",
                "encrypted": false,
                "iops": 100,
                "kms_key_id": "",
                "tags": {},
                "tags_all": {},
                "throughput": 0,
                "volume_id": "vol-000f5eb1a8cdbb2bd",
                "volume_size": 8,
                "volume_type": "gp2"
              }
            ],
            "secondary_private_ips": [],
            "security_groups": [
              "sg-05376625a4037ab96"
            ],
            "source_dest_check": true,
            "spot_instance_request_id": "",
            "subnet_id": "subnet-040b8dab029145a78",
            "tags": {
              "Environment": "dev",
              "Managed_by": "terraform",
              "Name": "dev-payjack-us-east-2-admin-server",
              "Owner": "mimi",
              "Project": "payjack"
            },
            "tags_all": {
              "Environment": "dev",
              "Managed_by": "terraform",
              "Name": "dev-payjack-us-east-2-admin-server",
              "Owner": "mimi",
              "Project": "payjack"
            },
            "tenancy": "default",
            "timeouts": null,
            "user_data": null,
            "user_data_base64": null,
            "user_data_replace_on_change": false,
            "volume_tags": null,
            "vpc_security_group_ids": [
              "sg-05376625a4037ab96"
            ]
          },
          "sensitive_attributes": [
            [
              {
                "type": "get_attr",
                "value": "security_groups"
              }
            ],
            [
              {
                "type": "get_attr",
                "value": "subnet_id"
              }
            ]
          ],
          "private": "eyJlMmJmYjczMC1lY2FhLTExZTYtOGY4OC0zNDM2M2JjN2M0YzAiOnsiY3JlYXRlIjo2MDAwMDAwMDAwMDAsImRlbGV0ZSI6MTIwMDAwMDAwMDAwMCwicmVhZCI6OTAwMDAwMDAwMDAwLCJ1cGRhdGUiOjYwMDAwMDAwMDAwMH0sInNjaGVtYV92ZXJzaW9uIjoiMSJ9",
          "dependencies": [
            "module.compute.data.aws_ami.ubuntu",
            "module.compute.data.aws_iam_instance_profile.admin_profile",
            "module.compute.data.aws_ssm_parameter.admin_sg_id",
            "module.compute.data.aws_ssm_parameter.app_private_subnet_ids",
            "module.iam.aws_iam_instance_profile.admin_profile",
            "module.iam.aws_iam_role.admin_role",
            "module.iam.aws_iam_role_policy_attachment.admin_managed_ssm",
            "module.iam.data.aws_iam_policy_document.ec2_assume_role",
            "module.networking.aws_eip.nat_eip",
            "module.networking.aws_internet_gateway.igw",
            "module.networking.aws_nat_gateway.nat",
            "module.networking.aws_route_table.private",
            "module.networking.aws_route_table.public",
            "module.networking.aws_route_table_association.app_private",
            "module.networking.aws_route_table_association.db_private",
            "module.networking.aws_route_table_association.public",
            "module.networking.aws_ssm_parameter.app_private_subnet_ids",
            "module.networking.aws_ssm_parameter.db_private_subnet_ids",
            "module.networking.aws_ssm_parameter.igw_id",
            "module.networking.aws_ssm_parameter.nat_id",
            "module.networking.aws_ssm_parameter.private_rt_id",
            "module.networking.aws_ssm_parameter.public_rt_id",
            "module.networking.aws_ssm_parameter.public_subnet_ids",
            "module.networking.aws_ssm_parameter.vpc_id",
            "module.networking.aws_subnet.app_private",
            "module.networking.aws_subnet.db_private",
            "module.networking.aws_subnet.public",
            "module.networking.aws_vpc.main",
            "module.networking.data.aws_availability_zones.available",
            "module.networking.data.aws_ssm_parameter.app_private_subnet_ids",
            "module.networking.data.aws_ssm_parameter.db_private_subnet_ids",
            "module.networking.data.aws_ssm_parameter.public_subnet_ids",
            "module.networking.data.aws_ssm_parameter.vpc_id",
            "module.security.aws_security_group.admin_sg",
            "module.security.aws_security_group.alb_sg",
            "module.security.aws_security_group.asg_sg",
            "module.security.aws_security_group.elasticache_sg",
            "module.security.aws_security_group.kafka_sg",
            "module.security.aws_security_group.rds_sg",
            "module.security.aws_ssm_parameter.admin_sg_id",
            "module.security.aws_ssm_parameter.alb_sg_id",
            "module.security.aws_ssm_parameter.asg_sg_id",
            "module.security.aws_ssm_parameter.elasticache_sg_id",
            "module.security.aws_ssm_parameter.kafka_sg_id",
            "module.security.aws_ssm_parameter.rds_sg_id",
            "module.security.data.aws_ssm_parameter.vpc_id"
          ]
        }
      ]
    },
    {
      "module": "module.database",
      "mode": "data",
      "type": "aws_secretsmanager_secret_version",
      "name": "db_creds",
      "provider": "provider[\"registry.terraform.io/hashicorp/aws\"]",
      "instances": [
        {
          "schema_version": 0,
          "attributes": {
            "arn": "arn:aws:secretsmanager:us-east-2:975050283031:secret:dev-payjack-us-east-2-secret-payjack-db-secrtssss-MVMfQn",
            "created_date": "2025-04-21T07:05:44Z",
            "id": "arn:aws:secretsmanager:us-east-2:975050283031:secret:dev-payjack-us-east-2-secret-payjack-db-secrtssss-MVMfQn|AWSCURRENT",
            "secret_binary": "",
            "secret_id": "arn:aws:secretsmanager:us-east-2:975050283031:secret:dev-payjack-us-east-2-secret-payjack-db-secrtssss-MVMfQn",
            "secret_string": "{\"password\":\"RWxB8F^h62ak14jZ\",\"username\":\"payjackadmin\"}",
            "version_id": "terraform-2025042107054504860000000a",
            "version_stage": "AWSCURRENT",
            "version_stages": [
              "AWSCURRENT"
            ]
          },
          "sensitive_attributes": [
            [
              {
                "type": "get_attr",
                "value": "secret_string"
              }
            ],
            [
              {
                "type": "get_attr",
                "value": "secret_binary"
              }
            ]
          ]
        }
      ]
    },
    {
      "module": "module.database",
      "mode": "data",
      "type": "aws_ssm_parameter",
      "name": "db_private_subnet_ids",
      "provider": "provider[\"registry.terraform.io/hashicorp/aws\"]",
      "instances": [
        {
          "schema_version": 0,
          "attributes": {
            "arn": "arn:aws:ssm:us-east-2:975050283031:parameter/dev-payjack-us-east-2/db_subnet_ids",
            "id": "/dev-payjack-us-east-2/db_subnet_ids",
            "insecure_value": "subnet-04fde9e24b47dedf6,subnet-0a1c8e7f8ac7b1f20,subnet-019a993e168460ef7",
            "name": "/dev-payjack-us-east-2/db_subnet_ids",
            "type": "StringList",
            "value": "subnet-04fde9e24b47dedf6,subnet-0a1c8e7f8ac7b1f20,subnet-019a993e168460ef7",
            "version": 1,
            "with_decryption": true
          },
          "sensitive_attributes": [
            [
              {
                "type": "get_attr",
                "value": "value"
              }
            ]
          ]
        }
      ]
    },
    {
      "module": "module.database",
      "mode": "data",
      "type": "aws_ssm_parameter",
      "name": "rds_sg_id",
      "provider": "provider[\"registry.terraform.io/hashicorp/aws\"]",
      "instances": [
        {
          "schema_version": 0,
          "attributes": {
            "arn": "arn:aws:ssm:us-east-2:975050283031:parameter/dev-payjack-us-east-2/rds_sg_id",
            "id": "/dev-payjack-us-east-2/rds_sg_id",
            "insecure_value": "sg-0a5f3e01428cc1659",
            "name": "/dev-payjack-us-east-2/rds_sg_id",
            "type": "String",
            "value": "sg-0a5f3e01428cc1659",
            "version": 1,
            "with_decryption": true
          },
          "sensitive_attributes": [
            [
              {
                "type": "get_attr",
                "value": "value"
              }
            ]
          ]
        }
      ]
    },
    {
      "module": "module.database",
      "mode": "managed",
      "type": "aws_db_instance",
      "name": "rds",
      "provider": "provider[\"registry.terraform.io/hashicorp/aws\"]",
      "instances": [
        {
          "schema_version": 2,
          "attributes": {
            "address": "dev-payjack-us-east-2-db-instance.c5ecswssw9i3.us-east-2.rds.amazonaws.com",
            "allocated_storage": 20,
            "allow_major_version_upgrade": null,
            "apply_immediately": false,
            "arn": "arn:aws:rds:us-east-2:975050283031:db:dev-payjack-us-east-2-db-instance",
            "auto_minor_version_upgrade": true,
            "availability_zone": "us-east-2b",
            "backup_retention_period": 0,
            "backup_target": "region",
            "backup_window": "03:26-03:56",
            "blue_green_update": [],
            "ca_cert_identifier": "rds-ca-rsa2048-g1",
            "character_set_name": "",
            "copy_tags_to_snapshot": false,
            "custom_iam_instance_profile": "",
            "customer_owned_ip_enabled": false,
            "database_insights_mode": "standard",
            "db_name": "payjackdb",
            "db_subnet_group_name": "dev-payjack-us-east-2-db-subnet-group",
            "dedicated_log_volume": false,
            "delete_automated_backups": true,
            "deletion_protection": false,
            "domain": "",
            "domain_auth_secret_arn": "",
            "domain_dns_ips": null,
            "domain_fqdn": "",
            "domain_iam_role_name": "",
            "domain_ou": "",
            "enabled_cloudwatch_logs_exports": null,
            "endpoint": "dev-payjack-us-east-2-db-instance.c5ecswssw9i3.us-east-2.rds.amazonaws.com:3306",
            "engine": "mysql",
            "engine_lifecycle_support": "open-source-rds-extended-support",
            "engine_version": "8.0.40",
            "engine_version_actual": "8.0.40",
            "final_snapshot_identifier": null,
            "hosted_zone_id": "Z2XHWR1WZ565X2",
            "iam_database_authentication_enabled": false,
            "id": "db-QHY7CYIX6I7YWGLVUI6D5IGS7E",
            "identifier": "dev-payjack-us-east-2-db-instance",
            "identifier_prefix": "",
            "instance_class": "db.t3.micro",
            "iops": 0,
            "kms_key_id": "",
            "latest_restorable_time": "",
            "license_model": "general-public-license",
            "listener_endpoint": [],
            "maintenance_window": "mon:05:47-mon:06:17",
            "manage_master_user_password": null,
            "master_user_secret": [],
            "master_user_secret_kms_key_id": null,
            "max_allocated_storage": 0,
            "monitoring_interval": 0,
            "monitoring_role_arn": "",
            "multi_az": false,
            "nchar_character_set_name": "",
            "network_type": "IPV4",
            "option_group_name": "default:mysql-8-0",
            "parameter_group_name": "default.mysql8.0",
            "password": "RWxB8F^h62ak14jZ",
            "password_wo": null,
            "password_wo_version": null,
            "performance_insights_enabled": false,
            "performance_insights_kms_key_id": "",
            "performance_insights_retention_period": 0,
            "port": 3306,
            "publicly_accessible": false,
            "replica_mode": "",
            "replicas": [],
            "replicate_source_db": "",
            "resource_id": "db-QHY7CYIX6I7YWGLVUI6D5IGS7E",
            "restore_to_point_in_time": [],
            "s3_import": [],
            "skip_final_snapshot": true,
            "snapshot_identifier": null,
            "status": "available",
            "storage_encrypted": false,
            "storage_throughput": 0,
            "storage_type": "gp2",
            "tags": {
              "Environment": "dev",
              "Managed_by": "terraform",
              "Name": "dev-payjack-us-east-2-db",
              "Owner": "mimi",
              "Project": "payjack"
            },
            "tags_all": {
              "Environment": "dev",
              "Managed_by": "terraform",
              "Name": "dev-payjack-us-east-2-db",
              "Owner": "mimi",
              "Project": "payjack"
            },
            "timeouts": null,
            "timezone": "",
            "upgrade_storage_config": null,
            "username": "payjackadmin",
            "vpc_security_group_ids": [
              "sg-0a5f3e01428cc1659"
            ]
          },
          "sensitive_attributes": [
            [
              {
                "type": "get_attr",
                "value": "password_wo"
              }
            ],
            [
              {
                "type": "get_attr",
                "value": "password"
              }
            ],
            [
              {
                "type": "get_attr",
                "value": "vpc_security_group_ids"
              }
            ],
            [
              {
                "type": "get_attr",
                "value": "username"
              }
            ]
          ],
          "private": "eyJlMmJmYjczMC1lY2FhLTExZTYtOGY4OC0zNDM2M2JjN2M0YzAiOnsiY3JlYXRlIjozMDAwMDAwMDAwMDAwLCJkZWxldGUiOjM2MDAwMDAwMDAwMDAsInVwZGF0ZSI6NDgwMDAwMDAwMDAwMH0sInNjaGVtYV92ZXJzaW9uIjoiMiJ9",
          "dependencies": [
            "module.database.aws_db_subnet_group.rds",
            "module.database.aws_secretsmanager_secret.rds",
            "module.database.aws_secretsmanager_secret_version.rds",
            "module.database.data.aws_secretsmanager_secret_version.db_creds",
            "module.database.data.aws_ssm_parameter.db_private_subnet_ids",
            "module.database.data.aws_ssm_parameter.rds_sg_id",
            "module.database.random_password.rds",
            "module.networking.aws_eip.nat_eip",
            "module.networking.aws_internet_gateway.igw",
            "module.networking.aws_nat_gateway.nat",
            "module.networking.aws_route_table.private",
            "module.networking.aws_route_table.public",
            "module.networking.aws_route_table_association.app_private",
            "module.networking.aws_route_table_association.db_private",
            "module.networking.aws_route_table_association.public",
            "module.networking.aws_ssm_parameter.app_private_subnet_ids",
            "module.networking.aws_ssm_parameter.db_private_subnet_ids",
            "module.networking.aws_ssm_parameter.igw_id",
            "module.networking.aws_ssm_parameter.nat_id",
            "module.networking.aws_ssm_parameter.private_rt_id",
            "module.networking.aws_ssm_parameter.public_rt_id",
            "module.networking.aws_ssm_parameter.public_subnet_ids",
            "module.networking.aws_ssm_parameter.vpc_id",
            "module.networking.aws_subnet.app_private",
            "module.networking.aws_subnet.db_private",
            "module.networking.aws_subnet.public",
            "module.networking.aws_vpc.main",
            "module.networking.data.aws_availability_zones.available",
            "module.networking.data.aws_ssm_parameter.app_private_subnet_ids",
            "module.networking.data.aws_ssm_parameter.db_private_subnet_ids",
            "module.networking.data.aws_ssm_parameter.public_subnet_ids",
            "module.networking.data.aws_ssm_parameter.vpc_id",
            "module.security.aws_security_group.admin_sg",
            "module.security.aws_security_group.alb_sg",
            "module.security.aws_security_group.asg_sg",
            "module.security.aws_security_group.elasticache_sg",
            "module.security.aws_security_group.kafka_sg",
            "module.security.aws_security_group.rds_sg",
            "module.security.aws_ssm_parameter.admin_sg_id",
            "module.security.aws_ssm_parameter.alb_sg_id",
            "module.security.aws_ssm_parameter.asg_sg_id",
            "module.security.aws_ssm_parameter.elasticache_sg_id",
            "module.security.aws_ssm_parameter.kafka_sg_id",
            "module.security.aws_ssm_parameter.rds_sg_id",
            "module.security.data.aws_ssm_parameter.vpc_id",
            "module.storage.aws_s3_bucket.alb_logs",
            "module.storage.aws_s3_bucket_logging.alb_logs",
            "module.storage.aws_s3_bucket_notification.alb_logs",
            "module.storage.aws_s3_bucket_policy.alb_logs",
            "module.storage.aws_s3_bucket_public_access_block.alb_logs",
            "module.storage.aws_s3_bucket_server_side_encryption_configuration.alb_logs",
            "module.storage.aws_s3_bucket_versioning.alb_logs",
            "module.storage.aws_ssm_parameter.alb_logs_bucket_name",
            "module.storage.data.aws_elb_service_account.main"
          ]
        }
      ]
    },
    {
      "module": "module.database",
      "mode": "managed",
      "type": "aws_db_subnet_group",
      "name": "rds",
      "provider": "provider[\"registry.terraform.io/hashicorp/aws\"]",
      "instances": [
        {
          "schema_version": 0,
          "attributes": {
            "arn": "arn:aws:rds:us-east-2:975050283031:subgrp:dev-payjack-us-east-2-db-subnet-group",
            "description": "Managed by Terraform",
            "id": "dev-payjack-us-east-2-db-subnet-group",
            "name": "dev-payjack-us-east-2-db-subnet-group",
            "name_prefix": "",
            "subnet_ids": [
              "subnet-019a993e168460ef7",
              "subnet-04fde9e24b47dedf6",
              "subnet-0a1c8e7f8ac7b1f20"
            ],
            "supported_network_types": [
              "IPV4"
            ],
            "tags": null,
            "tags_all": {},
            "vpc_id": "vpc-03ad51840c66d2b86"
          },
          "sensitive_attributes": [
            [
              {
                "type": "get_attr",
                "value": "subnet_ids"
              }
            ]
          ],
          "private": "bnVsbA==",
          "dependencies": [
            "module.database.data.aws_ssm_parameter.db_private_subnet_ids",
            "module.networking.aws_eip.nat_eip",
            "module.networking.aws_internet_gateway.igw",
            "module.networking.aws_nat_gateway.nat",
            "module.networking.aws_route_table.private",
            "module.networking.aws_route_table.public",
            "module.networking.aws_route_table_association.app_private",
            "module.networking.aws_route_table_association.db_private",
            "module.networking.aws_route_table_association.public",
            "module.networking.aws_ssm_parameter.app_private_subnet_ids",
            "module.networking.aws_ssm_parameter.db_private_subnet_ids",
            "module.networking.aws_ssm_parameter.igw_id",
            "module.networking.aws_ssm_parameter.nat_id",
            "module.networking.aws_ssm_parameter.private_rt_id",
            "module.networking.aws_ssm_parameter.public_rt_id",
            "module.networking.aws_ssm_parameter.public_subnet_ids",
            "module.networking.aws_ssm_parameter.vpc_id",
            "module.networking.aws_subnet.app_private",
            "module.networking.aws_subnet.db_private",
            "module.networking.aws_subnet.public",
            "module.networking.aws_vpc.main",
            "module.networking.data.aws_availability_zones.available",
            "module.networking.data.aws_ssm_parameter.app_private_subnet_ids",
            "module.networking.data.aws_ssm_parameter.db_private_subnet_ids",
            "module.networking.data.aws_ssm_parameter.public_subnet_ids",
            "module.networking.data.aws_ssm_parameter.vpc_id",
            "module.security.aws_security_group.admin_sg",
            "module.security.aws_security_group.alb_sg",
            "module.security.aws_security_group.asg_sg",
            "module.security.aws_security_group.elasticache_sg",
            "module.security.aws_security_group.kafka_sg",
            "module.security.aws_security_group.rds_sg",
            "module.security.aws_ssm_parameter.admin_sg_id",
            "module.security.aws_ssm_parameter.alb_sg_id",
            "module.security.aws_ssm_parameter.asg_sg_id",
            "module.security.aws_ssm_parameter.elasticache_sg_id",
            "module.security.aws_ssm_parameter.kafka_sg_id",
            "module.security.aws_ssm_parameter.rds_sg_id",
            "module.security.data.aws_ssm_parameter.vpc_id",
            "module.storage.aws_s3_bucket.alb_logs",
            "module.storage.aws_s3_bucket_logging.alb_logs",
            "module.storage.aws_s3_bucket_notification.alb_logs",
            "module.storage.aws_s3_bucket_policy.alb_logs",
            "module.storage.aws_s3_bucket_public_access_block.alb_logs",
            "module.storage.aws_s3_bucket_server_side_encryption_configuration.alb_logs",
            "module.storage.aws_s3_bucket_versioning.alb_logs",
            "module.storage.aws_ssm_parameter.alb_logs_bucket_name",
            "module.storage.data.aws_elb_service_account.main"
          ]
        }
      ]
    },
    {
      "module": "module.database",
      "mode": "managed",
      "type": "aws_secretsmanager_secret",
      "name": "rds",
      "provider": "provider[\"registry.terraform.io/hashicorp/aws\"]",
      "instances": [
        {
          "schema_version": 0,
          "attributes": {
            "arn": "arn:aws:secretsmanager:us-east-2:975050283031:secret:dev-payjack-us-east-2-secret-payjack-db-secrtssss-MVMfQn",
            "description": "RDS credentials for dev-payjack-us-east-2-db",
            "force_overwrite_replica_secret": false,
            "id": "arn:aws:secretsmanager:us-east-2:975050283031:secret:dev-payjack-us-east-2-secret-payjack-db-secrtssss-MVMfQn",
            "kms_key_id": "",
            "name": "dev-payjack-us-east-2-secret-payjack-db-secrtssss",
            "name_prefix": "",
            "policy": "",
            "recovery_window_in_days": 30,
            "replica": [],
            "tags": {
              "Environment": "dev",
              "Managed_by": "terraform",
              "Name": "dev-payjack-us-east-2-db-secret",
              "Owner": "mimi",
              "Project": "payjack"
            },
            "tags_all": {
              "Environment": "dev",
              "Managed_by": "terraform",
              "Name": "dev-payjack-us-east-2-db-secret",
              "Owner": "mimi",
              "Project": "payjack"
            }
          },
          "sensitive_attributes": [],
          "private": "bnVsbA==",
          "dependencies": [
            "module.networking.aws_eip.nat_eip",
            "module.networking.aws_internet_gateway.igw",
            "module.networking.aws_nat_gateway.nat",
            "module.networking.aws_route_table.private",
            "module.networking.aws_route_table.public",
            "module.networking.aws_route_table_association.app_private",
            "module.networking.aws_route_table_association.db_private",
            "module.networking.aws_route_table_association.public",
            "module.networking.aws_ssm_parameter.app_private_subnet_ids",
            "module.networking.aws_ssm_parameter.db_private_subnet_ids",
            "module.networking.aws_ssm_parameter.igw_id",
            "module.networking.aws_ssm_parameter.nat_id",
            "module.networking.aws_ssm_parameter.private_rt_id",
            "module.networking.aws_ssm_parameter.public_rt_id",
            "module.networking.aws_ssm_parameter.public_subnet_ids",
            "module.networking.aws_ssm_parameter.vpc_id",
            "module.networking.aws_subnet.app_private",
            "module.networking.aws_subnet.db_private",
            "module.networking.aws_subnet.public",
            "module.networking.aws_vpc.main",
            "module.networking.data.aws_availability_zones.available",
            "module.networking.data.aws_ssm_parameter.app_private_subnet_ids",
            "module.networking.data.aws_ssm_parameter.db_private_subnet_ids",
            "module.networking.data.aws_ssm_parameter.public_subnet_ids",
            "module.networking.data.aws_ssm_parameter.vpc_id",
            "module.security.aws_security_group.admin_sg",
            "module.security.aws_security_group.alb_sg",
            "module.security.aws_security_group.asg_sg",
            "module.security.aws_security_group.elasticache_sg",
            "module.security.aws_security_group.kafka_sg",
            "module.security.aws_security_group.rds_sg",
            "module.security.aws_ssm_parameter.admin_sg_id",
            "module.security.aws_ssm_parameter.alb_sg_id",
            "module.security.aws_ssm_parameter.asg_sg_id",
            "module.security.aws_ssm_parameter.elasticache_sg_id",
            "module.security.aws_ssm_parameter.kafka_sg_id",
            "module.security.aws_ssm_parameter.rds_sg_id",
            "module.security.data.aws_ssm_parameter.vpc_id",
            "module.storage.aws_s3_bucket.alb_logs",
            "module.storage.aws_s3_bucket_logging.alb_logs",
            "module.storage.aws_s3_bucket_notification.alb_logs",
            "module.storage.aws_s3_bucket_policy.alb_logs",
            "module.storage.aws_s3_bucket_public_access_block.alb_logs",
            "module.storage.aws_s3_bucket_server_side_encryption_configuration.alb_logs",
            "module.storage.aws_s3_bucket_versioning.alb_logs",
            "module.storage.aws_ssm_parameter.alb_logs_bucket_name",
            "module.storage.data.aws_elb_service_account.main"
          ]
        }
      ]
    },
    {
      "module": "module.database",
      "mode": "managed",
      "type": "aws_secretsmanager_secret_version",
      "name": "rds",
      "provider": "provider[\"registry.terraform.io/hashicorp/aws\"]",
      "instances": [
        {
          "schema_version": 0,
          "attributes": {
            "arn": "arn:aws:secretsmanager:us-east-2:975050283031:secret:dev-payjack-us-east-2-secret-payjack-db-secrtssss-MVMfQn",
            "has_secret_string_wo": null,
            "id": "arn:aws:secretsmanager:us-east-2:975050283031:secret:dev-payjack-us-east-2-secret-payjack-db-secrtssss-MVMfQn|terraform-2025042107054504860000000a",
            "secret_binary": "",
            "secret_id": "arn:aws:secretsmanager:us-east-2:975050283031:secret:dev-payjack-us-east-2-secret-payjack-db-secrtssss-MVMfQn",
            "secret_string": "{\"password\":\"RWxB8F^h62ak14jZ\",\"username\":\"payjackadmin\"}",
            "secret_string_wo": null,
            "secret_string_wo_version": null,
            "version_id": "terraform-2025042107054504860000000a",
            "version_stages": [
              "AWSCURRENT"
            ]
          },
          "sensitive_attributes": [
            [
              {
                "type": "get_attr",
                "value": "secret_binary"
              }
            ],
            [
              {
                "type": "get_attr",
                "value": "secret_string_wo"
              }
            ],
            [
              {
                "type": "get_attr",
                "value": "secret_string"
              }
            ]
          ],
          "private": "bnVsbA==",
          "dependencies": [
            "module.database.aws_secretsmanager_secret.rds",
            "module.database.random_password.rds",
            "module.networking.aws_eip.nat_eip",
            "module.networking.aws_internet_gateway.igw",
            "module.networking.aws_nat_gateway.nat",
            "module.networking.aws_route_table.private",
            "module.networking.aws_route_table.public",
            "module.networking.aws_route_table_association.app_private",
            "module.networking.aws_route_table_association.db_private",
            "module.networking.aws_route_table_association.public",
            "module.networking.aws_ssm_parameter.app_private_subnet_ids",
            "module.networking.aws_ssm_parameter.db_private_subnet_ids",
            "module.networking.aws_ssm_parameter.igw_id",
            "module.networking.aws_ssm_parameter.nat_id",
            "module.networking.aws_ssm_parameter.private_rt_id",
            "module.networking.aws_ssm_parameter.public_rt_id",
            "module.networking.aws_ssm_parameter.public_subnet_ids",
            "module.networking.aws_ssm_parameter.vpc_id",
            "module.networking.aws_subnet.app_private",
            "module.networking.aws_subnet.db_private",
            "module.networking.aws_subnet.public",
            "module.networking.aws_vpc.main",
            "module.networking.data.aws_availability_zones.available",
            "module.networking.data.aws_ssm_parameter.app_private_subnet_ids",
            "module.networking.data.aws_ssm_parameter.db_private_subnet_ids",
            "module.networking.data.aws_ssm_parameter.public_subnet_ids",
            "module.networking.data.aws_ssm_parameter.vpc_id",
            "module.security.aws_security_group.admin_sg",
            "module.security.aws_security_group.alb_sg",
            "module.security.aws_security_group.asg_sg",
            "module.security.aws_security_group.elasticache_sg",
            "module.security.aws_security_group.kafka_sg",
            "module.security.aws_security_group.rds_sg",
            "module.security.aws_ssm_parameter.admin_sg_id",
            "module.security.aws_ssm_parameter.alb_sg_id",
            "module.security.aws_ssm_parameter.asg_sg_id",
            "module.security.aws_ssm_parameter.elasticache_sg_id",
            "module.security.aws_ssm_parameter.kafka_sg_id",
            "module.security.aws_ssm_parameter.rds_sg_id",
            "module.security.data.aws_ssm_parameter.vpc_id",
            "module.storage.aws_s3_bucket.alb_logs",
            "module.storage.aws_s3_bucket_logging.alb_logs",
            "module.storage.aws_s3_bucket_notification.alb_logs",
            "module.storage.aws_s3_bucket_policy.alb_logs",
            "module.storage.aws_s3_bucket_public_access_block.alb_logs",
            "module.storage.aws_s3_bucket_server_side_encryption_configuration.alb_logs",
            "module.storage.aws_s3_bucket_versioning.alb_logs",
            "module.storage.aws_ssm_parameter.alb_logs_bucket_name",
            "module.storage.data.aws_elb_service_account.main"
          ]
        }
      ]
    },
    {
      "module": "module.database",
      "mode": "managed",
      "type": "random_password",
      "name": "rds",
      "provider": "provider[\"registry.terraform.io/hashicorp/random\"]",
      "instances": [
        {
          "schema_version": 3,
          "attributes": {
            "bcrypt_hash": "$2a$10$R9MzOUXzRx.3kTycSSQR4OB75QvOgrZ8jItHVBBY8FK2vea8n1MUy",
            "id": "none",
            "keepers": null,
            "length": 16,
            "lower": true,
            "min_lower": 0,
            "min_numeric": 0,
            "min_special": 0,
            "min_upper": 0,
            "number": true,
            "numeric": true,
            "override_special": "_%#!$^\u0026*",
            "result": "RWxB8F^h62ak14jZ",
            "special": true,
            "upper": true
          },
          "sensitive_attributes": [
            [
              {
                "type": "get_attr",
                "value": "result"
              }
            ],
            [
              {
                "type": "get_attr",
                "value": "bcrypt_hash"
              }
            ]
          ],
          "dependencies": [
            "module.networking.aws_eip.nat_eip",
            "module.networking.aws_internet_gateway.igw",
            "module.networking.aws_nat_gateway.nat",
            "module.networking.aws_route_table.private",
            "module.networking.aws_route_table.public",
            "module.networking.aws_route_table_association.app_private",
            "module.networking.aws_route_table_association.db_private",
            "module.networking.aws_route_table_association.public",
            "module.networking.aws_ssm_parameter.app_private_subnet_ids",
            "module.networking.aws_ssm_parameter.db_private_subnet_ids",
            "module.networking.aws_ssm_parameter.igw_id",
            "module.networking.aws_ssm_parameter.nat_id",
            "module.networking.aws_ssm_parameter.private_rt_id",
            "module.networking.aws_ssm_parameter.public_rt_id",
            "module.networking.aws_ssm_parameter.public_subnet_ids",
            "module.networking.aws_ssm_parameter.vpc_id",
            "module.networking.aws_subnet.app_private",
            "module.networking.aws_subnet.db_private",
            "module.networking.aws_subnet.public",
            "module.networking.aws_vpc.main",
            "module.networking.data.aws_availability_zones.available",
            "module.networking.data.aws_ssm_parameter.app_private_subnet_ids",
            "module.networking.data.aws_ssm_parameter.db_private_subnet_ids",
            "module.networking.data.aws_ssm_parameter.public_subnet_ids",
            "module.networking.data.aws_ssm_parameter.vpc_id",
            "module.security.aws_security_group.admin_sg",
            "module.security.aws_security_group.alb_sg",
            "module.security.aws_security_group.asg_sg",
            "module.security.aws_security_group.elasticache_sg",
            "module.security.aws_security_group.kafka_sg",
            "module.security.aws_security_group.rds_sg",
            "module.security.aws_ssm_parameter.admin_sg_id",
            "module.security.aws_ssm_parameter.alb_sg_id",
            "module.security.aws_ssm_parameter.asg_sg_id",
            "module.security.aws_ssm_parameter.elasticache_sg_id",
            "module.security.aws_ssm_parameter.kafka_sg_id",
            "module.security.aws_ssm_parameter.rds_sg_id",
            "module.security.data.aws_ssm_parameter.vpc_id",
            "module.storage.aws_s3_bucket.alb_logs",
            "module.storage.aws_s3_bucket_logging.alb_logs",
            "module.storage.aws_s3_bucket_notification.alb_logs",
            "module.storage.aws_s3_bucket_policy.alb_logs",
            "module.storage.aws_s3_bucket_public_access_block.alb_logs",
            "module.storage.aws_s3_bucket_server_side_encryption_configuration.alb_logs",
            "module.storage.aws_s3_bucket_versioning.alb_logs",
            "module.storage.aws_ssm_parameter.alb_logs_bucket_name",
            "module.storage.data.aws_elb_service_account.main"
          ]
        }
      ]
    },
    {
      "module": "module.iam",
      "mode": "data",
      "type": "aws_iam_policy_document",
      "name": "ec2_assume_role",
      "provider": "provider[\"registry.terraform.io/hashicorp/aws\"]",
      "instances": [
        {
          "schema_version": 0,
          "attributes": {
            "id": "2851119427",
            "json": "{\n  \"Version\": \"2012-10-17\",\n  \"Statement\": [\n    {\n      \"Effect\": \"Allow\",\n      \"Action\": \"sts:AssumeRole\",\n      \"Principal\": {\n        \"Service\": \"ec2.amazonaws.com\"\n      }\n    }\n  ]\n}",
            "minified_json": "{\"Version\":\"2012-10-17\",\"Statement\":[{\"Effect\":\"Allow\",\"Action\":\"sts:AssumeRole\",\"Principal\":{\"Service\":\"ec2.amazonaws.com\"}}]}",
            "override_json": null,
            "override_policy_documents": null,
            "policy_id": null,
            "source_json": null,
            "source_policy_documents": null,
            "statement": [
              {
                "actions": [
                  "sts:AssumeRole"
                ],
                "condition": [],
                "effect": "Allow",
                "not_actions": [],
                "not_principals": [],
                "not_resources": [],
                "principals": [
                  {
                    "identifiers": [
                      "ec2.amazonaws.com"
                    ],
                    "type": "Service"
                  }
                ],
                "resources": [],
                "sid": ""
              }
            ],
            "version": "2012-10-17"
          },
          "sensitive_attributes": []
        }
      ]
    },
    {
      "module": "module.iam",
      "mode": "managed",
      "type": "aws_iam_instance_profile",
      "name": "admin_profile",
      "provider": "provider[\"registry.terraform.io/hashicorp/aws\"]",
      "instances": [
        {
          "schema_version": 0,
          "attributes": {
            "arn": "arn:aws:iam::975050283031:instance-profile/dev-payjack-us-east-2-admin-profile",
            "create_date": "2025-04-21T07:02:22Z",
            "id": "dev-payjack-us-east-2-admin-profile",
            "name": "dev-payjack-us-east-2-admin-profile",
            "name_prefix": "",
            "path": "/",
            "role": "admin-ssm-role",
            "tags": null,
            "tags_all": {},
            "unique_id": "AIPA6GBMGTALV34SBD7G2"
          },
          "sensitive_attributes": [],
          "private": "bnVsbA==",
          "dependencies": [
            "module.iam.aws_iam_role.admin_role",
            "module.iam.data.aws_iam_policy_document.ec2_assume_role"
          ]
        }
      ]
    },
    {
      "module": "module.iam",
      "mode": "managed",
      "type": "aws_iam_role",
      "name": "admin_role",
      "provider": "provider[\"registry.terraform.io/hashicorp/aws\"]",
      "instances": [
        {
          "schema_version": 0,
          "attributes": {
            "arn": "arn:aws:iam::975050283031:role/admin-ssm-role",
            "assume_role_policy": "{\"Statement\":[{\"Action\":\"sts:AssumeRole\",\"Effect\":\"Allow\",\"Principal\":{\"Service\":\"ec2.amazonaws.com\"}}],\"Version\":\"2012-10-17\"}",
            "create_date": "2025-04-21T07:02:20Z",
            "description": "",
            "force_detach_policies": false,
            "id": "admin-ssm-role",
            "inline_policy": [],
            "managed_policy_arns": [],
            "max_session_duration": 3600,
            "name": "admin-ssm-role",
            "name_prefix": "",
            "path": "/",
            "permissions_boundary": "",
            "tags": null,
            "tags_all": {},
            "unique_id": "AROA6GBMGTAL2ARUAEO4F"
          },
          "sensitive_attributes": [],
          "private": "bnVsbA==",
          "dependencies": [
            "module.iam.data.aws_iam_policy_document.ec2_assume_role"
          ]
        }
      ]
    },
    {
      "module": "module.iam",
      "mode": "managed",
      "type": "aws_iam_role_policy_attachment",
      "name": "admin_managed_ssm",
      "provider": "provider[\"registry.terraform.io/hashicorp/aws\"]",
      "instances": [
        {
          "index_key": "arn:aws:iam::aws:policy/AWSBudgetsActionsWithAWSResourceControlAccess",
          "schema_version": 0,
          "attributes": {
            "id": "admin-ssm-role-20250421070223101600000004",
            "policy_arn": "arn:aws:iam::aws:policy/AWSBudgetsActionsWithAWSResourceControlAccess",
            "role": "admin-ssm-role"
          },
          "sensitive_attributes": [],
          "private": "bnVsbA==",
          "dependencies": [
            "module.iam.aws_iam_role.admin_role",
            "module.iam.data.aws_iam_policy_document.ec2_assume_role"
          ]
        },
        {
          "index_key": "arn:aws:iam::aws:policy/AmazonSSMFullAccess",
          "schema_version": 0,
          "attributes": {
            "id": "admin-ssm-role-20250421070222372600000001",
            "policy_arn": "arn:aws:iam::aws:policy/AmazonSSMFullAccess",
            "role": "admin-ssm-role"
          },
          "sensitive_attributes": [],
          "private": "bnVsbA==",
          "dependencies": [
            "module.iam.aws_iam_role.admin_role",
            "module.iam.data.aws_iam_policy_document.ec2_assume_role"
          ]
        },
        {
          "index_key": "arn:aws:iam::aws:policy/AmazonSSMManagedInstanceCore",
          "schema_version": 0,
          "attributes": {
            "id": "admin-ssm-role-20250421070222927900000003",
            "policy_arn": "arn:aws:iam::aws:policy/AmazonSSMManagedInstanceCore",
            "role": "admin-ssm-role"
          },
          "sensitive_attributes": [],
          "private": "bnVsbA==",
          "dependencies": [
            "module.iam.aws_iam_role.admin_role",
            "module.iam.data.aws_iam_policy_document.ec2_assume_role"
          ]
        },
        {
          "index_key": "arn:aws:iam::aws:policy/service-role/AmazonEC2RoleforSSM",
          "schema_version": 0,
          "attributes": {
            "id": "admin-ssm-role-20250421070223218800000005",
            "policy_arn": "arn:aws:iam::aws:policy/service-role/AmazonEC2RoleforSSM",
            "role": "admin-ssm-role"
          },
          "sensitive_attributes": [],
          "private": "bnVsbA==",
          "dependencies": [
            "module.iam.aws_iam_role.admin_role",
            "module.iam.data.aws_iam_policy_document.ec2_assume_role"
          ]
        },
        {
          "index_key": "arn:aws:iam::aws:policy/service-role/AmazonSSMMaintenanceWindowRole",
          "schema_version": 0,
          "attributes": {
            "id": "admin-ssm-role-20250421070222640000000002",
            "policy_arn": "arn:aws:iam::aws:policy/service-role/AmazonSSMMaintenanceWindowRole",
            "role": "admin-ssm-role"
          },
          "sensitive_attributes": [],
          "private": "bnVsbA==",
          "dependencies": [
            "module.iam.aws_iam_role.admin_role",
            "module.iam.data.aws_iam_policy_document.ec2_assume_role"
          ]
        }
      ]
    },
    {
      "module": "module.load_balancer",
      "mode": "data",
      "type": "aws_availability_zones",
      "name": "available",
      "provider": "provider[\"registry.terraform.io/hashicorp/aws\"]",
      "instances": [
        {
          "schema_version": 0,
          "attributes": {
            "all_availability_zones": null,
            "exclude_names": null,
            "exclude_zone_ids": null,
            "filter": null,
            "group_names": [
              "us-east-2-zg-1"
            ],
            "id": "us-east-2",
            "names": [
              "us-east-2a",
              "us-east-2b",
              "us-east-2c"
            ],
            "state": "available",
            "timeouts": null,
            "zone_ids": [
              "use2-az1",
              "use2-az2",
              "use2-az3"
            ]
          },
          "sensitive_attributes": []
        }
      ]
    },
    {
      "module": "module.load_balancer",
      "mode": "data",
      "type": "aws_s3_bucket",
      "name": "alb_logs",
      "provider": "provider[\"registry.terraform.io/hashicorp/aws\"]",
      "instances": [
        {
          "schema_version": 0,
          "attributes": {
            "arn": "arn:aws:s3:::dev-payjack-us-east-2-alb-logs-bucket",
            "bucket": "dev-payjack-us-east-2-alb-logs-bucket",
            "bucket_domain_name": "dev-payjack-us-east-2-alb-logs-bucket.s3.amazonaws.com",
            "bucket_regional_domain_name": "dev-payjack-us-east-2-alb-logs-bucket.s3.us-east-2.amazonaws.com",
            "hosted_zone_id": "Z2O1EMRO9K5GLX",
            "id": "dev-payjack-us-east-2-alb-logs-bucket",
            "region": "us-east-2",
            "website_domain": null,
            "website_endpoint": null
          },
          "sensitive_attributes": []
        }
      ]
    },
    {
      "module": "module.load_balancer",
      "mode": "data",
      "type": "aws_ssm_parameter",
      "name": "alb_sg_id",
      "provider": "provider[\"registry.terraform.io/hashicorp/aws\"]",
      "instances": [
        {
          "schema_version": 0,
          "attributes": {
            "arn": "arn:aws:ssm:us-east-2:975050283031:parameter/dev-payjack-us-east-2/alb_sg_id",
            "id": "/dev-payjack-us-east-2/alb_sg_id",
            "insecure_value": "sg-05e8bc5a9ad01314a",
            "name": "/dev-payjack-us-east-2/alb_sg_id",
            "type": "String",
            "value": "sg-05e8bc5a9ad01314a",
            "version": 1,
            "with_decryption": true
          },
          "sensitive_attributes": [
            [
              {
                "type": "get_attr",
                "value": "value"
              }
            ]
          ]
        }
      ]
    },
    {
      "module": "module.load_balancer",
      "mode": "data",
      "type": "aws_ssm_parameter",
      "name": "public_subnet_ids",
      "provider": "provider[\"registry.terraform.io/hashicorp/aws\"]",
      "instances": [
        {
          "schema_version": 0,
          "attributes": {
            "arn": "arn:aws:ssm:us-east-2:975050283031:parameter/dev-payjack-us-east-2/public_subnet_ids",
            "id": "/dev-payjack-us-east-2/public_subnet_ids",
            "insecure_value": "subnet-0ffd420295d8a7862,subnet-0959815156bfbe293,subnet-0039aa7acfe132049",
            "name": "/dev-payjack-us-east-2/public_subnet_ids",
            "type": "StringList",
            "value": "subnet-0ffd420295d8a7862,subnet-0959815156bfbe293,subnet-0039aa7acfe132049",
            "version": 1,
            "with_decryption": true
          },
          "sensitive_attributes": [
            [
              {
                "type": "get_attr",
                "value": "value"
              }
            ]
          ]
        }
      ]
    },
    {
      "module": "module.load_balancer",
      "mode": "data",
      "type": "aws_ssm_parameter",
      "name": "vpc_id",
      "provider": "provider[\"registry.terraform.io/hashicorp/aws\"]",
      "instances": [
        {
          "schema_version": 0,
          "attributes": {
            "arn": "arn:aws:ssm:us-east-2:975050283031:parameter/dev-payjack-us-east-2/vpc_id",
            "id": "/dev-payjack-us-east-2/vpc_id",
            "insecure_value": "",
            "name": "/dev-payjack-us-east-2/vpc_id",
            "type": "SecureString",
            "value": "vpc-03ad51840c66d2b86",
            "version": 1,
            "with_decryption": true
          },
          "sensitive_attributes": [
            [
              {
                "type": "get_attr",
                "value": "value"
              }
            ]
          ]
        }
      ]
    },
    {
      "module": "module.load_balancer",
      "mode": "managed",
      "type": "aws_lb",
      "name": "alb",
      "provider": "provider[\"registry.terraform.io/hashicorp/aws\"]",
      "instances": [
        {
          "schema_version": 0,
          "attributes": {
            "access_logs": [
              {
                "bucket": "dev-payjack-us-east-2-alb-logs-bucket",
                "enabled": true,
                "prefix": "dev"
              }
            ],
            "arn": "arn:aws:elasticloadbalancing:us-east-2:975050283031:loadbalancer/app/dev-payjack-us-east-2-alb/3ecaf6d34899b3a7",
            "arn_suffix": "app/dev-payjack-us-east-2-alb/3ecaf6d34899b3a7",
            "client_keep_alive": 3600,
            "connection_logs": [
              {
                "bucket": "",
                "enabled": false,
                "prefix": ""
              }
            ],
            "customer_owned_ipv4_pool": "",
            "desync_mitigation_mode": "defensive",
            "dns_name": "dev-payjack-us-east-2-alb-231127469.us-east-2.elb.amazonaws.com",
            "dns_record_client_routing_policy": null,
            "drop_invalid_header_fields": true,
            "enable_cross_zone_load_balancing": true,
            "enable_deletion_protection": false,
            "enable_http2": true,
            "enable_tls_version_and_cipher_suite_headers": false,
            "enable_waf_fail_open": false,
            "enable_xff_client_port": false,
            "enable_zonal_shift": false,
            "enforce_security_group_inbound_rules_on_private_link_traffic": "",
            "id": "arn:aws:elasticloadbalancing:us-east-2:975050283031:loadbalancer/app/dev-payjack-us-east-2-alb/3ecaf6d34899b3a7",
            "idle_timeout": 60,
            "internal": false,
            "ip_address_type": "ipv4",
            "ipam_pools": [],
            "load_balancer_type": "application",
            "name": "dev-payjack-us-east-2-alb",
            "name_prefix": "",
            "preserve_host_header": false,
            "security_groups": [
              "sg-05e8bc5a9ad01314a"
            ],
            "subnet_mapping": [
              {
                "allocation_id": "",
                "ipv6_address": "",
                "outpost_id": "",
                "private_ipv4_address": "",
                "subnet_id": "subnet-0039aa7acfe132049"
              },
              {
                "allocation_id": "",
                "ipv6_address": "",
                "outpost_id": "",
                "private_ipv4_address": "",
                "subnet_id": "subnet-0959815156bfbe293"
              },
              {
                "allocation_id": "",
                "ipv6_address": "",
                "outpost_id": "",
                "private_ipv4_address": "",
                "subnet_id": "subnet-0ffd420295d8a7862"
              }
            ],
            "subnets": [
              "subnet-0039aa7acfe132049",
              "subnet-0959815156bfbe293",
              "subnet-0ffd420295d8a7862"
            ],
            "tags": {
              "Environment": "dev",
              "Managed_by": "terraform",
              "Name": "dev-payjack-us-east-2-alb",
              "Owner": "mimi",
              "Project": "payjack"
            },
            "tags_all": {
              "Environment": "dev",
              "Managed_by": "terraform",
              "Name": "dev-payjack-us-east-2-alb",
              "Owner": "mimi",
              "Project": "payjack"
            },
            "timeouts": null,
            "vpc_id": "vpc-03ad51840c66d2b86",
            "xff_header_processing_mode": "append",
            "zone_id": "Z3AADJGX6KTTL2"
          },
          "sensitive_attributes": [
            [
              {
                "type": "get_attr",
                "value": "subnets"
              }
            ],
            [
              {
                "type": "get_attr",
                "value": "security_groups"
              }
            ]
          ],
          "private": "eyJlMmJmYjczMC1lY2FhLTExZTYtOGY4OC0zNDM2M2JjN2M0YzAiOnsiY3JlYXRlIjo2MDAwMDAwMDAwMDAsImRlbGV0ZSI6NjAwMDAwMDAwMDAwLCJ1cGRhdGUiOjYwMDAwMDAwMDAwMH19",
          "dependencies": [
            "module.load_balancer.data.aws_s3_bucket.alb_logs",
            "module.load_balancer.data.aws_ssm_parameter.alb_sg_id",
            "module.load_balancer.data.aws_ssm_parameter.public_subnet_ids",
            "module.networking.aws_eip.nat_eip",
            "module.networking.aws_internet_gateway.igw",
            "module.networking.aws_nat_gateway.nat",
            "module.networking.aws_route_table.private",
            "module.networking.aws_route_table.public",
            "module.networking.aws_route_table_association.app_private",
            "module.networking.aws_route_table_association.db_private",
            "module.networking.aws_route_table_association.public",
            "module.networking.aws_ssm_parameter.app_private_subnet_ids",
            "module.networking.aws_ssm_parameter.db_private_subnet_ids",
            "module.networking.aws_ssm_parameter.igw_id",
            "module.networking.aws_ssm_parameter.nat_id",
            "module.networking.aws_ssm_parameter.private_rt_id",
            "module.networking.aws_ssm_parameter.public_rt_id",
            "module.networking.aws_ssm_parameter.public_subnet_ids",
            "module.networking.aws_ssm_parameter.vpc_id",
            "module.networking.aws_subnet.app_private",
            "module.networking.aws_subnet.db_private",
            "module.networking.aws_subnet.public",
            "module.networking.aws_vpc.main",
            "module.networking.data.aws_availability_zones.available",
            "module.networking.data.aws_ssm_parameter.app_private_subnet_ids",
            "module.networking.data.aws_ssm_parameter.db_private_subnet_ids",
            "module.networking.data.aws_ssm_parameter.public_subnet_ids",
            "module.networking.data.aws_ssm_parameter.vpc_id",
            "module.security.aws_security_group.admin_sg",
            "module.security.aws_security_group.alb_sg",
            "module.security.aws_security_group.asg_sg",
            "module.security.aws_security_group.elasticache_sg",
            "module.security.aws_security_group.kafka_sg",
            "module.security.aws_security_group.rds_sg",
            "module.security.aws_ssm_parameter.admin_sg_id",
            "module.security.aws_ssm_parameter.alb_sg_id",
            "module.security.aws_ssm_parameter.asg_sg_id",
            "module.security.aws_ssm_parameter.elasticache_sg_id",
            "module.security.aws_ssm_parameter.kafka_sg_id",
            "module.security.aws_ssm_parameter.rds_sg_id",
            "module.security.data.aws_ssm_parameter.vpc_id",
            "module.storage.aws_s3_bucket.alb_logs",
            "module.storage.aws_s3_bucket_logging.alb_logs",
            "module.storage.aws_s3_bucket_notification.alb_logs",
            "module.storage.aws_s3_bucket_policy.alb_logs",
            "module.storage.aws_s3_bucket_public_access_block.alb_logs",
            "module.storage.aws_s3_bucket_server_side_encryption_configuration.alb_logs",
            "module.storage.aws_s3_bucket_versioning.alb_logs",
            "module.storage.aws_ssm_parameter.alb_logs_bucket_name",
            "module.storage.data.aws_elb_service_account.main"
          ]
        }
      ]
    },
    {
      "module": "module.load_balancer",
      "mode": "managed",
      "type": "aws_lb_target_group",
      "name": "alb_target_group",
      "provider": "provider[\"registry.terraform.io/hashicorp/aws\"]",
      "instances": [
        {
          "schema_version": 0,
          "attributes": {
            "arn": "arn:aws:elasticloadbalancing:us-east-2:975050283031:targetgroup/dev-payjack-us-east-2-tg/393c2cb1bd1dc984",
            "arn_suffix": "targetgroup/dev-payjack-us-east-2-tg/393c2cb1bd1dc984",
            "connection_termination": null,
            "deregistration_delay": "300",
            "health_check": [
              {
                "enabled": true,
                "healthy_threshold": 2,
                "interval": 30,
                "matcher": "200",
                "path": "/",
                "port": "traffic-port",
                "protocol": "HTTP",
                "timeout": 5,
                "unhealthy_threshold": 2
              }
            ],
            "id": "arn:aws:elasticloadbalancing:us-east-2:975050283031:targetgroup/dev-payjack-us-east-2-tg/393c2cb1bd1dc984",
            "ip_address_type": "ipv4",
            "lambda_multi_value_headers_enabled": false,
            "load_balancer_arns": [],
            "load_balancing_algorithm_type": "round_robin",
            "load_balancing_anomaly_mitigation": "off",
            "load_balancing_cross_zone_enabled": "use_load_balancer_configuration",
            "name": "dev-payjack-us-east-2-tg",
            "name_prefix": "",
            "port": 80,
            "preserve_client_ip": null,
            "protocol": "HTTP",
            "protocol_version": "HTTP1",
            "proxy_protocol_v2": false,
            "slow_start": 0,
            "stickiness": [
              {
                "cookie_duration": 86400,
                "cookie_name": "",
                "enabled": false,
                "type": "lb_cookie"
              }
            ],
            "tags": {
              "Environment": "dev",
              "Managed_by": "terraform",
              "Name": "dev-payjack-us-east-2-tg",
              "Owner": "mimi",
              "Project": "payjack"
            },
            "tags_all": {
              "Environment": "dev",
              "Managed_by": "terraform",
              "Name": "dev-payjack-us-east-2-tg",
              "Owner": "mimi",
              "Project": "payjack"
            },
            "target_failover": [
              {
                "on_deregistration": null,
                "on_unhealthy": null
              }
            ],
            "target_group_health": [
              {
                "dns_failover": [
                  {
                    "minimum_healthy_targets_count": "1",
                    "minimum_healthy_targets_percentage": "off"
                  }
                ],
                "unhealthy_state_routing": [
                  {
                    "minimum_healthy_targets_count": 1,
                    "minimum_healthy_targets_percentage": "off"
                  }
                ]
              }
            ],
            "target_health_state": [
              {
                "enable_unhealthy_connection_termination": null,
                "unhealthy_draining_interval": null
              }
            ],
            "target_type": "instance",
            "vpc_id": "vpc-03ad51840c66d2b86"
          },
          "sensitive_attributes": [
            [
              {
                "type": "get_attr",
                "value": "vpc_id"
              }
            ]
          ],
          "private": "bnVsbA==",
          "dependencies": [
            "module.load_balancer.data.aws_ssm_parameter.vpc_id",
            "module.networking.aws_eip.nat_eip",
            "module.networking.aws_internet_gateway.igw",
            "module.networking.aws_nat_gateway.nat",
            "module.networking.aws_route_table.private",
            "module.networking.aws_route_table.public",
            "module.networking.aws_route_table_association.app_private",
            "module.networking.aws_route_table_association.db_private",
            "module.networking.aws_route_table_association.public",
            "module.networking.aws_ssm_parameter.app_private_subnet_ids",
            "module.networking.aws_ssm_parameter.db_private_subnet_ids",
            "module.networking.aws_ssm_parameter.igw_id",
            "module.networking.aws_ssm_parameter.nat_id",
            "module.networking.aws_ssm_parameter.private_rt_id",
            "module.networking.aws_ssm_parameter.public_rt_id",
            "module.networking.aws_ssm_parameter.public_subnet_ids",
            "module.networking.aws_ssm_parameter.vpc_id",
            "module.networking.aws_subnet.app_private",
            "module.networking.aws_subnet.db_private",
            "module.networking.aws_subnet.public",
            "module.networking.aws_vpc.main",
            "module.networking.data.aws_availability_zones.available",
            "module.networking.data.aws_ssm_parameter.app_private_subnet_ids",
            "module.networking.data.aws_ssm_parameter.db_private_subnet_ids",
            "module.networking.data.aws_ssm_parameter.public_subnet_ids",
            "module.networking.data.aws_ssm_parameter.vpc_id",
            "module.security.aws_security_group.admin_sg",
            "module.security.aws_security_group.alb_sg",
            "module.security.aws_security_group.asg_sg",
            "module.security.aws_security_group.elasticache_sg",
            "module.security.aws_security_group.kafka_sg",
            "module.security.aws_security_group.rds_sg",
            "module.security.aws_ssm_parameter.admin_sg_id",
            "module.security.aws_ssm_parameter.alb_sg_id",
            "module.security.aws_ssm_parameter.asg_sg_id",
            "module.security.aws_ssm_parameter.elasticache_sg_id",
            "module.security.aws_ssm_parameter.kafka_sg_id",
            "module.security.aws_ssm_parameter.rds_sg_id",
            "module.security.data.aws_ssm_parameter.vpc_id",
            "module.storage.aws_s3_bucket.alb_logs",
            "module.storage.aws_s3_bucket_logging.alb_logs",
            "module.storage.aws_s3_bucket_notification.alb_logs",
            "module.storage.aws_s3_bucket_policy.alb_logs",
            "module.storage.aws_s3_bucket_public_access_block.alb_logs",
            "module.storage.aws_s3_bucket_server_side_encryption_configuration.alb_logs",
            "module.storage.aws_s3_bucket_versioning.alb_logs",
            "module.storage.aws_ssm_parameter.alb_logs_bucket_name",
            "module.storage.data.aws_elb_service_account.main"
          ],
          "create_before_destroy": true
        }
      ]
    },
    {
      "module": "module.load_balancer",
      "mode": "managed",
      "type": "aws_ssm_parameter",
      "name": "alb_arn",
      "provider": "provider[\"registry.terraform.io/hashicorp/aws\"]",
      "instances": [
        {
          "schema_version": 0,
          "attributes": {
            "allowed_pattern": "",
            "arn": "arn:aws:ssm:us-east-2:975050283031:parameter/dev-payjack-us-east-2/alb_arn",
            "data_type": "text",
            "description": "",
            "has_value_wo": null,
            "id": "/dev-payjack-us-east-2/alb_arn",
            "insecure_value": null,
            "key_id": "",
            "name": "/dev-payjack-us-east-2/alb_arn",
            "overwrite": null,
            "tags": {
              "Environment": "dev",
              "Managed_by": "terraform",
              "Owner": "mimi",
              "Project": "payjack"
            },
            "tags_all": {
              "Environment": "dev",
              "Managed_by": "terraform",
              "Owner": "mimi",
              "Project": "payjack"
            },
            "tier": "Standard",
            "type": "String",
            "value": "arn:aws:elasticloadbalancing:us-east-2:975050283031:loadbalancer/app/dev-payjack-us-east-2-alb/3ecaf6d34899b3a7",
            "value_wo": null,
            "value_wo_version": null,
            "version": 1
          },
          "sensitive_attributes": [
            [
              {
                "type": "get_attr",
                "value": "value_wo"
              }
            ],
            [
              {
                "type": "get_attr",
                "value": "value"
              }
            ]
          ],
          "private": "bnVsbA==",
          "dependencies": [
            "module.load_balancer.aws_lb.alb",
            "module.load_balancer.data.aws_s3_bucket.alb_logs",
            "module.load_balancer.data.aws_ssm_parameter.alb_sg_id",
            "module.load_balancer.data.aws_ssm_parameter.public_subnet_ids",
            "module.networking.aws_eip.nat_eip",
            "module.networking.aws_internet_gateway.igw",
            "module.networking.aws_nat_gateway.nat",
            "module.networking.aws_route_table.private",
            "module.networking.aws_route_table.public",
            "module.networking.aws_route_table_association.app_private",
            "module.networking.aws_route_table_association.db_private",
            "module.networking.aws_route_table_association.public",
            "module.networking.aws_ssm_parameter.app_private_subnet_ids",
            "module.networking.aws_ssm_parameter.db_private_subnet_ids",
            "module.networking.aws_ssm_parameter.igw_id",
            "module.networking.aws_ssm_parameter.nat_id",
            "module.networking.aws_ssm_parameter.private_rt_id",
            "module.networking.aws_ssm_parameter.public_rt_id",
            "module.networking.aws_ssm_parameter.public_subnet_ids",
            "module.networking.aws_ssm_parameter.vpc_id",
            "module.networking.aws_subnet.app_private",
            "module.networking.aws_subnet.db_private",
            "module.networking.aws_subnet.public",
            "module.networking.aws_vpc.main",
            "module.networking.data.aws_availability_zones.available",
            "module.networking.data.aws_ssm_parameter.app_private_subnet_ids",
            "module.networking.data.aws_ssm_parameter.db_private_subnet_ids",
            "module.networking.data.aws_ssm_parameter.public_subnet_ids",
            "module.networking.data.aws_ssm_parameter.vpc_id",
            "module.security.aws_security_group.admin_sg",
            "module.security.aws_security_group.alb_sg",
            "module.security.aws_security_group.asg_sg",
            "module.security.aws_security_group.elasticache_sg",
            "module.security.aws_security_group.kafka_sg",
            "module.security.aws_security_group.rds_sg",
            "module.security.aws_ssm_parameter.admin_sg_id",
            "module.security.aws_ssm_parameter.alb_sg_id",
            "module.security.aws_ssm_parameter.asg_sg_id",
            "module.security.aws_ssm_parameter.elasticache_sg_id",
            "module.security.aws_ssm_parameter.kafka_sg_id",
            "module.security.aws_ssm_parameter.rds_sg_id",
            "module.security.data.aws_ssm_parameter.vpc_id",
            "module.storage.aws_s3_bucket.alb_logs",
            "module.storage.aws_s3_bucket_logging.alb_logs",
            "module.storage.aws_s3_bucket_notification.alb_logs",
            "module.storage.aws_s3_bucket_policy.alb_logs",
            "module.storage.aws_s3_bucket_public_access_block.alb_logs",
            "module.storage.aws_s3_bucket_server_side_encryption_configuration.alb_logs",
            "module.storage.aws_s3_bucket_versioning.alb_logs",
            "module.storage.aws_ssm_parameter.alb_logs_bucket_name",
            "module.storage.data.aws_elb_service_account.main"
          ]
        }
      ]
    },
    {
      "module": "module.load_balancer",
      "mode": "managed",
      "type": "aws_ssm_parameter",
      "name": "alb_dns_name",
      "provider": "provider[\"registry.terraform.io/hashicorp/aws\"]",
      "instances": [
        {
          "schema_version": 0,
          "attributes": {
            "allowed_pattern": "",
            "arn": "arn:aws:ssm:us-east-2:975050283031:parameter/dev-payjack-us-east-2/alb_dns_name",
            "data_type": "text",
            "description": "",
            "has_value_wo": null,
            "id": "/dev-payjack-us-east-2/alb_dns_name",
            "insecure_value": null,
            "key_id": "",
            "name": "/dev-payjack-us-east-2/alb_dns_name",
            "overwrite": null,
            "tags": {
              "Environment": "dev",
              "Managed_by": "terraform",
              "Owner": "mimi",
              "Project": "payjack"
            },
            "tags_all": {
              "Environment": "dev",
              "Managed_by": "terraform",
              "Owner": "mimi",
              "Project": "payjack"
            },
            "tier": "Standard",
            "type": "String",
            "value": "dev-payjack-us-east-2-alb-231127469.us-east-2.elb.amazonaws.com",
            "value_wo": null,
            "value_wo_version": null,
            "version": 1
          },
          "sensitive_attributes": [
            [
              {
                "type": "get_attr",
                "value": "value"
              }
            ],
            [
              {
                "type": "get_attr",
                "value": "value_wo"
              }
            ]
          ],
          "private": "bnVsbA==",
          "dependencies": [
            "module.load_balancer.aws_lb.alb",
            "module.load_balancer.data.aws_s3_bucket.alb_logs",
            "module.load_balancer.data.aws_ssm_parameter.alb_sg_id",
            "module.load_balancer.data.aws_ssm_parameter.public_subnet_ids",
            "module.networking.aws_eip.nat_eip",
            "module.networking.aws_internet_gateway.igw",
            "module.networking.aws_nat_gateway.nat",
            "module.networking.aws_route_table.private",
            "module.networking.aws_route_table.public",
            "module.networking.aws_route_table_association.app_private",
            "module.networking.aws_route_table_association.db_private",
            "module.networking.aws_route_table_association.public",
            "module.networking.aws_ssm_parameter.app_private_subnet_ids",
            "module.networking.aws_ssm_parameter.db_private_subnet_ids",
            "module.networking.aws_ssm_parameter.igw_id",
            "module.networking.aws_ssm_parameter.nat_id",
            "module.networking.aws_ssm_parameter.private_rt_id",
            "module.networking.aws_ssm_parameter.public_rt_id",
            "module.networking.aws_ssm_parameter.public_subnet_ids",
            "module.networking.aws_ssm_parameter.vpc_id",
            "module.networking.aws_subnet.app_private",
            "module.networking.aws_subnet.db_private",
            "module.networking.aws_subnet.public",
            "module.networking.aws_vpc.main",
            "module.networking.data.aws_availability_zones.available",
            "module.networking.data.aws_ssm_parameter.app_private_subnet_ids",
            "module.networking.data.aws_ssm_parameter.db_private_subnet_ids",
            "module.networking.data.aws_ssm_parameter.public_subnet_ids",
            "module.networking.data.aws_ssm_parameter.vpc_id",
            "module.security.aws_security_group.admin_sg",
            "module.security.aws_security_group.alb_sg",
            "module.security.aws_security_group.asg_sg",
            "module.security.aws_security_group.elasticache_sg",
            "module.security.aws_security_group.kafka_sg",
            "module.security.aws_security_group.rds_sg",
            "module.security.aws_ssm_parameter.admin_sg_id",
            "module.security.aws_ssm_parameter.alb_sg_id",
            "module.security.aws_ssm_parameter.asg_sg_id",
            "module.security.aws_ssm_parameter.elasticache_sg_id",
            "module.security.aws_ssm_parameter.kafka_sg_id",
            "module.security.aws_ssm_parameter.rds_sg_id",
            "module.security.data.aws_ssm_parameter.vpc_id",
            "module.storage.aws_s3_bucket.alb_logs",
            "module.storage.aws_s3_bucket_logging.alb_logs",
            "module.storage.aws_s3_bucket_notification.alb_logs",
            "module.storage.aws_s3_bucket_policy.alb_logs",
            "module.storage.aws_s3_bucket_public_access_block.alb_logs",
            "module.storage.aws_s3_bucket_server_side_encryption_configuration.alb_logs",
            "module.storage.aws_s3_bucket_versioning.alb_logs",
            "module.storage.aws_ssm_parameter.alb_logs_bucket_name",
            "module.storage.data.aws_elb_service_account.main"
          ]
        }
      ]
    },
    {
      "module": "module.load_balancer",
      "mode": "managed",
      "type": "aws_ssm_parameter",
      "name": "alb_target_group_arn",
      "provider": "provider[\"registry.terraform.io/hashicorp/aws\"]",
      "instances": [
        {
          "schema_version": 0,
          "attributes": {
            "allowed_pattern": "",
            "arn": "arn:aws:ssm:us-east-2:975050283031:parameter/dev-payjack-us-east-2/alb_target_group_arn",
            "data_type": "text",
            "description": "",
            "has_value_wo": null,
            "id": "/dev-payjack-us-east-2/alb_target_group_arn",
            "insecure_value": null,
            "key_id": "",
            "name": "/dev-payjack-us-east-2/alb_target_group_arn",
            "overwrite": null,
            "tags": {
              "Environment": "dev",
              "Managed_by": "terraform",
              "Owner": "mimi",
              "Project": "payjack"
            },
            "tags_all": {
              "Environment": "dev",
              "Managed_by": "terraform",
              "Owner": "mimi",
              "Project": "payjack"
            },
            "tier": "Standard",
            "type": "String",
            "value": "arn:aws:elasticloadbalancing:us-east-2:975050283031:targetgroup/dev-payjack-us-east-2-tg/393c2cb1bd1dc984",
            "value_wo": null,
            "value_wo_version": null,
            "version": 1
          },
          "sensitive_attributes": [
            [
              {
                "type": "get_attr",
                "value": "value_wo"
              }
            ],
            [
              {
                "type": "get_attr",
                "value": "value"
              }
            ]
          ],
          "private": "bnVsbA==",
          "dependencies": [
            "module.load_balancer.aws_lb_target_group.alb_target_group",
            "module.load_balancer.data.aws_ssm_parameter.vpc_id",
            "module.networking.aws_eip.nat_eip",
            "module.networking.aws_internet_gateway.igw",
            "module.networking.aws_nat_gateway.nat",
            "module.networking.aws_route_table.private",
            "module.networking.aws_route_table.public",
            "module.networking.aws_route_table_association.app_private",
            "module.networking.aws_route_table_association.db_private",
            "module.networking.aws_route_table_association.public",
            "module.networking.aws_ssm_parameter.app_private_subnet_ids",
            "module.networking.aws_ssm_parameter.db_private_subnet_ids",
            "module.networking.aws_ssm_parameter.igw_id",
            "module.networking.aws_ssm_parameter.nat_id",
            "module.networking.aws_ssm_parameter.private_rt_id",
            "module.networking.aws_ssm_parameter.public_rt_id",
            "module.networking.aws_ssm_parameter.public_subnet_ids",
            "module.networking.aws_ssm_parameter.vpc_id",
            "module.networking.aws_subnet.app_private",
            "module.networking.aws_subnet.db_private",
            "module.networking.aws_subnet.public",
            "module.networking.aws_vpc.main",
            "module.networking.data.aws_availability_zones.available",
            "module.networking.data.aws_ssm_parameter.app_private_subnet_ids",
            "module.networking.data.aws_ssm_parameter.db_private_subnet_ids",
            "module.networking.data.aws_ssm_parameter.public_subnet_ids",
            "module.networking.data.aws_ssm_parameter.vpc_id",
            "module.security.aws_security_group.admin_sg",
            "module.security.aws_security_group.alb_sg",
            "module.security.aws_security_group.asg_sg",
            "module.security.aws_security_group.elasticache_sg",
            "module.security.aws_security_group.kafka_sg",
            "module.security.aws_security_group.rds_sg",
            "module.security.aws_ssm_parameter.admin_sg_id",
            "module.security.aws_ssm_parameter.alb_sg_id",
            "module.security.aws_ssm_parameter.asg_sg_id",
            "module.security.aws_ssm_parameter.elasticache_sg_id",
            "module.security.aws_ssm_parameter.kafka_sg_id",
            "module.security.aws_ssm_parameter.rds_sg_id",
            "module.security.data.aws_ssm_parameter.vpc_id",
            "module.storage.aws_s3_bucket.alb_logs",
            "module.storage.aws_s3_bucket_logging.alb_logs",
            "module.storage.aws_s3_bucket_notification.alb_logs",
            "module.storage.aws_s3_bucket_policy.alb_logs",
            "module.storage.aws_s3_bucket_public_access_block.alb_logs",
            "module.storage.aws_s3_bucket_server_side_encryption_configuration.alb_logs",
            "module.storage.aws_s3_bucket_versioning.alb_logs",
            "module.storage.aws_ssm_parameter.alb_logs_bucket_name",
            "module.storage.data.aws_elb_service_account.main"
          ]
        }
      ]
    },
    {
      "module": "module.load_balancer",
      "mode": "managed",
      "type": "aws_ssm_parameter",
      "name": "alb_zone_id",
      "provider": "provider[\"registry.terraform.io/hashicorp/aws\"]",
      "instances": [
        {
          "schema_version": 0,
          "attributes": {
            "allowed_pattern": "",
            "arn": "arn:aws:ssm:us-east-2:975050283031:parameter/dev-payjack-us-east-2/alb_zone_id",
            "data_type": "text",
            "description": "",
            "has_value_wo": null,
            "id": "/dev-payjack-us-east-2/alb_zone_id",
            "insecure_value": null,
            "key_id": "",
            "name": "/dev-payjack-us-east-2/alb_zone_id",
            "overwrite": null,
            "tags": {
              "Environment": "dev",
              "Managed_by": "terraform",
              "Owner": "mimi",
              "Project": "payjack"
            },
            "tags_all": {
              "Environment": "dev",
              "Managed_by": "terraform",
              "Owner": "mimi",
              "Project": "payjack"
            },
            "tier": "Standard",
            "type": "String",
            "value": "Z3AADJGX6KTTL2",
            "value_wo": null,
            "value_wo_version": null,
            "version": 1
          },
          "sensitive_attributes": [
            [
              {
                "type": "get_attr",
                "value": "value_wo"
              }
            ],
            [
              {
                "type": "get_attr",
                "value": "value"
              }
            ]
          ],
          "private": "bnVsbA==",
          "dependencies": [
            "module.load_balancer.aws_lb.alb",
            "module.load_balancer.data.aws_s3_bucket.alb_logs",
            "module.load_balancer.data.aws_ssm_parameter.alb_sg_id",
            "module.load_balancer.data.aws_ssm_parameter.public_subnet_ids",
            "module.networking.aws_eip.nat_eip",
            "module.networking.aws_internet_gateway.igw",
            "module.networking.aws_nat_gateway.nat",
            "module.networking.aws_route_table.private",
            "module.networking.aws_route_table.public",
            "module.networking.aws_route_table_association.app_private",
            "module.networking.aws_route_table_association.db_private",
            "module.networking.aws_route_table_association.public",
            "module.networking.aws_ssm_parameter.app_private_subnet_ids",
            "module.networking.aws_ssm_parameter.db_private_subnet_ids",
            "module.networking.aws_ssm_parameter.igw_id",
            "module.networking.aws_ssm_parameter.nat_id",
            "module.networking.aws_ssm_parameter.private_rt_id",
            "module.networking.aws_ssm_parameter.public_rt_id",
            "module.networking.aws_ssm_parameter.public_subnet_ids",
            "module.networking.aws_ssm_parameter.vpc_id",
            "module.networking.aws_subnet.app_private",
            "module.networking.aws_subnet.db_private",
            "module.networking.aws_subnet.public",
            "module.networking.aws_vpc.main",
            "module.networking.data.aws_availability_zones.available",
            "module.networking.data.aws_ssm_parameter.app_private_subnet_ids",
            "module.networking.data.aws_ssm_parameter.db_private_subnet_ids",
            "module.networking.data.aws_ssm_parameter.public_subnet_ids",
            "module.networking.data.aws_ssm_parameter.vpc_id",
            "module.security.aws_security_group.admin_sg",
            "module.security.aws_security_group.alb_sg",
            "module.security.aws_security_group.asg_sg",
            "module.security.aws_security_group.elasticache_sg",
            "module.security.aws_security_group.kafka_sg",
            "module.security.aws_security_group.rds_sg",
            "module.security.aws_ssm_parameter.admin_sg_id",
            "module.security.aws_ssm_parameter.alb_sg_id",
            "module.security.aws_ssm_parameter.asg_sg_id",
            "module.security.aws_ssm_parameter.elasticache_sg_id",
            "module.security.aws_ssm_parameter.kafka_sg_id",
            "module.security.aws_ssm_parameter.rds_sg_id",
            "module.security.data.aws_ssm_parameter.vpc_id",
            "module.storage.aws_s3_bucket.alb_logs",
            "module.storage.aws_s3_bucket_logging.alb_logs",
            "module.storage.aws_s3_bucket_notification.alb_logs",
            "module.storage.aws_s3_bucket_policy.alb_logs",
            "module.storage.aws_s3_bucket_public_access_block.alb_logs",
            "module.storage.aws_s3_bucket_server_side_encryption_configuration.alb_logs",
            "module.storage.aws_s3_bucket_versioning.alb_logs",
            "module.storage.aws_ssm_parameter.alb_logs_bucket_name",
            "module.storage.data.aws_elb_service_account.main"
          ]
        }
      ]
    },
    {
      "module": "module.networking",
      "mode": "data",
      "type": "aws_availability_zones",
      "name": "available",
      "provider": "provider[\"registry.terraform.io/hashicorp/aws\"]",
      "instances": [
        {
          "schema_version": 0,
          "attributes": {
            "all_availability_zones": null,
            "exclude_names": null,
            "exclude_zone_ids": null,
            "filter": null,
            "group_names": [
              "us-east-2-zg-1"
            ],
            "id": "us-east-2",
            "names": [
              "us-east-2a",
              "us-east-2b",
              "us-east-2c"
            ],
            "state": "available",
            "timeouts": null,
            "zone_ids": [
              "use2-az1",
              "use2-az2",
              "use2-az3"
            ]
          },
          "sensitive_attributes": []
        }
      ]
    },
    {
      "module": "module.networking",
      "mode": "data",
      "type": "aws_ssm_parameter",
      "name": "app_private_subnet_ids",
      "provider": "provider[\"registry.terraform.io/hashicorp/aws\"]",
      "instances": [
        {
          "schema_version": 0,
          "attributes": {
            "arn": "arn:aws:ssm:us-east-2:975050283031:parameter/dev-payjack-us-east-2/app_subnet_ids",
            "id": "/dev-payjack-us-east-2/app_subnet_ids",
            "insecure_value": "subnet-040b8dab029145a78,subnet-0130d175268d632cc,subnet-089adb67a34358151",
            "name": "/dev-payjack-us-east-2/app_subnet_ids",
            "type": "StringList",
            "value": "subnet-040b8dab029145a78,subnet-0130d175268d632cc,subnet-089adb67a34358151",
            "version": 1,
            "with_decryption": true
          },
          "sensitive_attributes": [
            [
              {
                "type": "get_attr",
                "value": "value"
              }
            ]
          ]
        }
      ]
    },
    {
      "module": "module.networking",
      "mode": "data",
      "type": "aws_ssm_parameter",
      "name": "db_private_subnet_ids",
      "provider": "provider[\"registry.terraform.io/hashicorp/aws\"]",
      "instances": [
        {
          "schema_version": 0,
          "attributes": {
            "arn": "arn:aws:ssm:us-east-2:975050283031:parameter/dev-payjack-us-east-2/db_subnet_ids",
            "id": "/dev-payjack-us-east-2/db_subnet_ids",
            "insecure_value": "subnet-04fde9e24b47dedf6,subnet-0a1c8e7f8ac7b1f20,subnet-019a993e168460ef7",
            "name": "/dev-payjack-us-east-2/db_subnet_ids",
            "type": "StringList",
            "value": "subnet-04fde9e24b47dedf6,subnet-0a1c8e7f8ac7b1f20,subnet-019a993e168460ef7",
            "version": 1,
            "with_decryption": true
          },
          "sensitive_attributes": [
            [
              {
                "type": "get_attr",
                "value": "value"
              }
            ]
          ]
        }
      ]
    },
    {
      "module": "module.networking",
      "mode": "data",
      "type": "aws_ssm_parameter",
      "name": "public_subnet_ids",
      "provider": "provider[\"registry.terraform.io/hashicorp/aws\"]",
      "instances": [
        {
          "schema_version": 0,
          "attributes": {
            "arn": "arn:aws:ssm:us-east-2:975050283031:parameter/dev-payjack-us-east-2/public_subnet_ids",
            "id": "/dev-payjack-us-east-2/public_subnet_ids",
            "insecure_value": "subnet-0ffd420295d8a7862,subnet-0959815156bfbe293,subnet-0039aa7acfe132049",
            "name": "/dev-payjack-us-east-2/public_subnet_ids",
            "type": "StringList",
            "value": "subnet-0ffd420295d8a7862,subnet-0959815156bfbe293,subnet-0039aa7acfe132049",
            "version": 1,
            "with_decryption": true
          },
          "sensitive_attributes": [
            [
              {
                "type": "get_attr",
                "value": "value"
              }
            ]
          ]
        }
      ]
    },
    {
      "module": "module.networking",
      "mode": "data",
      "type": "aws_ssm_parameter",
      "name": "vpc_id",
      "provider": "provider[\"registry.terraform.io/hashicorp/aws\"]",
      "instances": [
        {
          "schema_version": 0,
          "attributes": {
            "arn": "arn:aws:ssm:us-east-2:975050283031:parameter/dev-payjack-us-east-2/vpc_id",
            "id": "/dev-payjack-us-east-2/vpc_id",
            "insecure_value": "",
            "name": "/dev-payjack-us-east-2/vpc_id",
            "type": "SecureString",
            "value": "vpc-03ad51840c66d2b86",
            "version": 1,
            "with_decryption": true
          },
          "sensitive_attributes": [
            [
              {
                "type": "get_attr",
                "value": "value"
              }
            ]
          ]
        }
      ]
    },
    {
      "module": "module.networking",
      "mode": "managed",
      "type": "aws_eip",
      "name": "nat_eip",
      "provider": "provider[\"registry.terraform.io/hashicorp/aws\"]",
      "instances": [
        {
          "schema_version": 0,
          "attributes": {
            "address": null,
            "allocation_id": "eipalloc-06915106147a4e218",
            "arn": "arn:aws:ec2:us-east-2:975050283031:elastic-ip/eipalloc-06915106147a4e218",
            "associate_with_private_ip": null,
            "association_id": "",
            "carrier_ip": "",
            "customer_owned_ip": "",
            "customer_owned_ipv4_pool": "",
            "domain": "vpc",
            "id": "eipalloc-06915106147a4e218",
            "instance": "",
            "ipam_pool_id": null,
            "network_border_group": "us-east-2",
            "network_interface": "",
            "private_dns": null,
            "private_ip": "",
            "ptr_record": "",
            "public_dns": "ec2-3-130-22-100.us-east-2.compute.amazonaws.com",
            "public_ip": "3.130.22.100",
            "public_ipv4_pool": "amazon",
            "tags": {
              "Environment": "dev",
              "Managed_by": "terraform",
              "Name": "dev-payjack-us-east-2-nat-eip",
              "Owner": "mimi",
              "Project": "payjack"
            },
            "tags_all": {
              "Environment": "dev",
              "Managed_by": "terraform",
              "Name": "dev-payjack-us-east-2-nat-eip",
              "Owner": "mimi",
              "Project": "payjack"
            },
            "timeouts": null,
            "vpc": true
          },
          "sensitive_attributes": [],
          "private": "eyJlMmJmYjczMC1lY2FhLTExZTYtOGY4OC0zNDM2M2JjN2M0YzAiOnsiZGVsZXRlIjoxODAwMDAwMDAwMDAsInJlYWQiOjkwMDAwMDAwMDAwMCwidXBkYXRlIjozMDAwMDAwMDAwMDB9fQ==",
          "create_before_destroy": true
        }
      ]
    },
    {
      "module": "module.networking",
      "mode": "managed",
      "type": "aws_internet_gateway",
      "name": "igw",
      "provider": "provider[\"registry.terraform.io/hashicorp/aws\"]",
      "instances": [
        {
          "schema_version": 0,
          "attributes": {
            "arn": "arn:aws:ec2:us-east-2:975050283031:internet-gateway/igw-0b255135dd4f7230c",
            "id": "igw-0b255135dd4f7230c",
            "owner_id": "975050283031",
            "tags": {
              "Environment": "dev",
              "Managed_by": "terraform",
              "Name": "dev-payjack-us-east-2-igw",
              "Owner": "mimi",
              "Project": "payjack"
            },
            "tags_all": {
              "Environment": "dev",
              "Managed_by": "terraform",
              "Name": "dev-payjack-us-east-2-igw",
              "Owner": "mimi",
              "Project": "payjack"
            },
            "timeouts": null,
            "vpc_id": "vpc-03ad51840c66d2b86"
          },
          "sensitive_attributes": [
            [
              {
                "type": "get_attr",
                "value": "vpc_id"
              }
            ]
          ],
          "private": "eyJlMmJmYjczMC1lY2FhLTExZTYtOGY4OC0zNDM2M2JjN2M0YzAiOnsiY3JlYXRlIjoxMjAwMDAwMDAwMDAwLCJkZWxldGUiOjEyMDAwMDAwMDAwMDAsInVwZGF0ZSI6MTIwMDAwMDAwMDAwMH19",
          "dependencies": [
            "module.networking.aws_ssm_parameter.vpc_id",
            "module.networking.aws_vpc.main"
          ],
          "create_before_destroy": true
        }
      ]
    },
    {
      "module": "module.networking",
      "mode": "managed",
      "type": "aws_nat_gateway",
      "name": "nat",
      "provider": "provider[\"registry.terraform.io/hashicorp/aws\"]",
      "instances": [
        {
          "schema_version": 0,
          "attributes": {
            "allocation_id": "eipalloc-06915106147a4e218",
            "association_id": "eipassoc-01219b965d99d3880",
            "connectivity_type": "public",
            "id": "nat-0570d1bb8f3f9359c",
            "network_interface_id": "eni-0d847694ea895ad7c",
            "private_ip": "10.0.0.113",
            "public_ip": "3.130.22.100",
            "secondary_allocation_ids": null,
            "secondary_private_ip_address_count": 0,
            "secondary_private_ip_addresses": [],
            "subnet_id": "subnet-0ffd420295d8a7862",
            "tags": {
              "Environment": "dev",
              "Managed_by": "terraform",
              "Name": "dev-payjack-us-east-2-nat-gateway",
              "Owner": "mimi",
              "Project": "payjack"
            },
            "tags_all": {
              "Environment": "dev",
              "Managed_by": "terraform",
              "Name": "dev-payjack-us-east-2-nat-gateway",
              "Owner": "mimi",
              "Project": "payjack"
            },
            "timeouts": null
          },
          "sensitive_attributes": [],
          "private": "eyJlMmJmYjczMC1lY2FhLTExZTYtOGY4OC0zNDM2M2JjN2M0YzAiOnsiY3JlYXRlIjo2MDAwMDAwMDAwMDAsImRlbGV0ZSI6MTgwMDAwMDAwMDAwMCwidXBkYXRlIjo2MDAwMDAwMDAwMDB9fQ==",
          "dependencies": [
            "module.networking.aws_eip.nat_eip",
            "module.networking.aws_subnet.public",
            "module.networking.aws_vpc.main",
            "module.networking.data.aws_availability_zones.available"
          ],
          "create_before_destroy": true
        }
      ]
    },
    {
      "module": "module.networking",
      "mode": "managed",
      "type": "aws_route_table",
      "name": "private",
      "provider": "provider[\"registry.terraform.io/hashicorp/aws\"]",
      "instances": [
        {
          "schema_version": 0,
          "attributes": {
            "arn": "arn:aws:ec2:us-east-2:975050283031:route-table/rtb-0718c7c7e291e1b05",
            "id": "rtb-0718c7c7e291e1b05",
            "owner_id": "975050283031",
            "propagating_vgws": [],
            "route": [
              {
                "carrier_gateway_id": "",
                "cidr_block": "0.0.0.0/0",
                "core_network_arn": "",
                "destination_prefix_list_id": "",
                "egress_only_gateway_id": "",
                "gateway_id": "",
                "ipv6_cidr_block": "",
                "local_gateway_id": "",
                "nat_gateway_id": "nat-0570d1bb8f3f9359c",
                "network_interface_id": "",
                "transit_gateway_id": "",
                "vpc_endpoint_id": "",
                "vpc_peering_connection_id": ""
              }
            ],
            "tags": {
              "Environment": "dev",
              "Managed_by": "terraform",
              "Name": "dev-payjack-us-east-2-private-rtb",
              "Owner": "mimi",
              "Project": "payjack"
            },
            "tags_all": {
              "Environment": "dev",
              "Managed_by": "terraform",
              "Name": "dev-payjack-us-east-2-private-rtb",
              "Owner": "mimi",
              "Project": "payjack"
            },
            "timeouts": null,
            "vpc_id": "vpc-03ad51840c66d2b86"
          },
          "sensitive_attributes": [],
          "private": "eyJlMmJmYjczMC1lY2FhLTExZTYtOGY4OC0zNDM2M2JjN2M0YzAiOnsiY3JlYXRlIjozMDAwMDAwMDAwMDAsImRlbGV0ZSI6MzAwMDAwMDAwMDAwLCJ1cGRhdGUiOjEyMDAwMDAwMDAwMH19",
          "dependencies": [
            "module.networking.aws_eip.nat_eip",
            "module.networking.aws_nat_gateway.nat",
            "module.networking.aws_subnet.public",
            "module.networking.aws_vpc.main",
            "module.networking.data.aws_availability_zones.available"
          ],
          "create_before_destroy": true
        }
      ]
    },
    {
      "module": "module.networking",
      "mode": "managed",
      "type": "aws_route_table",
      "name": "public",
      "provider": "provider[\"registry.terraform.io/hashicorp/aws\"]",
      "instances": [
        {
          "schema_version": 0,
          "attributes": {
            "arn": "arn:aws:ec2:us-east-2:975050283031:route-table/rtb-03135ce3544c7e77b",
            "id": "rtb-03135ce3544c7e77b",
            "owner_id": "975050283031",
            "propagating_vgws": [],
            "route": [
              {
                "carrier_gateway_id": "",
                "cidr_block": "0.0.0.0/0",
                "core_network_arn": "",
                "destination_prefix_list_id": "",
                "egress_only_gateway_id": "",
                "gateway_id": "igw-0b255135dd4f7230c",
                "ipv6_cidr_block": "",
                "local_gateway_id": "",
                "nat_gateway_id": "",
                "network_interface_id": "",
                "transit_gateway_id": "",
                "vpc_endpoint_id": "",
                "vpc_peering_connection_id": ""
              }
            ],
            "tags": {
              "Environment": "dev",
              "Managed_by": "terraform",
              "Name": "dev-payjack-us-east-2-public-rtb",
              "Owner": "mimi",
              "Project": "payjack"
            },
            "tags_all": {
              "Environment": "dev",
              "Managed_by": "terraform",
              "Name": "dev-payjack-us-east-2-public-rtb",
              "Owner": "mimi",
              "Project": "payjack"
            },
            "timeouts": null,
            "vpc_id": "vpc-03ad51840c66d2b86"
          },
          "sensitive_attributes": [
            [
              {
                "type": "get_attr",
                "value": "route"
              }
            ],
            [
              {
                "type": "get_attr",
                "value": "vpc_id"
              }
            ]
          ],
          "private": "eyJlMmJmYjczMC1lY2FhLTExZTYtOGY4OC0zNDM2M2JjN2M0YzAiOnsiY3JlYXRlIjozMDAwMDAwMDAwMDAsImRlbGV0ZSI6MzAwMDAwMDAwMDAwLCJ1cGRhdGUiOjEyMDAwMDAwMDAwMH19",
          "dependencies": [
            "module.networking.aws_internet_gateway.igw",
            "module.networking.aws_ssm_parameter.igw_id",
            "module.networking.aws_ssm_parameter.vpc_id",
            "module.networking.aws_vpc.main"
          ],
          "create_before_destroy": true
        }
      ]
    },
    {
      "module": "module.networking",
      "mode": "managed",
      "type": "aws_route_table_association",
      "name": "app_private",
      "provider": "provider[\"registry.terraform.io/hashicorp/aws\"]",
      "instances": [
        {
          "index_key": 0,
          "schema_version": 0,
          "attributes": {
            "gateway_id": "",
            "id": "rtbassoc-0bdbafc115a3f6c9c",
            "route_table_id": "rtb-0718c7c7e291e1b05",
            "subnet_id": "subnet-040b8dab029145a78",
            "timeouts": null
          },
          "sensitive_attributes": [],
          "private": "eyJlMmJmYjczMC1lY2FhLTExZTYtOGY4OC0zNDM2M2JjN2M0YzAiOnsiY3JlYXRlIjozMDAwMDAwMDAwMDAsImRlbGV0ZSI6MzAwMDAwMDAwMDAwLCJ1cGRhdGUiOjEyMDAwMDAwMDAwMH19",
          "dependencies": [
            "module.networking.aws_eip.nat_eip",
            "module.networking.aws_nat_gateway.nat",
            "module.networking.aws_route_table.private",
            "module.networking.aws_subnet.app_private",
            "module.networking.aws_subnet.public",
            "module.networking.aws_vpc.main",
            "module.networking.data.aws_availability_zones.available"
          ],
          "create_before_destroy": true
        },
        {
          "index_key": 1,
          "schema_version": 0,
          "attributes": {
            "gateway_id": "",
            "id": "rtbassoc-078c7121208ce09ed",
            "route_table_id": "rtb-0718c7c7e291e1b05",
            "subnet_id": "subnet-0130d175268d632cc",
            "timeouts": null
          },
          "sensitive_attributes": [],
          "private": "eyJlMmJmYjczMC1lY2FhLTExZTYtOGY4OC0zNDM2M2JjN2M0YzAiOnsiY3JlYXRlIjozMDAwMDAwMDAwMDAsImRlbGV0ZSI6MzAwMDAwMDAwMDAwLCJ1cGRhdGUiOjEyMDAwMDAwMDAwMH19",
          "dependencies": [
            "module.networking.aws_eip.nat_eip",
            "module.networking.aws_nat_gateway.nat",
            "module.networking.aws_route_table.private",
            "module.networking.aws_subnet.app_private",
            "module.networking.aws_subnet.public",
            "module.networking.aws_vpc.main",
            "module.networking.data.aws_availability_zones.available"
          ],
          "create_before_destroy": true
        },
        {
          "index_key": 2,
          "schema_version": 0,
          "attributes": {
            "gateway_id": "",
            "id": "rtbassoc-06517f259f7d45dbc",
            "route_table_id": "rtb-0718c7c7e291e1b05",
            "subnet_id": "subnet-089adb67a34358151",
            "timeouts": null
          },
          "sensitive_attributes": [],
          "private": "eyJlMmJmYjczMC1lY2FhLTExZTYtOGY4OC0zNDM2M2JjN2M0YzAiOnsiY3JlYXRlIjozMDAwMDAwMDAwMDAsImRlbGV0ZSI6MzAwMDAwMDAwMDAwLCJ1cGRhdGUiOjEyMDAwMDAwMDAwMH19",
          "dependencies": [
            "module.networking.aws_eip.nat_eip",
            "module.networking.aws_nat_gateway.nat",
            "module.networking.aws_route_table.private",
            "module.networking.aws_subnet.app_private",
            "module.networking.aws_subnet.public",
            "module.networking.aws_vpc.main",
            "module.networking.data.aws_availability_zones.available"
          ],
          "create_before_destroy": true
        }
      ]
    },
    {
      "module": "module.networking",
      "mode": "managed",
      "type": "aws_route_table_association",
      "name": "db_private",
      "provider": "provider[\"registry.terraform.io/hashicorp/aws\"]",
      "instances": [
        {
          "index_key": 0,
          "schema_version": 0,
          "attributes": {
            "gateway_id": "",
            "id": "rtbassoc-0e6731ccd33a6c4ad",
            "route_table_id": "rtb-0718c7c7e291e1b05",
            "subnet_id": "subnet-04fde9e24b47dedf6",
            "timeouts": null
          },
          "sensitive_attributes": [],
          "private": "eyJlMmJmYjczMC1lY2FhLTExZTYtOGY4OC0zNDM2M2JjN2M0YzAiOnsiY3JlYXRlIjozMDAwMDAwMDAwMDAsImRlbGV0ZSI6MzAwMDAwMDAwMDAwLCJ1cGRhdGUiOjEyMDAwMDAwMDAwMH19",
          "dependencies": [
            "module.networking.aws_eip.nat_eip",
            "module.networking.aws_nat_gateway.nat",
            "module.networking.aws_route_table.private",
            "module.networking.aws_subnet.db_private",
            "module.networking.aws_subnet.public",
            "module.networking.aws_vpc.main",
            "module.networking.data.aws_availability_zones.available"
          ],
          "create_before_destroy": true
        },
        {
          "index_key": 1,
          "schema_version": 0,
          "attributes": {
            "gateway_id": "",
            "id": "rtbassoc-071d0661407b970b1",
            "route_table_id": "rtb-0718c7c7e291e1b05",
            "subnet_id": "subnet-0a1c8e7f8ac7b1f20",
            "timeouts": null
          },
          "sensitive_attributes": [],
          "private": "eyJlMmJmYjczMC1lY2FhLTExZTYtOGY4OC0zNDM2M2JjN2M0YzAiOnsiY3JlYXRlIjozMDAwMDAwMDAwMDAsImRlbGV0ZSI6MzAwMDAwMDAwMDAwLCJ1cGRhdGUiOjEyMDAwMDAwMDAwMH19",
          "dependencies": [
            "module.networking.aws_eip.nat_eip",
            "module.networking.aws_nat_gateway.nat",
            "module.networking.aws_route_table.private",
            "module.networking.aws_subnet.db_private",
            "module.networking.aws_subnet.public",
            "module.networking.aws_vpc.main",
            "module.networking.data.aws_availability_zones.available"
          ],
          "create_before_destroy": true
        },
        {
          "index_key": 2,
          "schema_version": 0,
          "attributes": {
            "gateway_id": "",
            "id": "rtbassoc-013faa5691d0df8b2",
            "route_table_id": "rtb-0718c7c7e291e1b05",
            "subnet_id": "subnet-019a993e168460ef7",
            "timeouts": null
          },
          "sensitive_attributes": [],
          "private": "eyJlMmJmYjczMC1lY2FhLTExZTYtOGY4OC0zNDM2M2JjN2M0YzAiOnsiY3JlYXRlIjozMDAwMDAwMDAwMDAsImRlbGV0ZSI6MzAwMDAwMDAwMDAwLCJ1cGRhdGUiOjEyMDAwMDAwMDAwMH19",
          "dependencies": [
            "module.networking.aws_eip.nat_eip",
            "module.networking.aws_nat_gateway.nat",
            "module.networking.aws_route_table.private",
            "module.networking.aws_subnet.db_private",
            "module.networking.aws_subnet.public",
            "module.networking.aws_vpc.main",
            "module.networking.data.aws_availability_zones.available"
          ],
          "create_before_destroy": true
        }
      ]
    },
    {
      "module": "module.networking",
      "mode": "managed",
      "type": "aws_route_table_association",
      "name": "public",
      "provider": "provider[\"registry.terraform.io/hashicorp/aws\"]",
      "instances": [
        {
          "index_key": 0,
          "schema_version": 0,
          "attributes": {
            "gateway_id": "",
            "id": "rtbassoc-06b670c4fb7be5411",
            "route_table_id": "rtb-03135ce3544c7e77b",
            "subnet_id": "subnet-0ffd420295d8a7862",
            "timeouts": null
          },
          "sensitive_attributes": [
            [
              {
                "type": "get_attr",
                "value": "route_table_id"
              }
            ]
          ],
          "private": "eyJlMmJmYjczMC1lY2FhLTExZTYtOGY4OC0zNDM2M2JjN2M0YzAiOnsiY3JlYXRlIjozMDAwMDAwMDAwMDAsImRlbGV0ZSI6MzAwMDAwMDAwMDAwLCJ1cGRhdGUiOjEyMDAwMDAwMDAwMH19",
          "dependencies": [
            "module.networking.aws_internet_gateway.igw",
            "module.networking.aws_route_table.public",
            "module.networking.aws_ssm_parameter.igw_id",
            "module.networking.aws_ssm_parameter.public_rt_id",
            "module.networking.aws_ssm_parameter.vpc_id",
            "module.networking.aws_subnet.public",
            "module.networking.aws_vpc.main",
            "module.networking.data.aws_availability_zones.available"
          ],
          "create_before_destroy": true
        },
        {
          "index_key": 1,
          "schema_version": 0,
          "attributes": {
            "gateway_id": "",
            "id": "rtbassoc-06b94f4a448bf3e77",
            "route_table_id": "rtb-03135ce3544c7e77b",
            "subnet_id": "subnet-0959815156bfbe293",
            "timeouts": null
          },
          "sensitive_attributes": [
            [
              {
                "type": "get_attr",
                "value": "route_table_id"
              }
            ]
          ],
          "private": "eyJlMmJmYjczMC1lY2FhLTExZTYtOGY4OC0zNDM2M2JjN2M0YzAiOnsiY3JlYXRlIjozMDAwMDAwMDAwMDAsImRlbGV0ZSI6MzAwMDAwMDAwMDAwLCJ1cGRhdGUiOjEyMDAwMDAwMDAwMH19",
          "dependencies": [
            "module.networking.aws_internet_gateway.igw",
            "module.networking.aws_route_table.public",
            "module.networking.aws_ssm_parameter.igw_id",
            "module.networking.aws_ssm_parameter.public_rt_id",
            "module.networking.aws_ssm_parameter.vpc_id",
            "module.networking.aws_subnet.public",
            "module.networking.aws_vpc.main",
            "module.networking.data.aws_availability_zones.available"
          ],
          "create_before_destroy": true
        },
        {
          "index_key": 2,
          "schema_version": 0,
          "attributes": {
            "gateway_id": "",
            "id": "rtbassoc-07b926a8e1a854926",
            "route_table_id": "rtb-03135ce3544c7e77b",
            "subnet_id": "subnet-0039aa7acfe132049",
            "timeouts": null
          },
          "sensitive_attributes": [
            [
              {
                "type": "get_attr",
                "value": "route_table_id"
              }
            ]
          ],
          "private": "eyJlMmJmYjczMC1lY2FhLTExZTYtOGY4OC0zNDM2M2JjN2M0YzAiOnsiY3JlYXRlIjozMDAwMDAwMDAwMDAsImRlbGV0ZSI6MzAwMDAwMDAwMDAwLCJ1cGRhdGUiOjEyMDAwMDAwMDAwMH19",
          "dependencies": [
            "module.networking.aws_internet_gateway.igw",
            "module.networking.aws_route_table.public",
            "module.networking.aws_ssm_parameter.igw_id",
            "module.networking.aws_ssm_parameter.public_rt_id",
            "module.networking.aws_ssm_parameter.vpc_id",
            "module.networking.aws_subnet.public",
            "module.networking.aws_vpc.main",
            "module.networking.data.aws_availability_zones.available"
          ],
          "create_before_destroy": true
        }
      ]
    },
    {
      "module": "module.networking",
      "mode": "managed",
      "type": "aws_ssm_parameter",
      "name": "app_private_subnet_ids",
      "provider": "provider[\"registry.terraform.io/hashicorp/aws\"]",
      "instances": [
        {
          "schema_version": 0,
          "attributes": {
            "allowed_pattern": "",
            "arn": "arn:aws:ssm:us-east-2:975050283031:parameter/dev-payjack-us-east-2/app_subnet_ids",
            "data_type": "text",
            "description": "",
            "has_value_wo": null,
            "id": "/dev-payjack-us-east-2/app_subnet_ids",
            "insecure_value": null,
            "key_id": "",
            "name": "/dev-payjack-us-east-2/app_subnet_ids",
            "overwrite": null,
            "tags": {
              "Environment": "dev",
              "Managed_by": "terraform",
              "Owner": "mimi",
              "Project": "payjack"
            },
            "tags_all": {
              "Environment": "dev",
              "Managed_by": "terraform",
              "Owner": "mimi",
              "Project": "payjack"
            },
            "tier": "Standard",
            "type": "StringList",
            "value": "subnet-040b8dab029145a78,subnet-0130d175268d632cc,subnet-089adb67a34358151",
            "value_wo": null,
            "value_wo_version": null,
            "version": 1
          },
          "sensitive_attributes": [
            [
              {
                "type": "get_attr",
                "value": "value_wo"
              }
            ],
            [
              {
                "type": "get_attr",
                "value": "value"
              }
            ]
          ],
          "private": "bnVsbA==",
          "dependencies": [
            "module.networking.aws_subnet.app_private",
            "module.networking.aws_vpc.main",
            "module.networking.data.aws_availability_zones.available"
          ],
          "create_before_destroy": true
        }
      ]
    },
    {
      "module": "module.networking",
      "mode": "managed",
      "type": "aws_ssm_parameter",
      "name": "db_private_subnet_ids",
      "provider": "provider[\"registry.terraform.io/hashicorp/aws\"]",
      "instances": [
        {
          "schema_version": 0,
          "attributes": {
            "allowed_pattern": "",
            "arn": "arn:aws:ssm:us-east-2:975050283031:parameter/dev-payjack-us-east-2/db_subnet_ids",
            "data_type": "text",
            "description": "",
            "has_value_wo": null,
            "id": "/dev-payjack-us-east-2/db_subnet_ids",
            "insecure_value": null,
            "key_id": "",
            "name": "/dev-payjack-us-east-2/db_subnet_ids",
            "overwrite": null,
            "tags": {
              "Environment": "dev",
              "Managed_by": "terraform",
              "Owner": "mimi",
              "Project": "payjack"
            },
            "tags_all": {
              "Environment": "dev",
              "Managed_by": "terraform",
              "Owner": "mimi",
              "Project": "payjack"
            },
            "tier": "Standard",
            "type": "StringList",
            "value": "subnet-04fde9e24b47dedf6,subnet-0a1c8e7f8ac7b1f20,subnet-019a993e168460ef7",
            "value_wo": null,
            "value_wo_version": null,
            "version": 1
          },
          "sensitive_attributes": [
            [
              {
                "type": "get_attr",
                "value": "value_wo"
              }
            ],
            [
              {
                "type": "get_attr",
                "value": "value"
              }
            ]
          ],
          "private": "bnVsbA==",
          "dependencies": [
            "module.networking.aws_subnet.db_private",
            "module.networking.aws_vpc.main",
            "module.networking.data.aws_availability_zones.available"
          ],
          "create_before_destroy": true
        }
      ]
    },
    {
      "module": "module.networking",
      "mode": "managed",
      "type": "aws_ssm_parameter",
      "name": "igw_id",
      "provider": "provider[\"registry.terraform.io/hashicorp/aws\"]",
      "instances": [
        {
          "schema_version": 0,
          "attributes": {
            "allowed_pattern": "",
            "arn": "arn:aws:ssm:us-east-2:975050283031:parameter/dev-payjack-us-east-2/igw_id",
            "data_type": "text",
            "description": "",
            "has_value_wo": null,
            "id": "/dev-payjack-us-east-2/igw_id",
            "insecure_value": null,
            "key_id": "",
            "name": "/dev-payjack-us-east-2/igw_id",
            "overwrite": null,
            "tags": {
              "Environment": "dev",
              "Managed_by": "terraform",
              "Owner": "mimi",
              "Project": "payjack"
            },
            "tags_all": {
              "Environment": "dev",
              "Managed_by": "terraform",
              "Owner": "mimi",
              "Project": "payjack"
            },
            "tier": "Standard",
            "type": "String",
            "value": "igw-0b255135dd4f7230c",
            "value_wo": null,
            "value_wo_version": null,
            "version": 1
          },
          "sensitive_attributes": [
            [
              {
                "type": "get_attr",
                "value": "value_wo"
              }
            ],
            [
              {
                "type": "get_attr",
                "value": "value"
              }
            ]
          ],
          "private": "bnVsbA==",
          "dependencies": [
            "module.networking.aws_internet_gateway.igw",
            "module.networking.aws_ssm_parameter.vpc_id",
            "module.networking.aws_vpc.main"
          ],
          "create_before_destroy": true
        }
      ]
    },
    {
      "module": "module.networking",
      "mode": "managed",
      "type": "aws_ssm_parameter",
      "name": "nat_id",
      "provider": "provider[\"registry.terraform.io/hashicorp/aws\"]",
      "instances": [
        {
          "schema_version": 0,
          "attributes": {
            "allowed_pattern": "",
            "arn": "arn:aws:ssm:us-east-2:975050283031:parameter/dev-payjack-us-east-2/nat_id",
            "data_type": "text",
            "description": "",
            "has_value_wo": null,
            "id": "/dev-payjack-us-east-2/nat_id",
            "insecure_value": null,
            "key_id": "",
            "name": "/dev-payjack-us-east-2/nat_id",
            "overwrite": null,
            "tags": {
              "Environment": "dev",
              "Managed_by": "terraform",
              "Owner": "mimi",
              "Project": "payjack"
            },
            "tags_all": {
              "Environment": "dev",
              "Managed_by": "terraform",
              "Owner": "mimi",
              "Project": "payjack"
            },
            "tier": "Standard",
            "type": "String",
            "value": "nat-0570d1bb8f3f9359c",
            "value_wo": null,
            "value_wo_version": null,
            "version": 1
          },
          "sensitive_attributes": [
            [
              {
                "type": "get_attr",
                "value": "value"
              }
            ],
            [
              {
                "type": "get_attr",
                "value": "value_wo"
              }
            ]
          ],
          "private": "bnVsbA==",
          "dependencies": [
            "module.networking.aws_eip.nat_eip",
            "module.networking.aws_nat_gateway.nat",
            "module.networking.aws_subnet.public",
            "module.networking.aws_vpc.main",
            "module.networking.data.aws_availability_zones.available"
          ],
          "create_before_destroy": true
        }
      ]
    },
    {
      "module": "module.networking",
      "mode": "managed",
      "type": "aws_ssm_parameter",
      "name": "private_rt_id",
      "provider": "provider[\"registry.terraform.io/hashicorp/aws\"]",
      "instances": [
        {
          "schema_version": 0,
          "attributes": {
            "allowed_pattern": "",
            "arn": "arn:aws:ssm:us-east-2:975050283031:parameter/dev-payjack-us-east-2/private_rt_id",
            "data_type": "text",
            "description": "",
            "has_value_wo": null,
            "id": "/dev-payjack-us-east-2/private_rt_id",
            "insecure_value": null,
            "key_id": "",
            "name": "/dev-payjack-us-east-2/private_rt_id",
            "overwrite": null,
            "tags": {
              "Environment": "dev",
              "Managed_by": "terraform",
              "Owner": "mimi",
              "Project": "payjack"
            },
            "tags_all": {
              "Environment": "dev",
              "Managed_by": "terraform",
              "Owner": "mimi",
              "Project": "payjack"
            },
            "tier": "Standard",
            "type": "String",
            "value": "rtb-0718c7c7e291e1b05",
            "value_wo": null,
            "value_wo_version": null,
            "version": 1
          },
          "sensitive_attributes": [
            [
              {
                "type": "get_attr",
                "value": "value"
              }
            ],
            [
              {
                "type": "get_attr",
                "value": "value_wo"
              }
            ]
          ],
          "private": "bnVsbA==",
          "dependencies": [
            "module.networking.aws_eip.nat_eip",
            "module.networking.aws_nat_gateway.nat",
            "module.networking.aws_route_table.private",
            "module.networking.aws_subnet.public",
            "module.networking.aws_vpc.main",
            "module.networking.data.aws_availability_zones.available"
          ],
          "create_before_destroy": true
        }
      ]
    },
    {
      "module": "module.networking",
      "mode": "managed",
      "type": "aws_ssm_parameter",
      "name": "public_rt_id",
      "provider": "provider[\"registry.terraform.io/hashicorp/aws\"]",
      "instances": [
        {
          "schema_version": 0,
          "attributes": {
            "allowed_pattern": "",
            "arn": "arn:aws:ssm:us-east-2:975050283031:parameter/dev-payjack-us-east-2/public_rt_id",
            "data_type": "text",
            "description": "",
            "has_value_wo": null,
            "id": "/dev-payjack-us-east-2/public_rt_id",
            "insecure_value": null,
            "key_id": "",
            "name": "/dev-payjack-us-east-2/public_rt_id",
            "overwrite": null,
            "tags": {
              "Environment": "dev",
              "Managed_by": "terraform",
              "Owner": "mimi",
              "Project": "payjack"
            },
            "tags_all": {
              "Environment": "dev",
              "Managed_by": "terraform",
              "Owner": "mimi",
              "Project": "payjack"
            },
            "tier": "Standard",
            "type": "String",
            "value": "rtb-03135ce3544c7e77b",
            "value_wo": null,
            "value_wo_version": null,
            "version": 1
          },
          "sensitive_attributes": [
            [
              {
                "type": "get_attr",
                "value": "value_wo"
              }
            ],
            [
              {
                "type": "get_attr",
                "value": "value"
              }
            ]
          ],
          "private": "bnVsbA==",
          "dependencies": [
            "module.networking.aws_internet_gateway.igw",
            "module.networking.aws_route_table.public",
            "module.networking.aws_ssm_parameter.igw_id",
            "module.networking.aws_ssm_parameter.vpc_id",
            "module.networking.aws_vpc.main"
          ],
          "create_before_destroy": true
        }
      ]
    },
    {
      "module": "module.networking",
      "mode": "managed",
      "type": "aws_ssm_parameter",
      "name": "public_subnet_ids",
      "provider": "provider[\"registry.terraform.io/hashicorp/aws\"]",
      "instances": [
        {
          "schema_version": 0,
          "attributes": {
            "allowed_pattern": "",
            "arn": "arn:aws:ssm:us-east-2:975050283031:parameter/dev-payjack-us-east-2/public_subnet_ids",
            "data_type": "text",
            "description": "",
            "has_value_wo": null,
            "id": "/dev-payjack-us-east-2/public_subnet_ids",
            "insecure_value": null,
            "key_id": "",
            "name": "/dev-payjack-us-east-2/public_subnet_ids",
            "overwrite": null,
            "tags": {
              "Environment": "dev",
              "Managed_by": "terraform",
              "Owner": "mimi",
              "Project": "payjack"
            },
            "tags_all": {
              "Environment": "dev",
              "Managed_by": "terraform",
              "Owner": "mimi",
              "Project": "payjack"
            },
            "tier": "Standard",
            "type": "StringList",
            "value": "subnet-0ffd420295d8a7862,subnet-0959815156bfbe293,subnet-0039aa7acfe132049",
            "value_wo": null,
            "value_wo_version": null,
            "version": 1
          },
          "sensitive_attributes": [
            [
              {
                "type": "get_attr",
                "value": "value_wo"
              }
            ],
            [
              {
                "type": "get_attr",
                "value": "value"
              }
            ]
          ],
          "private": "bnVsbA==",
          "dependencies": [
            "module.networking.aws_subnet.public",
            "module.networking.aws_vpc.main",
            "module.networking.data.aws_availability_zones.available"
          ],
          "create_before_destroy": true
        }
      ]
    },
    {
      "module": "module.networking",
      "mode": "managed",
      "type": "aws_ssm_parameter",
      "name": "vpc_id",
      "provider": "provider[\"registry.terraform.io/hashicorp/aws\"]",
      "instances": [
        {
          "schema_version": 0,
          "attributes": {
            "allowed_pattern": "",
            "arn": "arn:aws:ssm:us-east-2:975050283031:parameter/dev-payjack-us-east-2/vpc_id",
            "data_type": "text",
            "description": "",
            "has_value_wo": null,
            "id": "/dev-payjack-us-east-2/vpc_id",
            "insecure_value": null,
            "key_id": "alias/aws/ssm",
            "name": "/dev-payjack-us-east-2/vpc_id",
            "overwrite": null,
            "tags": {
              "Environment": "dev",
              "Managed_by": "terraform",
              "Owner": "mimi",
              "Project": "payjack"
            },
            "tags_all": {
              "Environment": "dev",
              "Managed_by": "terraform",
              "Owner": "mimi",
              "Project": "payjack"
            },
            "tier": "Standard",
            "type": "SecureString",
            "value": "vpc-03ad51840c66d2b86",
            "value_wo": null,
            "value_wo_version": null,
            "version": 1
          },
          "sensitive_attributes": [
            [
              {
                "type": "get_attr",
                "value": "value"
              }
            ],
            [
              {
                "type": "get_attr",
                "value": "value_wo"
              }
            ]
          ],
          "private": "bnVsbA==",
          "dependencies": [
            "module.networking.aws_vpc.main"
          ],
          "create_before_destroy": true
        }
      ]
    },
    {
      "module": "module.networking",
      "mode": "managed",
      "type": "aws_subnet",
      "name": "app_private",
      "provider": "provider[\"registry.terraform.io/hashicorp/aws\"]",
      "instances": [
        {
          "index_key": 0,
          "schema_version": 1,
          "attributes": {
            "arn": "arn:aws:ec2:us-east-2:975050283031:subnet/subnet-040b8dab029145a78",
            "assign_ipv6_address_on_creation": false,
            "availability_zone": "us-east-2a",
            "availability_zone_id": "use2-az1",
            "cidr_block": "10.0.10.0/24",
            "customer_owned_ipv4_pool": "",
            "enable_dns64": false,
            "enable_lni_at_device_index": 0,
            "enable_resource_name_dns_a_record_on_launch": false,
            "enable_resource_name_dns_aaaa_record_on_launch": false,
            "id": "subnet-040b8dab029145a78",
            "ipv6_cidr_block": "",
            "ipv6_cidr_block_association_id": "",
            "ipv6_native": false,
            "map_customer_owned_ip_on_launch": false,
            "map_public_ip_on_launch": false,
            "outpost_arn": "",
            "owner_id": "975050283031",
            "private_dns_hostname_type_on_launch": "ip-name",
            "tags": {
              "Environment": "dev",
              "Managed_by": "terraform",
              "Name": "dev-payjack-us-east-2-app-subnet-1",
              "Owner": "mimi",
              "Project": "payjack",
              "Type": "Private",
              "kubernetes.io/role/elb": "1"
            },
            "tags_all": {
              "Environment": "dev",
              "Managed_by": "terraform",
              "Name": "dev-payjack-us-east-2-app-subnet-1",
              "Owner": "mimi",
              "Project": "payjack",
              "Type": "Private",
              "kubernetes.io/role/elb": "1"
            },
            "timeouts": null,
            "vpc_id": "vpc-03ad51840c66d2b86"
          },
          "sensitive_attributes": [],
          "private": "eyJlMmJmYjczMC1lY2FhLTExZTYtOGY4OC0zNDM2M2JjN2M0YzAiOnsiY3JlYXRlIjo2MDAwMDAwMDAwMDAsImRlbGV0ZSI6MTIwMDAwMDAwMDAwMH0sInNjaGVtYV92ZXJzaW9uIjoiMSJ9",
          "dependencies": [
            "module.networking.aws_vpc.main",
            "module.networking.data.aws_availability_zones.available"
          ],
          "create_before_destroy": true
        },
        {
          "index_key": 1,
          "schema_version": 1,
          "attributes": {
            "arn": "arn:aws:ec2:us-east-2:975050283031:subnet/subnet-0130d175268d632cc",
            "assign_ipv6_address_on_creation": false,
            "availability_zone": "us-east-2b",
            "availability_zone_id": "use2-az2",
            "cidr_block": "10.0.11.0/24",
            "customer_owned_ipv4_pool": "",
            "enable_dns64": false,
            "enable_lni_at_device_index": 0,
            "enable_resource_name_dns_a_record_on_launch": false,
            "enable_resource_name_dns_aaaa_record_on_launch": false,
            "id": "subnet-0130d175268d632cc",
            "ipv6_cidr_block": "",
            "ipv6_cidr_block_association_id": "",
            "ipv6_native": false,
            "map_customer_owned_ip_on_launch": false,
            "map_public_ip_on_launch": false,
            "outpost_arn": "",
            "owner_id": "975050283031",
            "private_dns_hostname_type_on_launch": "ip-name",
            "tags": {
              "Environment": "dev",
              "Managed_by": "terraform",
              "Name": "dev-payjack-us-east-2-app-subnet-2",
              "Owner": "mimi",
              "Project": "payjack",
              "Type": "Private",
              "kubernetes.io/role/elb": "1"
            },
            "tags_all": {
              "Environment": "dev",
              "Managed_by": "terraform",
              "Name": "dev-payjack-us-east-2-app-subnet-2",
              "Owner": "mimi",
              "Project": "payjack",
              "Type": "Private",
              "kubernetes.io/role/elb": "1"
            },
            "timeouts": null,
            "vpc_id": "vpc-03ad51840c66d2b86"
          },
          "sensitive_attributes": [],
          "private": "eyJlMmJmYjczMC1lY2FhLTExZTYtOGY4OC0zNDM2M2JjN2M0YzAiOnsiY3JlYXRlIjo2MDAwMDAwMDAwMDAsImRlbGV0ZSI6MTIwMDAwMDAwMDAwMH0sInNjaGVtYV92ZXJzaW9uIjoiMSJ9",
          "dependencies": [
            "module.networking.aws_vpc.main",
            "module.networking.data.aws_availability_zones.available"
          ],
          "create_before_destroy": true
        },
        {
          "index_key": 2,
          "schema_version": 1,
          "attributes": {
            "arn": "arn:aws:ec2:us-east-2:975050283031:subnet/subnet-089adb67a34358151",
            "assign_ipv6_address_on_creation": false,
            "availability_zone": "us-east-2c",
            "availability_zone_id": "use2-az3",
            "cidr_block": "10.0.12.0/24",
            "customer_owned_ipv4_pool": "",
            "enable_dns64": false,
            "enable_lni_at_device_index": 0,
            "enable_resource_name_dns_a_record_on_launch": false,
            "enable_resource_name_dns_aaaa_record_on_launch": false,
            "id": "subnet-089adb67a34358151",
            "ipv6_cidr_block": "",
            "ipv6_cidr_block_association_id": "",
            "ipv6_native": false,
            "map_customer_owned_ip_on_launch": false,
            "map_public_ip_on_launch": false,
            "outpost_arn": "",
            "owner_id": "975050283031",
            "private_dns_hostname_type_on_launch": "ip-name",
            "tags": {
              "Environment": "dev",
              "Managed_by": "terraform",
              "Name": "dev-payjack-us-east-2-app-subnet-3",
              "Owner": "mimi",
              "Project": "payjack",
              "Type": "Private",
              "kubernetes.io/role/elb": "1"
            },
            "tags_all": {
              "Environment": "dev",
              "Managed_by": "terraform",
              "Name": "dev-payjack-us-east-2-app-subnet-3",
              "Owner": "mimi",
              "Project": "payjack",
              "Type": "Private",
              "kubernetes.io/role/elb": "1"
            },
            "timeouts": null,
            "vpc_id": "vpc-03ad51840c66d2b86"
          },
          "sensitive_attributes": [],
          "private": "eyJlMmJmYjczMC1lY2FhLTExZTYtOGY4OC0zNDM2M2JjN2M0YzAiOnsiY3JlYXRlIjo2MDAwMDAwMDAwMDAsImRlbGV0ZSI6MTIwMDAwMDAwMDAwMH0sInNjaGVtYV92ZXJzaW9uIjoiMSJ9",
          "dependencies": [
            "module.networking.aws_vpc.main",
            "module.networking.data.aws_availability_zones.available"
          ],
          "create_before_destroy": true
        }
      ]
    },
    {
      "module": "module.networking",
      "mode": "managed",
      "type": "aws_subnet",
      "name": "db_private",
      "provider": "provider[\"registry.terraform.io/hashicorp/aws\"]",
      "instances": [
        {
          "index_key": 0,
          "schema_version": 1,
          "attributes": {
            "arn": "arn:aws:ec2:us-east-2:975050283031:subnet/subnet-04fde9e24b47dedf6",
            "assign_ipv6_address_on_creation": false,
            "availability_zone": "us-east-2a",
            "availability_zone_id": "use2-az1",
            "cidr_block": "10.0.20.0/24",
            "customer_owned_ipv4_pool": "",
            "enable_dns64": false,
            "enable_lni_at_device_index": 0,
            "enable_resource_name_dns_a_record_on_launch": false,
            "enable_resource_name_dns_aaaa_record_on_launch": false,
            "id": "subnet-04fde9e24b47dedf6",
            "ipv6_cidr_block": "",
            "ipv6_cidr_block_association_id": "",
            "ipv6_native": false,
            "map_customer_owned_ip_on_launch": false,
            "map_public_ip_on_launch": false,
            "outpost_arn": "",
            "owner_id": "975050283031",
            "private_dns_hostname_type_on_launch": "ip-name",
            "tags": {
              "Environment": "dev",
              "Managed_by": "terraform",
              "Name": "dev-payjack-us-east-2-private-subnet-1",
              "Owner": "mimi",
              "Project": "payjack",
              "Type": "Private",
              "kubernetes.io/role/elb": "1"
            },
            "tags_all": {
              "Environment": "dev",
              "Managed_by": "terraform",
              "Name": "dev-payjack-us-east-2-private-subnet-1",
              "Owner": "mimi",
              "Project": "payjack",
              "Type": "Private",
              "kubernetes.io/role/elb": "1"
            },
            "timeouts": null,
            "vpc_id": "vpc-03ad51840c66d2b86"
          },
          "sensitive_attributes": [],
          "private": "eyJlMmJmYjczMC1lY2FhLTExZTYtOGY4OC0zNDM2M2JjN2M0YzAiOnsiY3JlYXRlIjo2MDAwMDAwMDAwMDAsImRlbGV0ZSI6MTIwMDAwMDAwMDAwMH0sInNjaGVtYV92ZXJzaW9uIjoiMSJ9",
          "dependencies": [
            "module.networking.aws_vpc.main",
            "module.networking.data.aws_availability_zones.available"
          ],
          "create_before_destroy": true
        },
        {
          "index_key": 1,
          "schema_version": 1,
          "attributes": {
            "arn": "arn:aws:ec2:us-east-2:975050283031:subnet/subnet-0a1c8e7f8ac7b1f20",
            "assign_ipv6_address_on_creation": false,
            "availability_zone": "us-east-2b",
            "availability_zone_id": "use2-az2",
            "cidr_block": "10.0.21.0/24",
            "customer_owned_ipv4_pool": "",
            "enable_dns64": false,
            "enable_lni_at_device_index": 0,
            "enable_resource_name_dns_a_record_on_launch": false,
            "enable_resource_name_dns_aaaa_record_on_launch": false,
            "id": "subnet-0a1c8e7f8ac7b1f20",
            "ipv6_cidr_block": "",
            "ipv6_cidr_block_association_id": "",
            "ipv6_native": false,
            "map_customer_owned_ip_on_launch": false,
            "map_public_ip_on_launch": false,
            "outpost_arn": "",
            "owner_id": "975050283031",
            "private_dns_hostname_type_on_launch": "ip-name",
            "tags": {
              "Environment": "dev",
              "Managed_by": "terraform",
              "Name": "dev-payjack-us-east-2-private-subnet-2",
              "Owner": "mimi",
              "Project": "payjack",
              "Type": "Private",
              "kubernetes.io/role/elb": "1"
            },
            "tags_all": {
              "Environment": "dev",
              "Managed_by": "terraform",
              "Name": "dev-payjack-us-east-2-private-subnet-2",
              "Owner": "mimi",
              "Project": "payjack",
              "Type": "Private",
              "kubernetes.io/role/elb": "1"
            },
            "timeouts": null,
            "vpc_id": "vpc-03ad51840c66d2b86"
          },
          "sensitive_attributes": [],
          "private": "eyJlMmJmYjczMC1lY2FhLTExZTYtOGY4OC0zNDM2M2JjN2M0YzAiOnsiY3JlYXRlIjo2MDAwMDAwMDAwMDAsImRlbGV0ZSI6MTIwMDAwMDAwMDAwMH0sInNjaGVtYV92ZXJzaW9uIjoiMSJ9",
          "dependencies": [
            "module.networking.aws_vpc.main",
            "module.networking.data.aws_availability_zones.available"
          ],
          "create_before_destroy": true
        },
        {
          "index_key": 2,
          "schema_version": 1,
          "attributes": {
            "arn": "arn:aws:ec2:us-east-2:975050283031:subnet/subnet-019a993e168460ef7",
            "assign_ipv6_address_on_creation": false,
            "availability_zone": "us-east-2c",
            "availability_zone_id": "use2-az3",
            "cidr_block": "10.0.22.0/24",
            "customer_owned_ipv4_pool": "",
            "enable_dns64": false,
            "enable_lni_at_device_index": 0,
            "enable_resource_name_dns_a_record_on_launch": false,
            "enable_resource_name_dns_aaaa_record_on_launch": false,
            "id": "subnet-019a993e168460ef7",
            "ipv6_cidr_block": "",
            "ipv6_cidr_block_association_id": "",
            "ipv6_native": false,
            "map_customer_owned_ip_on_launch": false,
            "map_public_ip_on_launch": false,
            "outpost_arn": "",
            "owner_id": "975050283031",
            "private_dns_hostname_type_on_launch": "ip-name",
            "tags": {
              "Environment": "dev",
              "Managed_by": "terraform",
              "Name": "dev-payjack-us-east-2-private-subnet-3",
              "Owner": "mimi",
              "Project": "payjack",
              "Type": "Private",
              "kubernetes.io/role/elb": "1"
            },
            "tags_all": {
              "Environment": "dev",
              "Managed_by": "terraform",
              "Name": "dev-payjack-us-east-2-private-subnet-3",
              "Owner": "mimi",
              "Project": "payjack",
              "Type": "Private",
              "kubernetes.io/role/elb": "1"
            },
            "timeouts": null,
            "vpc_id": "vpc-03ad51840c66d2b86"
          },
          "sensitive_attributes": [],
          "private": "eyJlMmJmYjczMC1lY2FhLTExZTYtOGY4OC0zNDM2M2JjN2M0YzAiOnsiY3JlYXRlIjo2MDAwMDAwMDAwMDAsImRlbGV0ZSI6MTIwMDAwMDAwMDAwMH0sInNjaGVtYV92ZXJzaW9uIjoiMSJ9",
          "dependencies": [
            "module.networking.aws_vpc.main",
            "module.networking.data.aws_availability_zones.available"
          ],
          "create_before_destroy": true
        }
      ]
    },
    {
      "module": "module.networking",
      "mode": "managed",
      "type": "aws_subnet",
      "name": "public",
      "provider": "provider[\"registry.terraform.io/hashicorp/aws\"]",
      "instances": [
        {
          "index_key": 0,
          "schema_version": 1,
          "attributes": {
            "arn": "arn:aws:ec2:us-east-2:975050283031:subnet/subnet-0ffd420295d8a7862",
            "assign_ipv6_address_on_creation": false,
            "availability_zone": "us-east-2a",
            "availability_zone_id": "use2-az1",
            "cidr_block": "10.0.0.0/24",
            "customer_owned_ipv4_pool": "",
            "enable_dns64": false,
            "enable_lni_at_device_index": 0,
            "enable_resource_name_dns_a_record_on_launch": false,
            "enable_resource_name_dns_aaaa_record_on_launch": false,
            "id": "subnet-0ffd420295d8a7862",
            "ipv6_cidr_block": "",
            "ipv6_cidr_block_association_id": "",
            "ipv6_native": false,
            "map_customer_owned_ip_on_launch": false,
            "map_public_ip_on_launch": true,
            "outpost_arn": "",
            "owner_id": "975050283031",
            "private_dns_hostname_type_on_launch": "ip-name",
            "tags": {
              "Environment": "dev",
              "Managed_by": "terraform",
              "Name": "dev-payjack-us-east-2-public-subnet-1",
              "Owner": "mimi",
              "Project": "payjack",
              "Type": "Public",
              "kubernetes.io/role/elb": "1"
            },
            "tags_all": {
              "Environment": "dev",
              "Managed_by": "terraform",
              "Name": "dev-payjack-us-east-2-public-subnet-1",
              "Owner": "mimi",
              "Project": "payjack",
              "Type": "Public",
              "kubernetes.io/role/elb": "1"
            },
            "timeouts": null,
            "vpc_id": "vpc-03ad51840c66d2b86"
          },
          "sensitive_attributes": [],
          "private": "eyJlMmJmYjczMC1lY2FhLTExZTYtOGY4OC0zNDM2M2JjN2M0YzAiOnsiY3JlYXRlIjo2MDAwMDAwMDAwMDAsImRlbGV0ZSI6MTIwMDAwMDAwMDAwMH0sInNjaGVtYV92ZXJzaW9uIjoiMSJ9",
          "dependencies": [
            "module.networking.aws_vpc.main",
            "module.networking.data.aws_availability_zones.available"
          ],
          "create_before_destroy": true
        },
        {
          "index_key": 1,
          "schema_version": 1,
          "attributes": {
            "arn": "arn:aws:ec2:us-east-2:975050283031:subnet/subnet-0959815156bfbe293",
            "assign_ipv6_address_on_creation": false,
            "availability_zone": "us-east-2b",
            "availability_zone_id": "use2-az2",
            "cidr_block": "10.0.1.0/24",
            "customer_owned_ipv4_pool": "",
            "enable_dns64": false,
            "enable_lni_at_device_index": 0,
            "enable_resource_name_dns_a_record_on_launch": false,
            "enable_resource_name_dns_aaaa_record_on_launch": false,
            "id": "subnet-0959815156bfbe293",
            "ipv6_cidr_block": "",
            "ipv6_cidr_block_association_id": "",
            "ipv6_native": false,
            "map_customer_owned_ip_on_launch": false,
            "map_public_ip_on_launch": true,
            "outpost_arn": "",
            "owner_id": "975050283031",
            "private_dns_hostname_type_on_launch": "ip-name",
            "tags": {
              "Environment": "dev",
              "Managed_by": "terraform",
              "Name": "dev-payjack-us-east-2-public-subnet-2",
              "Owner": "mimi",
              "Project": "payjack",
              "Type": "Public",
              "kubernetes.io/role/elb": "1"
            },
            "tags_all": {
              "Environment": "dev",
              "Managed_by": "terraform",
              "Name": "dev-payjack-us-east-2-public-subnet-2",
              "Owner": "mimi",
              "Project": "payjack",
              "Type": "Public",
              "kubernetes.io/role/elb": "1"
            },
            "timeouts": null,
            "vpc_id": "vpc-03ad51840c66d2b86"
          },
          "sensitive_attributes": [],
          "private": "eyJlMmJmYjczMC1lY2FhLTExZTYtOGY4OC0zNDM2M2JjN2M0YzAiOnsiY3JlYXRlIjo2MDAwMDAwMDAwMDAsImRlbGV0ZSI6MTIwMDAwMDAwMDAwMH0sInNjaGVtYV92ZXJzaW9uIjoiMSJ9",
          "dependencies": [
            "module.networking.aws_vpc.main",
            "module.networking.data.aws_availability_zones.available"
          ],
          "create_before_destroy": true
        },
        {
          "index_key": 2,
          "schema_version": 1,
          "attributes": {
            "arn": "arn:aws:ec2:us-east-2:975050283031:subnet/subnet-0039aa7acfe132049",
            "assign_ipv6_address_on_creation": false,
            "availability_zone": "us-east-2c",
            "availability_zone_id": "use2-az3",
            "cidr_block": "10.0.2.0/24",
            "customer_owned_ipv4_pool": "",
            "enable_dns64": false,
            "enable_lni_at_device_index": 0,
            "enable_resource_name_dns_a_record_on_launch": false,
            "enable_resource_name_dns_aaaa_record_on_launch": false,
            "id": "subnet-0039aa7acfe132049",
            "ipv6_cidr_block": "",
            "ipv6_cidr_block_association_id": "",
            "ipv6_native": false,
            "map_customer_owned_ip_on_launch": false,
            "map_public_ip_on_launch": true,
            "outpost_arn": "",
            "owner_id": "975050283031",
            "private_dns_hostname_type_on_launch": "ip-name",
            "tags": {
              "Environment": "dev",
              "Managed_by": "terraform",
              "Name": "dev-payjack-us-east-2-public-subnet-3",
              "Owner": "mimi",
              "Project": "payjack",
              "Type": "Public",
              "kubernetes.io/role/elb": "1"
            },
            "tags_all": {
              "Environment": "dev",
              "Managed_by": "terraform",
              "Name": "dev-payjack-us-east-2-public-subnet-3",
              "Owner": "mimi",
              "Project": "payjack",
              "Type": "Public",
              "kubernetes.io/role/elb": "1"
            },
            "timeouts": null,
            "vpc_id": "vpc-03ad51840c66d2b86"
          },
          "sensitive_attributes": [],
          "private": "eyJlMmJmYjczMC1lY2FhLTExZTYtOGY4OC0zNDM2M2JjN2M0YzAiOnsiY3JlYXRlIjo2MDAwMDAwMDAwMDAsImRlbGV0ZSI6MTIwMDAwMDAwMDAwMH0sInNjaGVtYV92ZXJzaW9uIjoiMSJ9",
          "dependencies": [
            "module.networking.aws_vpc.main",
            "module.networking.data.aws_availability_zones.available"
          ],
          "create_before_destroy": true
        }
      ]
    },
    {
      "module": "module.networking",
      "mode": "managed",
      "type": "aws_vpc",
      "name": "main",
      "provider": "provider[\"registry.terraform.io/hashicorp/aws\"]",
      "instances": [
        {
          "schema_version": 1,
          "attributes": {
            "arn": "arn:aws:ec2:us-east-2:975050283031:vpc/vpc-03ad51840c66d2b86",
            "assign_generated_ipv6_cidr_block": false,
            "cidr_block": "10.0.0.0/16",
            "default_network_acl_id": "acl-033e22d5fc4cd98cf",
            "default_route_table_id": "rtb-0534106872a92a1df",
            "default_security_group_id": "sg-0e28cb2eb4200e22f",
            "dhcp_options_id": "dopt-0e051d47ed56c77ee",
            "enable_dns_hostnames": true,
            "enable_dns_support": true,
            "enable_network_address_usage_metrics": false,
            "id": "vpc-03ad51840c66d2b86",
            "instance_tenancy": "default",
            "ipv4_ipam_pool_id": null,
            "ipv4_netmask_length": null,
            "ipv6_association_id": "",
            "ipv6_cidr_block": "",
            "ipv6_cidr_block_network_border_group": "",
            "ipv6_ipam_pool_id": "",
            "ipv6_netmask_length": 0,
            "main_route_table_id": "rtb-0534106872a92a1df",
            "owner_id": "975050283031",
            "tags": {
              "Environment": "dev",
              "Managed_by": "terraform",
              "Name": "dev-payjack-us-east-2-vpc",
              "Owner": "mimi",
              "Project": "payjack"
            },
            "tags_all": {
              "Environment": "dev",
              "Managed_by": "terraform",
              "Name": "dev-payjack-us-east-2-vpc",
              "Owner": "mimi",
              "Project": "payjack"
            }
          },
          "sensitive_attributes": [],
          "private": "eyJzY2hlbWFfdmVyc2lvbiI6IjEifQ==",
          "create_before_destroy": true
        }
      ]
    },
    {
      "module": "module.security",
      "mode": "data",
      "type": "aws_ssm_parameter",
      "name": "vpc_id",
      "provider": "provider[\"registry.terraform.io/hashicorp/aws\"]",
      "instances": [
        {
          "schema_version": 0,
          "attributes": {
            "arn": "arn:aws:ssm:us-east-2:975050283031:parameter/dev-payjack-us-east-2/vpc_id",
            "id": "/dev-payjack-us-east-2/vpc_id",
            "insecure_value": "",
            "name": "/dev-payjack-us-east-2/vpc_id",
            "type": "SecureString",
            "value": "vpc-03ad51840c66d2b86",
            "version": 1,
            "with_decryption": true
          },
          "sensitive_attributes": [
            [
              {
                "type": "get_attr",
                "value": "value"
              }
            ]
          ]
        }
      ]
    },
    {
      "module": "module.security",
      "mode": "managed",
      "type": "aws_security_group",
      "name": "admin_sg",
      "provider": "provider[\"registry.terraform.io/hashicorp/aws\"]",
      "instances": [
        {
          "schema_version": 1,
          "attributes": {
            "arn": "arn:aws:ec2:us-east-2:975050283031:security-group/sg-05376625a4037ab96",
            "description": "Security group for Bastion Host",
            "egress": [
              {
                "cidr_blocks": [
                  "0.0.0.0/0"
                ],
                "description": "Allow traffic to anywhere",
                "from_port": 0,
                "ipv6_cidr_blocks": [],
                "prefix_list_ids": [],
                "protocol": "-1",
                "security_groups": [],
                "self": false,
                "to_port": 0
              }
            ],
            "id": "sg-05376625a4037ab96",
            "ingress": [],
            "name": "dev-payjack-us-east-2-admin-sg",
            "name_prefix": "",
            "owner_id": "975050283031",
            "revoke_rules_on_delete": false,
            "tags": null,
            "tags_all": {},
            "timeouts": null,
            "vpc_id": "vpc-03ad51840c66d2b86"
          },
          "sensitive_attributes": [
            [
              {
                "type": "get_attr",
                "value": "vpc_id"
              }
            ]
          ],
          "private": "eyJlMmJmYjczMC1lY2FhLTExZTYtOGY4OC0zNDM2M2JjN2M0YzAiOnsiY3JlYXRlIjo2MDAwMDAwMDAwMDAsImRlbGV0ZSI6OTAwMDAwMDAwMDAwfSwic2NoZW1hX3ZlcnNpb24iOiIxIn0=",
          "dependencies": [
            "module.networking.aws_eip.nat_eip",
            "module.networking.aws_internet_gateway.igw",
            "module.networking.aws_nat_gateway.nat",
            "module.networking.aws_route_table.private",
            "module.networking.aws_route_table.public",
            "module.networking.aws_route_table_association.app_private",
            "module.networking.aws_route_table_association.db_private",
            "module.networking.aws_route_table_association.public",
            "module.networking.aws_ssm_parameter.app_private_subnet_ids",
            "module.networking.aws_ssm_parameter.db_private_subnet_ids",
            "module.networking.aws_ssm_parameter.igw_id",
            "module.networking.aws_ssm_parameter.nat_id",
            "module.networking.aws_ssm_parameter.private_rt_id",
            "module.networking.aws_ssm_parameter.public_rt_id",
            "module.networking.aws_ssm_parameter.public_subnet_ids",
            "module.networking.aws_ssm_parameter.vpc_id",
            "module.networking.aws_subnet.app_private",
            "module.networking.aws_subnet.db_private",
            "module.networking.aws_subnet.public",
            "module.networking.aws_vpc.main",
            "module.networking.data.aws_availability_zones.available",
            "module.networking.data.aws_ssm_parameter.app_private_subnet_ids",
            "module.networking.data.aws_ssm_parameter.db_private_subnet_ids",
            "module.networking.data.aws_ssm_parameter.public_subnet_ids",
            "module.networking.data.aws_ssm_parameter.vpc_id",
            "module.security.data.aws_ssm_parameter.vpc_id"
          ],
          "create_before_destroy": true
        }
      ]
    },
    {
      "module": "module.security",
      "mode": "managed",
      "type": "aws_security_group",
      "name": "alb_sg",
      "provider": "provider[\"registry.terraform.io/hashicorp/aws\"]",
      "instances": [
        {
          "schema_version": 1,
          "attributes": {
            "arn": "arn:aws:ec2:us-east-2:975050283031:security-group/sg-05e8bc5a9ad01314a",
            "description": "Security group for ALB",
            "egress": [
              {
                "cidr_blocks": [
                  "0.0.0.0/0"
                ],
                "description": "Allow all traffic to anywhere",
                "from_port": 0,
                "ipv6_cidr_blocks": [],
                "prefix_list_ids": [],
                "protocol": "-1",
                "security_groups": [],
                "self": false,
                "to_port": 0
              }
            ],
            "id": "sg-05e8bc5a9ad01314a",
            "ingress": [
              {
                "cidr_blocks": [
                  "0.0.0.0/0"
                ],
                "description": "Allow HTTPS traffic to ALB",
                "from_port": 443,
                "ipv6_cidr_blocks": [],
                "prefix_list_ids": [],
                "protocol": "tcp",
                "security_groups": [],
                "self": false,
                "to_port": 443
              }
            ],
            "name": "dev-payjack-us-east-2-alb-sg",
            "name_prefix": "",
            "owner_id": "975050283031",
            "revoke_rules_on_delete": false,
            "tags": {
              "Environment": "dev",
              "Managed_by": "terraform",
              "Name": "dev-payjack-us-east-2-alb-sg",
              "Owner": "mimi",
              "Project": "payjack"
            },
            "tags_all": {
              "Environment": "dev",
              "Managed_by": "terraform",
              "Name": "dev-payjack-us-east-2-alb-sg",
              "Owner": "mimi",
              "Project": "payjack"
            },
            "timeouts": null,
            "vpc_id": "vpc-03ad51840c66d2b86"
          },
          "sensitive_attributes": [
            [
              {
                "type": "get_attr",
                "value": "vpc_id"
              }
            ]
          ],
          "private": "eyJlMmJmYjczMC1lY2FhLTExZTYtOGY4OC0zNDM2M2JjN2M0YzAiOnsiY3JlYXRlIjo2MDAwMDAwMDAwMDAsImRlbGV0ZSI6OTAwMDAwMDAwMDAwfSwic2NoZW1hX3ZlcnNpb24iOiIxIn0=",
          "dependencies": [
            "module.networking.aws_eip.nat_eip",
            "module.networking.aws_internet_gateway.igw",
            "module.networking.aws_nat_gateway.nat",
            "module.networking.aws_route_table.private",
            "module.networking.aws_route_table.public",
            "module.networking.aws_route_table_association.app_private",
            "module.networking.aws_route_table_association.db_private",
            "module.networking.aws_route_table_association.public",
            "module.networking.aws_ssm_parameter.app_private_subnet_ids",
            "module.networking.aws_ssm_parameter.db_private_subnet_ids",
            "module.networking.aws_ssm_parameter.igw_id",
            "module.networking.aws_ssm_parameter.nat_id",
            "module.networking.aws_ssm_parameter.private_rt_id",
            "module.networking.aws_ssm_parameter.public_rt_id",
            "module.networking.aws_ssm_parameter.public_subnet_ids",
            "module.networking.aws_ssm_parameter.vpc_id",
            "module.networking.aws_subnet.app_private",
            "module.networking.aws_subnet.db_private",
            "module.networking.aws_subnet.public",
            "module.networking.aws_vpc.main",
            "module.networking.data.aws_availability_zones.available",
            "module.networking.data.aws_ssm_parameter.app_private_subnet_ids",
            "module.networking.data.aws_ssm_parameter.db_private_subnet_ids",
            "module.networking.data.aws_ssm_parameter.public_subnet_ids",
            "module.networking.data.aws_ssm_parameter.vpc_id",
            "module.security.data.aws_ssm_parameter.vpc_id"
          ],
          "create_before_destroy": true
        }
      ]
    },
    {
      "module": "module.security",
      "mode": "managed",
      "type": "aws_security_group",
      "name": "asg_sg",
      "provider": "provider[\"registry.terraform.io/hashicorp/aws\"]",
      "instances": [
        {
          "schema_version": 1,
          "attributes": {
            "arn": "arn:aws:ec2:us-east-2:975050283031:security-group/sg-00b8449968a03bad8",
            "description": "Security group for ASG",
            "egress": [
              {
                "cidr_blocks": [
                  "0.0.0.0/0"
                ],
                "description": "Allow all traffic to anywhere",
                "from_port": 0,
                "ipv6_cidr_blocks": [],
                "prefix_list_ids": [],
                "protocol": "-1",
                "security_groups": [],
                "self": false,
                "to_port": 0
              }
            ],
            "id": "sg-00b8449968a03bad8",
            "ingress": [
              {
                "cidr_blocks": [
                  "0.0.0.0/0"
                ],
                "description": "Allow SSH traffic from anywhere",
                "from_port": 5000,
                "ipv6_cidr_blocks": [],
                "prefix_list_ids": [],
                "protocol": "tcp",
                "security_groups": [],
                "self": false,
                "to_port": 5000
              }
            ],
            "name": "dev-payjack-us-east-2-asg-sg",
            "name_prefix": "",
            "owner_id": "975050283031",
            "revoke_rules_on_delete": false,
            "tags": {
              "Environment": "dev",
              "Managed_by": "terraform",
              "Name": "dev-payjack-us-east-2-asg-sg",
              "Owner": "mimi",
              "Project": "payjack"
            },
            "tags_all": {
              "Environment": "dev",
              "Managed_by": "terraform",
              "Name": "dev-payjack-us-east-2-asg-sg",
              "Owner": "mimi",
              "Project": "payjack"
            },
            "timeouts": null,
            "vpc_id": "vpc-03ad51840c66d2b86"
          },
          "sensitive_attributes": [
            [
              {
                "type": "get_attr",
                "value": "vpc_id"
              }
            ]
          ],
          "private": "eyJlMmJmYjczMC1lY2FhLTExZTYtOGY4OC0zNDM2M2JjN2M0YzAiOnsiY3JlYXRlIjo2MDAwMDAwMDAwMDAsImRlbGV0ZSI6OTAwMDAwMDAwMDAwfSwic2NoZW1hX3ZlcnNpb24iOiIxIn0=",
          "dependencies": [
            "module.networking.aws_eip.nat_eip",
            "module.networking.aws_internet_gateway.igw",
            "module.networking.aws_nat_gateway.nat",
            "module.networking.aws_route_table.private",
            "module.networking.aws_route_table.public",
            "module.networking.aws_route_table_association.app_private",
            "module.networking.aws_route_table_association.db_private",
            "module.networking.aws_route_table_association.public",
            "module.networking.aws_ssm_parameter.app_private_subnet_ids",
            "module.networking.aws_ssm_parameter.db_private_subnet_ids",
            "module.networking.aws_ssm_parameter.igw_id",
            "module.networking.aws_ssm_parameter.nat_id",
            "module.networking.aws_ssm_parameter.private_rt_id",
            "module.networking.aws_ssm_parameter.public_rt_id",
            "module.networking.aws_ssm_parameter.public_subnet_ids",
            "module.networking.aws_ssm_parameter.vpc_id",
            "module.networking.aws_subnet.app_private",
            "module.networking.aws_subnet.db_private",
            "module.networking.aws_subnet.public",
            "module.networking.aws_vpc.main",
            "module.networking.data.aws_availability_zones.available",
            "module.networking.data.aws_ssm_parameter.app_private_subnet_ids",
            "module.networking.data.aws_ssm_parameter.db_private_subnet_ids",
            "module.networking.data.aws_ssm_parameter.public_subnet_ids",
            "module.networking.data.aws_ssm_parameter.vpc_id",
            "module.security.data.aws_ssm_parameter.vpc_id"
          ],
          "create_before_destroy": true
        }
      ]
    },
    {
      "module": "module.security",
      "mode": "managed",
      "type": "aws_security_group",
      "name": "elasticache_sg",
      "provider": "provider[\"registry.terraform.io/hashicorp/aws\"]",
      "instances": [
        {
          "schema_version": 1,
          "attributes": {
            "arn": "arn:aws:ec2:us-east-2:975050283031:security-group/sg-09b4776b52924517a",
            "description": "Security group for ElastiCache",
            "egress": [
              {
                "cidr_blocks": [
                  "0.0.0.0/0"
                ],
                "description": "Allow all traffic to anywhere",
                "from_port": 0,
                "ipv6_cidr_blocks": [],
                "prefix_list_ids": [],
                "protocol": "-1",
                "security_groups": [],
                "self": false,
                "to_port": 0
              }
            ],
            "id": "sg-09b4776b52924517a",
            "ingress": [
              {
                "cidr_blocks": [
                  "0.0.0.0/0"
                ],
                "description": "Allow traffic from anywhere",
                "from_port": 6379,
                "ipv6_cidr_blocks": [],
                "prefix_list_ids": [],
                "protocol": "tcp",
                "security_groups": [],
                "self": false,
                "to_port": 6379
              }
            ],
            "name": "dev-payjack-us-east-2-elasticache-sg",
            "name_prefix": "",
            "owner_id": "975050283031",
            "revoke_rules_on_delete": false,
            "tags": {
              "Environment": "dev",
              "Managed_by": "terraform",
              "Name": "dev-payjack-us-east-2-elasticache-sg",
              "Owner": "mimi",
              "Project": "payjack"
            },
            "tags_all": {
              "Environment": "dev",
              "Managed_by": "terraform",
              "Name": "dev-payjack-us-east-2-elasticache-sg",
              "Owner": "mimi",
              "Project": "payjack"
            },
            "timeouts": null,
            "vpc_id": "vpc-03ad51840c66d2b86"
          },
          "sensitive_attributes": [
            [
              {
                "type": "get_attr",
                "value": "vpc_id"
              }
            ]
          ],
          "private": "eyJlMmJmYjczMC1lY2FhLTExZTYtOGY4OC0zNDM2M2JjN2M0YzAiOnsiY3JlYXRlIjo2MDAwMDAwMDAwMDAsImRlbGV0ZSI6OTAwMDAwMDAwMDAwfSwic2NoZW1hX3ZlcnNpb24iOiIxIn0=",
          "dependencies": [
            "module.networking.aws_eip.nat_eip",
            "module.networking.aws_internet_gateway.igw",
            "module.networking.aws_nat_gateway.nat",
            "module.networking.aws_route_table.private",
            "module.networking.aws_route_table.public",
            "module.networking.aws_route_table_association.app_private",
            "module.networking.aws_route_table_association.db_private",
            "module.networking.aws_route_table_association.public",
            "module.networking.aws_ssm_parameter.app_private_subnet_ids",
            "module.networking.aws_ssm_parameter.db_private_subnet_ids",
            "module.networking.aws_ssm_parameter.igw_id",
            "module.networking.aws_ssm_parameter.nat_id",
            "module.networking.aws_ssm_parameter.private_rt_id",
            "module.networking.aws_ssm_parameter.public_rt_id",
            "module.networking.aws_ssm_parameter.public_subnet_ids",
            "module.networking.aws_ssm_parameter.vpc_id",
            "module.networking.aws_subnet.app_private",
            "module.networking.aws_subnet.db_private",
            "module.networking.aws_subnet.public",
            "module.networking.aws_vpc.main",
            "module.networking.data.aws_availability_zones.available",
            "module.networking.data.aws_ssm_parameter.app_private_subnet_ids",
            "module.networking.data.aws_ssm_parameter.db_private_subnet_ids",
            "module.networking.data.aws_ssm_parameter.public_subnet_ids",
            "module.networking.data.aws_ssm_parameter.vpc_id",
            "module.security.data.aws_ssm_parameter.vpc_id"
          ],
          "create_before_destroy": true
        }
      ]
    },
    {
      "module": "module.security",
      "mode": "managed",
      "type": "aws_security_group",
      "name": "kafka_sg",
      "provider": "provider[\"registry.terraform.io/hashicorp/aws\"]",
      "instances": [
        {
          "schema_version": 1,
          "attributes": {
            "arn": "arn:aws:ec2:us-east-2:975050283031:security-group/sg-00f6e70ef4db82d10",
            "description": "Security group for Kafka",
            "egress": [
              {
                "cidr_blocks": [
                  "0.0.0.0/0"
                ],
                "description": "Allow all traffic to anywhere",
                "from_port": 0,
                "ipv6_cidr_blocks": [],
                "prefix_list_ids": [],
                "protocol": "-1",
                "security_groups": [],
                "self": false,
                "to_port": 0
              }
            ],
            "id": "sg-00f6e70ef4db82d10",
            "ingress": [
              {
                "cidr_blocks": [
                  "0.0.0.0/0"
                ],
                "description": "Allow traffic from anywhere",
                "from_port": 9092,
                "ipv6_cidr_blocks": [],
                "prefix_list_ids": [],
                "protocol": "tcp",
                "security_groups": [],
                "self": false,
                "to_port": 9092
              }
            ],
            "name": "dev-payjack-us-east-2-kafka-sg",
            "name_prefix": "",
            "owner_id": "975050283031",
            "revoke_rules_on_delete": false,
            "tags": {
              "Environment": "dev",
              "Managed_by": "terraform",
              "Name": "dev-payjack-us-east-2-kafka-sg",
              "Owner": "mimi",
              "Project": "payjack"
            },
            "tags_all": {
              "Environment": "dev",
              "Managed_by": "terraform",
              "Name": "dev-payjack-us-east-2-kafka-sg",
              "Owner": "mimi",
              "Project": "payjack"
            },
            "timeouts": null,
            "vpc_id": "vpc-03ad51840c66d2b86"
          },
          "sensitive_attributes": [
            [
              {
                "type": "get_attr",
                "value": "vpc_id"
              }
            ]
          ],
          "private": "eyJlMmJmYjczMC1lY2FhLTExZTYtOGY4OC0zNDM2M2JjN2M0YzAiOnsiY3JlYXRlIjo2MDAwMDAwMDAwMDAsImRlbGV0ZSI6OTAwMDAwMDAwMDAwfSwic2NoZW1hX3ZlcnNpb24iOiIxIn0=",
          "dependencies": [
            "module.networking.aws_eip.nat_eip",
            "module.networking.aws_internet_gateway.igw",
            "module.networking.aws_nat_gateway.nat",
            "module.networking.aws_route_table.private",
            "module.networking.aws_route_table.public",
            "module.networking.aws_route_table_association.app_private",
            "module.networking.aws_route_table_association.db_private",
            "module.networking.aws_route_table_association.public",
            "module.networking.aws_ssm_parameter.app_private_subnet_ids",
            "module.networking.aws_ssm_parameter.db_private_subnet_ids",
            "module.networking.aws_ssm_parameter.igw_id",
            "module.networking.aws_ssm_parameter.nat_id",
            "module.networking.aws_ssm_parameter.private_rt_id",
            "module.networking.aws_ssm_parameter.public_rt_id",
            "module.networking.aws_ssm_parameter.public_subnet_ids",
            "module.networking.aws_ssm_parameter.vpc_id",
            "module.networking.aws_subnet.app_private",
            "module.networking.aws_subnet.db_private",
            "module.networking.aws_subnet.public",
            "module.networking.aws_vpc.main",
            "module.networking.data.aws_availability_zones.available",
            "module.networking.data.aws_ssm_parameter.app_private_subnet_ids",
            "module.networking.data.aws_ssm_parameter.db_private_subnet_ids",
            "module.networking.data.aws_ssm_parameter.public_subnet_ids",
            "module.networking.data.aws_ssm_parameter.vpc_id",
            "module.security.data.aws_ssm_parameter.vpc_id"
          ],
          "create_before_destroy": true
        }
      ]
    },
    {
      "module": "module.security",
      "mode": "managed",
      "type": "aws_security_group",
      "name": "rds_sg",
      "provider": "provider[\"registry.terraform.io/hashicorp/aws\"]",
      "instances": [
        {
          "schema_version": 1,
          "attributes": {
            "arn": "arn:aws:ec2:us-east-2:975050283031:security-group/sg-0a5f3e01428cc1659",
            "description": "Allow MySQL",
            "egress": [
              {
                "cidr_blocks": [
                  "0.0.0.0/0"
                ],
                "description": "",
                "from_port": 0,
                "ipv6_cidr_blocks": [],
                "prefix_list_ids": [],
                "protocol": "-1",
                "security_groups": [],
                "self": false,
                "to_port": 0
              }
            ],
            "id": "sg-0a5f3e01428cc1659",
            "ingress": [
              {
                "cidr_blocks": [
                  "0.0.0.0/0"
                ],
                "description": "",
                "from_port": 3306,
                "ipv6_cidr_blocks": [],
                "prefix_list_ids": [],
                "protocol": "tcp",
                "security_groups": [],
                "self": false,
                "to_port": 3306
              }
            ],
            "name": "dev-payjack-us-east-2-rds-sg",
            "name_prefix": "",
            "owner_id": "975050283031",
            "revoke_rules_on_delete": false,
            "tags": {
              "Environment": "dev",
              "Managed_by": "terraform",
              "Name": "dev-payjack-us-east-2-rds-sg",
              "Owner": "mimi",
              "Project": "payjack"
            },
            "tags_all": {
              "Environment": "dev",
              "Managed_by": "terraform",
              "Name": "dev-payjack-us-east-2-rds-sg",
              "Owner": "mimi",
              "Project": "payjack"
            },
            "timeouts": null,
            "vpc_id": "vpc-03ad51840c66d2b86"
          },
          "sensitive_attributes": [
            [
              {
                "type": "get_attr",
                "value": "vpc_id"
              }
            ]
          ],
          "private": "eyJlMmJmYjczMC1lY2FhLTExZTYtOGY4OC0zNDM2M2JjN2M0YzAiOnsiY3JlYXRlIjo2MDAwMDAwMDAwMDAsImRlbGV0ZSI6OTAwMDAwMDAwMDAwfSwic2NoZW1hX3ZlcnNpb24iOiIxIn0=",
          "dependencies": [
            "module.networking.aws_eip.nat_eip",
            "module.networking.aws_internet_gateway.igw",
            "module.networking.aws_nat_gateway.nat",
            "module.networking.aws_route_table.private",
            "module.networking.aws_route_table.public",
            "module.networking.aws_route_table_association.app_private",
            "module.networking.aws_route_table_association.db_private",
            "module.networking.aws_route_table_association.public",
            "module.networking.aws_ssm_parameter.app_private_subnet_ids",
            "module.networking.aws_ssm_parameter.db_private_subnet_ids",
            "module.networking.aws_ssm_parameter.igw_id",
            "module.networking.aws_ssm_parameter.nat_id",
            "module.networking.aws_ssm_parameter.private_rt_id",
            "module.networking.aws_ssm_parameter.public_rt_id",
            "module.networking.aws_ssm_parameter.public_subnet_ids",
            "module.networking.aws_ssm_parameter.vpc_id",
            "module.networking.aws_subnet.app_private",
            "module.networking.aws_subnet.db_private",
            "module.networking.aws_subnet.public",
            "module.networking.aws_vpc.main",
            "module.networking.data.aws_availability_zones.available",
            "module.networking.data.aws_ssm_parameter.app_private_subnet_ids",
            "module.networking.data.aws_ssm_parameter.db_private_subnet_ids",
            "module.networking.data.aws_ssm_parameter.public_subnet_ids",
            "module.networking.data.aws_ssm_parameter.vpc_id",
            "module.security.data.aws_ssm_parameter.vpc_id"
          ],
          "create_before_destroy": true
        }
      ]
    },
    {
      "module": "module.security",
      "mode": "managed",
      "type": "aws_ssm_parameter",
      "name": "admin_sg_id",
      "provider": "provider[\"registry.terraform.io/hashicorp/aws\"]",
      "instances": [
        {
          "schema_version": 0,
          "attributes": {
            "allowed_pattern": "",
            "arn": "arn:aws:ssm:us-east-2:975050283031:parameter/dev-payjack-us-east-2/admin_sg_id",
            "data_type": "text",
            "description": "",
            "has_value_wo": null,
            "id": "/dev-payjack-us-east-2/admin_sg_id",
            "insecure_value": null,
            "key_id": "",
            "name": "/dev-payjack-us-east-2/admin_sg_id",
            "overwrite": null,
            "tags": {
              "Environment": "dev",
              "Managed_by": "terraform",
              "Owner": "mimi",
              "Project": "payjack"
            },
            "tags_all": {
              "Environment": "dev",
              "Managed_by": "terraform",
              "Owner": "mimi",
              "Project": "payjack"
            },
            "tier": "Standard",
            "type": "String",
            "value": "sg-05376625a4037ab96",
            "value_wo": null,
            "value_wo_version": null,
            "version": 1
          },
          "sensitive_attributes": [
            [
              {
                "type": "get_attr",
                "value": "value"
              }
            ],
            [
              {
                "type": "get_attr",
                "value": "value_wo"
              }
            ]
          ],
          "private": "bnVsbA==",
          "dependencies": [
            "module.networking.aws_eip.nat_eip",
            "module.networking.aws_internet_gateway.igw",
            "module.networking.aws_nat_gateway.nat",
            "module.networking.aws_route_table.private",
            "module.networking.aws_route_table.public",
            "module.networking.aws_route_table_association.app_private",
            "module.networking.aws_route_table_association.db_private",
            "module.networking.aws_route_table_association.public",
            "module.networking.aws_ssm_parameter.app_private_subnet_ids",
            "module.networking.aws_ssm_parameter.db_private_subnet_ids",
            "module.networking.aws_ssm_parameter.igw_id",
            "module.networking.aws_ssm_parameter.nat_id",
            "module.networking.aws_ssm_parameter.private_rt_id",
            "module.networking.aws_ssm_parameter.public_rt_id",
            "module.networking.aws_ssm_parameter.public_subnet_ids",
            "module.networking.aws_ssm_parameter.vpc_id",
            "module.networking.aws_subnet.app_private",
            "module.networking.aws_subnet.db_private",
            "module.networking.aws_subnet.public",
            "module.networking.aws_vpc.main",
            "module.networking.data.aws_availability_zones.available",
            "module.networking.data.aws_ssm_parameter.app_private_subnet_ids",
            "module.networking.data.aws_ssm_parameter.db_private_subnet_ids",
            "module.networking.data.aws_ssm_parameter.public_subnet_ids",
            "module.networking.data.aws_ssm_parameter.vpc_id",
            "module.security.aws_security_group.admin_sg",
            "module.security.data.aws_ssm_parameter.vpc_id"
          ],
          "create_before_destroy": true
        }
      ]
    },
    {
      "module": "module.security",
      "mode": "managed",
      "type": "aws_ssm_parameter",
      "name": "alb_sg_id",
      "provider": "provider[\"registry.terraform.io/hashicorp/aws\"]",
      "instances": [
        {
          "schema_version": 0,
          "attributes": {
            "allowed_pattern": "",
            "arn": "arn:aws:ssm:us-east-2:975050283031:parameter/dev-payjack-us-east-2/alb_sg_id",
            "data_type": "text",
            "description": "",
            "has_value_wo": null,
            "id": "/dev-payjack-us-east-2/alb_sg_id",
            "insecure_value": null,
            "key_id": "",
            "name": "/dev-payjack-us-east-2/alb_sg_id",
            "overwrite": null,
            "tags": {
              "Environment": "dev",
              "Managed_by": "terraform",
              "Owner": "mimi",
              "Project": "payjack"
            },
            "tags_all": {
              "Environment": "dev",
              "Managed_by": "terraform",
              "Owner": "mimi",
              "Project": "payjack"
            },
            "tier": "Standard",
            "type": "String",
            "value": "sg-05e8bc5a9ad01314a",
            "value_wo": null,
            "value_wo_version": null,
            "version": 1
          },
          "sensitive_attributes": [
            [
              {
                "type": "get_attr",
                "value": "value"
              }
            ],
            [
              {
                "type": "get_attr",
                "value": "value_wo"
              }
            ]
          ],
          "private": "bnVsbA==",
          "dependencies": [
            "module.networking.aws_eip.nat_eip",
            "module.networking.aws_internet_gateway.igw",
            "module.networking.aws_nat_gateway.nat",
            "module.networking.aws_route_table.private",
            "module.networking.aws_route_table.public",
            "module.networking.aws_route_table_association.app_private",
            "module.networking.aws_route_table_association.db_private",
            "module.networking.aws_route_table_association.public",
            "module.networking.aws_ssm_parameter.app_private_subnet_ids",
            "module.networking.aws_ssm_parameter.db_private_subnet_ids",
            "module.networking.aws_ssm_parameter.igw_id",
            "module.networking.aws_ssm_parameter.nat_id",
            "module.networking.aws_ssm_parameter.private_rt_id",
            "module.networking.aws_ssm_parameter.public_rt_id",
            "module.networking.aws_ssm_parameter.public_subnet_ids",
            "module.networking.aws_ssm_parameter.vpc_id",
            "module.networking.aws_subnet.app_private",
            "module.networking.aws_subnet.db_private",
            "module.networking.aws_subnet.public",
            "module.networking.aws_vpc.main",
            "module.networking.data.aws_availability_zones.available",
            "module.networking.data.aws_ssm_parameter.app_private_subnet_ids",
            "module.networking.data.aws_ssm_parameter.db_private_subnet_ids",
            "module.networking.data.aws_ssm_parameter.public_subnet_ids",
            "module.networking.data.aws_ssm_parameter.vpc_id",
            "module.security.aws_security_group.alb_sg",
            "module.security.data.aws_ssm_parameter.vpc_id"
          ],
          "create_before_destroy": true
        }
      ]
    },
    {
      "module": "module.security",
      "mode": "managed",
      "type": "aws_ssm_parameter",
      "name": "asg_sg_id",
      "provider": "provider[\"registry.terraform.io/hashicorp/aws\"]",
      "instances": [
        {
          "schema_version": 0,
          "attributes": {
            "allowed_pattern": "",
            "arn": "arn:aws:ssm:us-east-2:975050283031:parameter/dev-payjack-us-east-2/asg_sg_id",
            "data_type": "text",
            "description": "",
            "has_value_wo": null,
            "id": "/dev-payjack-us-east-2/asg_sg_id",
            "insecure_value": null,
            "key_id": "",
            "name": "/dev-payjack-us-east-2/asg_sg_id",
            "overwrite": null,
            "tags": {
              "Environment": "dev",
              "Managed_by": "terraform",
              "Owner": "mimi",
              "Project": "payjack"
            },
            "tags_all": {
              "Environment": "dev",
              "Managed_by": "terraform",
              "Owner": "mimi",
              "Project": "payjack"
            },
            "tier": "Standard",
            "type": "String",
            "value": "sg-05376625a4037ab96",
            "value_wo": null,
            "value_wo_version": null,
            "version": 1
          },
          "sensitive_attributes": [
            [
              {
                "type": "get_attr",
                "value": "value_wo"
              }
            ],
            [
              {
                "type": "get_attr",
                "value": "value"
              }
            ]
          ],
          "private": "bnVsbA==",
          "dependencies": [
            "module.networking.aws_eip.nat_eip",
            "module.networking.aws_internet_gateway.igw",
            "module.networking.aws_nat_gateway.nat",
            "module.networking.aws_route_table.private",
            "module.networking.aws_route_table.public",
            "module.networking.aws_route_table_association.app_private",
            "module.networking.aws_route_table_association.db_private",
            "module.networking.aws_route_table_association.public",
            "module.networking.aws_ssm_parameter.app_private_subnet_ids",
            "module.networking.aws_ssm_parameter.db_private_subnet_ids",
            "module.networking.aws_ssm_parameter.igw_id",
            "module.networking.aws_ssm_parameter.nat_id",
            "module.networking.aws_ssm_parameter.private_rt_id",
            "module.networking.aws_ssm_parameter.public_rt_id",
            "module.networking.aws_ssm_parameter.public_subnet_ids",
            "module.networking.aws_ssm_parameter.vpc_id",
            "module.networking.aws_subnet.app_private",
            "module.networking.aws_subnet.db_private",
            "module.networking.aws_subnet.public",
            "module.networking.aws_vpc.main",
            "module.networking.data.aws_availability_zones.available",
            "module.networking.data.aws_ssm_parameter.app_private_subnet_ids",
            "module.networking.data.aws_ssm_parameter.db_private_subnet_ids",
            "module.networking.data.aws_ssm_parameter.public_subnet_ids",
            "module.networking.data.aws_ssm_parameter.vpc_id",
            "module.security.aws_security_group.admin_sg",
            "module.security.aws_security_group.asg_sg",
            "module.security.data.aws_ssm_parameter.vpc_id"
          ],
          "create_before_destroy": true
        }
      ]
    },
    {
      "module": "module.security",
      "mode": "managed",
      "type": "aws_ssm_parameter",
      "name": "elasticache_sg_id",
      "provider": "provider[\"registry.terraform.io/hashicorp/aws\"]",
      "instances": [
        {
          "schema_version": 0,
          "attributes": {
            "allowed_pattern": "",
            "arn": "arn:aws:ssm:us-east-2:975050283031:parameter/dev-payjack-us-east-2/elasticache_sg_id",
            "data_type": "text",
            "description": "",
            "has_value_wo": null,
            "id": "/dev-payjack-us-east-2/elasticache_sg_id",
            "insecure_value": null,
            "key_id": "",
            "name": "/dev-payjack-us-east-2/elasticache_sg_id",
            "overwrite": null,
            "tags": {
              "Environment": "dev",
              "Managed_by": "terraform",
              "Owner": "mimi",
              "Project": "payjack"
            },
            "tags_all": {
              "Environment": "dev",
              "Managed_by": "terraform",
              "Owner": "mimi",
              "Project": "payjack"
            },
            "tier": "Standard",
            "type": "String",
            "value": "sg-09b4776b52924517a",
            "value_wo": null,
            "value_wo_version": null,
            "version": 1
          },
          "sensitive_attributes": [
            [
              {
                "type": "get_attr",
                "value": "value_wo"
              }
            ],
            [
              {
                "type": "get_attr",
                "value": "value"
              }
            ]
          ],
          "private": "bnVsbA==",
          "dependencies": [
            "module.networking.aws_eip.nat_eip",
            "module.networking.aws_internet_gateway.igw",
            "module.networking.aws_nat_gateway.nat",
            "module.networking.aws_route_table.private",
            "module.networking.aws_route_table.public",
            "module.networking.aws_route_table_association.app_private",
            "module.networking.aws_route_table_association.db_private",
            "module.networking.aws_route_table_association.public",
            "module.networking.aws_ssm_parameter.app_private_subnet_ids",
            "module.networking.aws_ssm_parameter.db_private_subnet_ids",
            "module.networking.aws_ssm_parameter.igw_id",
            "module.networking.aws_ssm_parameter.nat_id",
            "module.networking.aws_ssm_parameter.private_rt_id",
            "module.networking.aws_ssm_parameter.public_rt_id",
            "module.networking.aws_ssm_parameter.public_subnet_ids",
            "module.networking.aws_ssm_parameter.vpc_id",
            "module.networking.aws_subnet.app_private",
            "module.networking.aws_subnet.db_private",
            "module.networking.aws_subnet.public",
            "module.networking.aws_vpc.main",
            "module.networking.data.aws_availability_zones.available",
            "module.networking.data.aws_ssm_parameter.app_private_subnet_ids",
            "module.networking.data.aws_ssm_parameter.db_private_subnet_ids",
            "module.networking.data.aws_ssm_parameter.public_subnet_ids",
            "module.networking.data.aws_ssm_parameter.vpc_id",
            "module.security.aws_security_group.elasticache_sg",
            "module.security.data.aws_ssm_parameter.vpc_id"
          ],
          "create_before_destroy": true
        }
      ]
    },
    {
      "module": "module.security",
      "mode": "managed",
      "type": "aws_ssm_parameter",
      "name": "kafka_sg_id",
      "provider": "provider[\"registry.terraform.io/hashicorp/aws\"]",
      "instances": [
        {
          "schema_version": 0,
          "attributes": {
            "allowed_pattern": "",
            "arn": "arn:aws:ssm:us-east-2:975050283031:parameter/dev-payjack-us-east-2/kafka_sg_id",
            "data_type": "text",
            "description": "",
            "has_value_wo": null,
            "id": "/dev-payjack-us-east-2/kafka_sg_id",
            "insecure_value": null,
            "key_id": "",
            "name": "/dev-payjack-us-east-2/kafka_sg_id",
            "overwrite": null,
            "tags": {
              "Environment": "dev",
              "Managed_by": "terraform",
              "Owner": "mimi",
              "Project": "payjack"
            },
            "tags_all": {
              "Environment": "dev",
              "Managed_by": "terraform",
              "Owner": "mimi",
              "Project": "payjack"
            },
            "tier": "Standard",
            "type": "String",
            "value": "sg-00f6e70ef4db82d10",
            "value_wo": null,
            "value_wo_version": null,
            "version": 1
          },
          "sensitive_attributes": [
            [
              {
                "type": "get_attr",
                "value": "value_wo"
              }
            ],
            [
              {
                "type": "get_attr",
                "value": "value"
              }
            ]
          ],
          "private": "bnVsbA==",
          "dependencies": [
            "module.networking.aws_eip.nat_eip",
            "module.networking.aws_internet_gateway.igw",
            "module.networking.aws_nat_gateway.nat",
            "module.networking.aws_route_table.private",
            "module.networking.aws_route_table.public",
            "module.networking.aws_route_table_association.app_private",
            "module.networking.aws_route_table_association.db_private",
            "module.networking.aws_route_table_association.public",
            "module.networking.aws_ssm_parameter.app_private_subnet_ids",
            "module.networking.aws_ssm_parameter.db_private_subnet_ids",
            "module.networking.aws_ssm_parameter.igw_id",
            "module.networking.aws_ssm_parameter.nat_id",
            "module.networking.aws_ssm_parameter.private_rt_id",
            "module.networking.aws_ssm_parameter.public_rt_id",
            "module.networking.aws_ssm_parameter.public_subnet_ids",
            "module.networking.aws_ssm_parameter.vpc_id",
            "module.networking.aws_subnet.app_private",
            "module.networking.aws_subnet.db_private",
            "module.networking.aws_subnet.public",
            "module.networking.aws_vpc.main",
            "module.networking.data.aws_availability_zones.available",
            "module.networking.data.aws_ssm_parameter.app_private_subnet_ids",
            "module.networking.data.aws_ssm_parameter.db_private_subnet_ids",
            "module.networking.data.aws_ssm_parameter.public_subnet_ids",
            "module.networking.data.aws_ssm_parameter.vpc_id",
            "module.security.aws_security_group.kafka_sg",
            "module.security.data.aws_ssm_parameter.vpc_id"
          ],
          "create_before_destroy": true
        }
      ]
    },
    {
      "module": "module.security",
      "mode": "managed",
      "type": "aws_ssm_parameter",
      "name": "rds_sg_id",
      "provider": "provider[\"registry.terraform.io/hashicorp/aws\"]",
      "instances": [
        {
          "schema_version": 0,
          "attributes": {
            "allowed_pattern": "",
            "arn": "arn:aws:ssm:us-east-2:975050283031:parameter/dev-payjack-us-east-2/rds_sg_id",
            "data_type": "text",
            "description": "",
            "has_value_wo": null,
            "id": "/dev-payjack-us-east-2/rds_sg_id",
            "insecure_value": null,
            "key_id": "",
            "name": "/dev-payjack-us-east-2/rds_sg_id",
            "overwrite": null,
            "tags": {
              "Environment": "dev",
              "Managed_by": "terraform",
              "Owner": "mimi",
              "Project": "payjack"
            },
            "tags_all": {
              "Environment": "dev",
              "Managed_by": "terraform",
              "Owner": "mimi",
              "Project": "payjack"
            },
            "tier": "Standard",
            "type": "String",
            "value": "sg-0a5f3e01428cc1659",
            "value_wo": null,
            "value_wo_version": null,
            "version": 1
          },
          "sensitive_attributes": [
            [
              {
                "type": "get_attr",
                "value": "value"
              }
            ],
            [
              {
                "type": "get_attr",
                "value": "value_wo"
              }
            ]
          ],
          "private": "bnVsbA==",
          "dependencies": [
            "module.networking.aws_eip.nat_eip",
            "module.networking.aws_internet_gateway.igw",
            "module.networking.aws_nat_gateway.nat",
            "module.networking.aws_route_table.private",
            "module.networking.aws_route_table.public",
            "module.networking.aws_route_table_association.app_private",
            "module.networking.aws_route_table_association.db_private",
            "module.networking.aws_route_table_association.public",
            "module.networking.aws_ssm_parameter.app_private_subnet_ids",
            "module.networking.aws_ssm_parameter.db_private_subnet_ids",
            "module.networking.aws_ssm_parameter.igw_id",
            "module.networking.aws_ssm_parameter.nat_id",
            "module.networking.aws_ssm_parameter.private_rt_id",
            "module.networking.aws_ssm_parameter.public_rt_id",
            "module.networking.aws_ssm_parameter.public_subnet_ids",
            "module.networking.aws_ssm_parameter.vpc_id",
            "module.networking.aws_subnet.app_private",
            "module.networking.aws_subnet.db_private",
            "module.networking.aws_subnet.public",
            "module.networking.aws_vpc.main",
            "module.networking.data.aws_availability_zones.available",
            "module.networking.data.aws_ssm_parameter.app_private_subnet_ids",
            "module.networking.data.aws_ssm_parameter.db_private_subnet_ids",
            "module.networking.data.aws_ssm_parameter.public_subnet_ids",
            "module.networking.data.aws_ssm_parameter.vpc_id",
            "module.security.aws_security_group.rds_sg",
            "module.security.data.aws_ssm_parameter.vpc_id"
          ],
          "create_before_destroy": true
        }
      ]
    },
    {
      "module": "module.services",
      "mode": "data",
      "type": "aws_ssm_parameter",
      "name": "db_private_subnet_ids",
      "provider": "provider[\"registry.terraform.io/hashicorp/aws\"]",
      "instances": [
        {
          "schema_version": 0,
          "attributes": {
            "arn": "arn:aws:ssm:us-east-2:975050283031:parameter/dev-payjack-us-east-2/db_subnet_ids",
            "id": "/dev-payjack-us-east-2/db_subnet_ids",
            "insecure_value": "subnet-04fde9e24b47dedf6,subnet-0a1c8e7f8ac7b1f20,subnet-019a993e168460ef7",
            "name": "/dev-payjack-us-east-2/db_subnet_ids",
            "type": "StringList",
            "value": "subnet-04fde9e24b47dedf6,subnet-0a1c8e7f8ac7b1f20,subnet-019a993e168460ef7",
            "version": 1,
            "with_decryption": true
          },
          "sensitive_attributes": [
            [
              {
                "type": "get_attr",
                "value": "value"
              }
            ]
          ]
        }
      ]
    },
    {
      "module": "module.services",
      "mode": "data",
      "type": "aws_ssm_parameter",
      "name": "elasticache_sg_id",
      "provider": "provider[\"registry.terraform.io/hashicorp/aws\"]",
      "instances": [
        {
          "schema_version": 0,
          "attributes": {
            "arn": "arn:aws:ssm:us-east-2:975050283031:parameter/dev-payjack-us-east-2/elasticache_sg_id",
            "id": "/dev-payjack-us-east-2/elasticache_sg_id",
            "insecure_value": "sg-09b4776b52924517a",
            "name": "/dev-payjack-us-east-2/elasticache_sg_id",
            "type": "String",
            "value": "sg-09b4776b52924517a",
            "version": 1,
            "with_decryption": true
          },
          "sensitive_attributes": [
            [
              {
                "type": "get_attr",
                "value": "value"
              }
            ]
          ]
        }
      ]
    },
    {
      "module": "module.services",
      "mode": "data",
      "type": "aws_ssm_parameter",
      "name": "kafa_sg_id",
      "provider": "provider[\"registry.terraform.io/hashicorp/aws\"]",
      "instances": [
        {
          "schema_version": 0,
          "attributes": {
            "arn": "arn:aws:ssm:us-east-2:975050283031:parameter/dev-payjack-us-east-2/kafka_sg_id",
            "id": "/dev-payjack-us-east-2/kafka_sg_id",
            "insecure_value": "sg-00f6e70ef4db82d10",
            "name": "/dev-payjack-us-east-2/kafka_sg_id",
            "type": "String",
            "value": "sg-00f6e70ef4db82d10",
            "version": 1,
            "with_decryption": true
          },
          "sensitive_attributes": [
            [
              {
                "type": "get_attr",
                "value": "value"
              }
            ]
          ]
        }
      ]
    },
    {
      "module": "module.services",
      "mode": "data",
      "type": "aws_ssm_parameter",
      "name": "kafka_sg_id",
      "provider": "provider[\"registry.terraform.io/hashicorp/aws\"]",
      "instances": [
        {
          "schema_version": 0,
          "attributes": {
            "arn": "arn:aws:ssm:us-east-2:975050283031:parameter/dev-payjack-us-east-2/kafka_sg_id",
            "id": "/dev-payjack-us-east-2/kafka_sg_id",
            "insecure_value": "sg-00f6e70ef4db82d10",
            "name": "/dev-payjack-us-east-2/kafka_sg_id",
            "type": "String",
            "value": "sg-00f6e70ef4db82d10",
            "version": 1,
            "with_decryption": true
          },
          "sensitive_attributes": [
            [
              {
                "type": "get_attr",
                "value": "value"
              }
            ]
          ]
        }
      ]
    },
    {
      "module": "module.services",
      "mode": "managed",
      "type": "aws_elasticache_cluster",
      "name": "redis",
      "provider": "provider[\"registry.terraform.io/hashicorp/aws\"]",
      "instances": [
        {
          "schema_version": 0,
          "attributes": {
            "apply_immediately": null,
            "arn": "arn:aws:elasticache:us-east-2:975050283031:cluster:dev-payjack-us-east-2-redis-cluster",
            "auto_minor_version_upgrade": "true",
            "availability_zone": "us-east-2c",
            "az_mode": "single-az",
            "cache_nodes": [
              {
                "address": "dev-payjack-us-east-2-redis-cluster.otdhsq.0001.use2.cache.amazonaws.com",
                "availability_zone": "us-east-2c",
                "id": "0001",
                "outpost_arn": "",
                "port": 6379
              }
            ],
            "cluster_address": null,
            "cluster_id": "dev-payjack-us-east-2-redis-cluster",
            "configuration_endpoint": null,
            "engine": "redis",
            "engine_version": "7.1",
            "engine_version_actual": "7.1.0",
            "final_snapshot_identifier": null,
            "id": "dev-payjack-us-east-2-redis-cluster",
            "ip_discovery": "ipv4",
            "log_delivery_configuration": [],
            "maintenance_window": "sun:23:00-mon:00:00",
            "network_type": "ipv4",
            "node_type": "cache.t3.medium",
            "notification_topic_arn": null,
            "num_cache_nodes": 1,
            "outpost_mode": null,
            "parameter_group_name": "default.redis7",
            "port": 6379,
            "preferred_availability_zones": null,
            "preferred_outpost_arn": "",
            "replication_group_id": "",
            "security_group_ids": [
              "sg-09b4776b52924517a"
            ],
            "snapshot_arns": null,
            "snapshot_name": null,
            "snapshot_retention_limit": 0,
            "snapshot_window": "01:30-02:30",
            "subnet_group_name": "dev-payjack-us-east-2-subnet-group",
            "tags": null,
            "tags_all": {},
            "timeouts": null,
            "transit_encryption_enabled": false
          },
          "sensitive_attributes": [
            [
              {
                "type": "get_attr",
                "value": "security_group_ids"
              }
            ]
          ],
          "private": "eyJlMmJmYjczMC1lY2FhLTExZTYtOGY4OC0zNDM2M2JjN2M0YzAiOnsiY3JlYXRlIjoyNDAwMDAwMDAwMDAwLCJkZWxldGUiOjI0MDAwMDAwMDAwMDAsInVwZGF0ZSI6NDgwMDAwMDAwMDAwMH19",
          "dependencies": [
            "module.networking.aws_eip.nat_eip",
            "module.networking.aws_internet_gateway.igw",
            "module.networking.aws_nat_gateway.nat",
            "module.networking.aws_route_table.private",
            "module.networking.aws_route_table.public",
            "module.networking.aws_route_table_association.app_private",
            "module.networking.aws_route_table_association.db_private",
            "module.networking.aws_route_table_association.public",
            "module.networking.aws_ssm_parameter.app_private_subnet_ids",
            "module.networking.aws_ssm_parameter.db_private_subnet_ids",
            "module.networking.aws_ssm_parameter.igw_id",
            "module.networking.aws_ssm_parameter.nat_id",
            "module.networking.aws_ssm_parameter.private_rt_id",
            "module.networking.aws_ssm_parameter.public_rt_id",
            "module.networking.aws_ssm_parameter.public_subnet_ids",
            "module.networking.aws_ssm_parameter.vpc_id",
            "module.networking.aws_subnet.app_private",
            "module.networking.aws_subnet.db_private",
            "module.networking.aws_subnet.public",
            "module.networking.aws_vpc.main",
            "module.networking.data.aws_availability_zones.available",
            "module.networking.data.aws_ssm_parameter.app_private_subnet_ids",
            "module.networking.data.aws_ssm_parameter.db_private_subnet_ids",
            "module.networking.data.aws_ssm_parameter.public_subnet_ids",
            "module.networking.data.aws_ssm_parameter.vpc_id",
            "module.security.aws_security_group.admin_sg",
            "module.security.aws_security_group.alb_sg",
            "module.security.aws_security_group.asg_sg",
            "module.security.aws_security_group.elasticache_sg",
            "module.security.aws_security_group.kafka_sg",
            "module.security.aws_security_group.rds_sg",
            "module.security.aws_ssm_parameter.admin_sg_id",
            "module.security.aws_ssm_parameter.alb_sg_id",
            "module.security.aws_ssm_parameter.asg_sg_id",
            "module.security.aws_ssm_parameter.elasticache_sg_id",
            "module.security.aws_ssm_parameter.kafka_sg_id",
            "module.security.aws_ssm_parameter.rds_sg_id",
            "module.security.data.aws_ssm_parameter.vpc_id",
            "module.services.aws_elasticache_subnet_group.redis",
            "module.services.data.aws_ssm_parameter.db_private_subnet_ids",
            "module.services.data.aws_ssm_parameter.elasticache_sg_id"
          ]
        }
      ]
    },
    {
      "module": "module.services",
      "mode": "managed",
      "type": "aws_elasticache_subnet_group",
      "name": "redis",
      "provider": "provider[\"registry.terraform.io/hashicorp/aws\"]",
      "instances": [
        {
          "schema_version": 0,
          "attributes": {
            "arn": "arn:aws:elasticache:us-east-2:975050283031:subnetgroup:dev-payjack-us-east-2-subnet-group",
            "description": "Managed by Terraform",
            "id": "dev-payjack-us-east-2-subnet-group",
            "name": "dev-payjack-us-east-2-subnet-group",
            "subnet_ids": [
              "subnet-019a993e168460ef7",
              "subnet-04fde9e24b47dedf6",
              "subnet-0a1c8e7f8ac7b1f20"
            ],
            "tags": {
              "Environment": "dev",
              "Managed_by": "terraform",
              "Name": "dev-payjack-us-east-2-subnet-group",
              "Owner": "mimi",
              "Project": "payjack"
            },
            "tags_all": {
              "Environment": "dev",
              "Managed_by": "terraform",
              "Name": "dev-payjack-us-east-2-subnet-group",
              "Owner": "mimi",
              "Project": "payjack"
            },
            "vpc_id": "vpc-03ad51840c66d2b86"
          },
          "sensitive_attributes": [
            [
              {
                "type": "get_attr",
                "value": "subnet_ids"
              }
            ]
          ],
          "private": "bnVsbA==",
          "dependencies": [
            "module.networking.aws_eip.nat_eip",
            "module.networking.aws_internet_gateway.igw",
            "module.networking.aws_nat_gateway.nat",
            "module.networking.aws_route_table.private",
            "module.networking.aws_route_table.public",
            "module.networking.aws_route_table_association.app_private",
            "module.networking.aws_route_table_association.db_private",
            "module.networking.aws_route_table_association.public",
            "module.networking.aws_ssm_parameter.app_private_subnet_ids",
            "module.networking.aws_ssm_parameter.db_private_subnet_ids",
            "module.networking.aws_ssm_parameter.igw_id",
            "module.networking.aws_ssm_parameter.nat_id",
            "module.networking.aws_ssm_parameter.private_rt_id",
            "module.networking.aws_ssm_parameter.public_rt_id",
            "module.networking.aws_ssm_parameter.public_subnet_ids",
            "module.networking.aws_ssm_parameter.vpc_id",
            "module.networking.aws_subnet.app_private",
            "module.networking.aws_subnet.db_private",
            "module.networking.aws_subnet.public",
            "module.networking.aws_vpc.main",
            "module.networking.data.aws_availability_zones.available",
            "module.networking.data.aws_ssm_parameter.app_private_subnet_ids",
            "module.networking.data.aws_ssm_parameter.db_private_subnet_ids",
            "module.networking.data.aws_ssm_parameter.public_subnet_ids",
            "module.networking.data.aws_ssm_parameter.vpc_id",
            "module.security.aws_security_group.admin_sg",
            "module.security.aws_security_group.alb_sg",
            "module.security.aws_security_group.asg_sg",
            "module.security.aws_security_group.elasticache_sg",
            "module.security.aws_security_group.kafka_sg",
            "module.security.aws_security_group.rds_sg",
            "module.security.aws_ssm_parameter.admin_sg_id",
            "module.security.aws_ssm_parameter.alb_sg_id",
            "module.security.aws_ssm_parameter.asg_sg_id",
            "module.security.aws_ssm_parameter.elasticache_sg_id",
            "module.security.aws_ssm_parameter.kafka_sg_id",
            "module.security.aws_ssm_parameter.rds_sg_id",
            "module.security.data.aws_ssm_parameter.vpc_id",
            "module.services.data.aws_ssm_parameter.db_private_subnet_ids"
          ],
          "create_before_destroy": true
        }
      ]
    },
    {
      "module": "module.services",
      "mode": "managed",
      "type": "aws_msk_cluster",
      "name": "kafka",
      "provider": "provider[\"registry.terraform.io/hashicorp/aws\"]",
      "instances": [
        {
          "schema_version": 0,
          "attributes": {
            "arn": "arn:aws:kafka:us-east-2:975050283031:cluster/dev-payjack-us-east-2-kafka-cluster/0f8f566a-c230-4375-9e36-77e0baebf569-7",
            "bootstrap_brokers": "",
            "bootstrap_brokers_public_sasl_iam": "",
            "bootstrap_brokers_public_sasl_scram": "",
            "bootstrap_brokers_public_tls": "",
            "bootstrap_brokers_sasl_iam": "",
            "bootstrap_brokers_sasl_scram": "",
            "bootstrap_brokers_tls": "b-1.devpayjackuseast2kafka.yr1ujm.c7.kafka.us-east-2.amazonaws.com:9094,b-2.devpayjackuseast2kafka.yr1ujm.c7.kafka.us-east-2.amazonaws.com:9094,b-3.devpayjackuseast2kafka.yr1ujm.c7.kafka.us-east-2.amazonaws.com:9094",
            "bootstrap_brokers_vpc_connectivity_sasl_iam": "",
            "bootstrap_brokers_vpc_connectivity_sasl_scram": "",
            "bootstrap_brokers_vpc_connectivity_tls": "",
            "broker_node_group_info": [
              {
                "az_distribution": "DEFAULT",
                "client_subnets": [
                  "subnet-019a993e168460ef7",
                  "subnet-04fde9e24b47dedf6",
                  "subnet-0a1c8e7f8ac7b1f20"
                ],
                "connectivity_info": [
                  {
                    "public_access": [
                      {
                        "type": "DISABLED"
                      }
                    ],
                    "vpc_connectivity": [
                      {
                        "client_authentication": [
                          {
                            "sasl": [
                              {
                                "iam": false,
                                "scram": false
                              }
                            ],
                            "tls": false
                          }
                        ]
                      }
                    ]
                  }
                ],
                "instance_type": "kafka.t3.small",
                "security_groups": [
                  "sg-00f6e70ef4db82d10"
                ],
                "storage_info": [
                  {
                    "ebs_storage_info": [
                      {
                        "provisioned_throughput": [],
                        "volume_size": 1000
                      }
                    ]
                  }
                ]
              }
            ],
            "client_authentication": [],
            "cluster_name": "dev-payjack-us-east-2-kafka-cluster",
            "cluster_uuid": "0f8f566a-c230-4375-9e36-77e0baebf569-7",
            "configuration_info": [],
            "current_version": "K3P5ROKL5A1OLE",
            "encryption_info": [
              {
                "encryption_at_rest_kms_key_arn": "arn:aws:kms:us-east-2:975050283031:key/c38a1e03-f4b9-47f7-bbe6-3487f72acd14",
                "encryption_in_transit": [
                  {
                    "client_broker": "TLS",
                    "in_cluster": true
                  }
                ]
              }
            ],
            "enhanced_monitoring": "DEFAULT",
            "id": "arn:aws:kafka:us-east-2:975050283031:cluster/dev-payjack-us-east-2-kafka-cluster/0f8f566a-c230-4375-9e36-77e0baebf569-7",
            "kafka_version": "2.8.0",
            "logging_info": [],
            "number_of_broker_nodes": 3,
            "open_monitoring": [
              {
                "prometheus": [
                  {
                    "jmx_exporter": [
                      {
                        "enabled_in_broker": false
                      }
                    ],
                    "node_exporter": [
                      {
                        "enabled_in_broker": false
                      }
                    ]
                  }
                ]
              }
            ],
            "storage_mode": "LOCAL",
            "tags": null,
            "tags_all": {},
            "timeouts": null,
            "zookeeper_connect_string": "z-1.devpayjackuseast2kafka.yr1ujm.c7.kafka.us-east-2.amazonaws.com:2181,z-2.devpayjackuseast2kafka.yr1ujm.c7.kafka.us-east-2.amazonaws.com:2181,z-3.devpayjackuseast2kafka.yr1ujm.c7.kafka.us-east-2.amazonaws.com:2181",
            "zookeeper_connect_string_tls": "z-1.devpayjackuseast2kafka.yr1ujm.c7.kafka.us-east-2.amazonaws.com:2182,z-2.devpayjackuseast2kafka.yr1ujm.c7.kafka.us-east-2.amazonaws.com:2182,z-3.devpayjackuseast2kafka.yr1ujm.c7.kafka.us-east-2.amazonaws.com:2182"
          },
          "sensitive_attributes": [
            [
              {
                "type": "get_attr",
                "value": "broker_node_group_info"
              },
              {
                "type": "index",
                "value": {
                  "value": 0,
                  "type": "number"
                }
              },
              {
                "type": "get_attr",
                "value": "client_subnets"
              }
            ],
            [
              {
                "type": "get_attr",
                "value": "broker_node_group_info"
              },
              {
                "type": "index",
                "value": {
                  "value": 0,
                  "type": "number"
                }
              },
              {
                "type": "get_attr",
                "value": "security_groups"
              }
            ]
          ],
          "private": "eyJlMmJmYjczMC1lY2FhLTExZTYtOGY4OC0zNDM2M2JjN2M0YzAiOnsiY3JlYXRlIjo3MjAwMDAwMDAwMDAwLCJkZWxldGUiOjcyMDAwMDAwMDAwMDAsInVwZGF0ZSI6NzIwMDAwMDAwMDAwMH19",
          "dependencies": [
            "module.networking.aws_eip.nat_eip",
            "module.networking.aws_internet_gateway.igw",
            "module.networking.aws_nat_gateway.nat",
            "module.networking.aws_route_table.private",
            "module.networking.aws_route_table.public",
            "module.networking.aws_route_table_association.app_private",
            "module.networking.aws_route_table_association.db_private",
            "module.networking.aws_route_table_association.public",
            "module.networking.aws_ssm_parameter.app_private_subnet_ids",
            "module.networking.aws_ssm_parameter.db_private_subnet_ids",
            "module.networking.aws_ssm_parameter.igw_id",
            "module.networking.aws_ssm_parameter.nat_id",
            "module.networking.aws_ssm_parameter.private_rt_id",
            "module.networking.aws_ssm_parameter.public_rt_id",
            "module.networking.aws_ssm_parameter.public_subnet_ids",
            "module.networking.aws_ssm_parameter.vpc_id",
            "module.networking.aws_subnet.app_private",
            "module.networking.aws_subnet.db_private",
            "module.networking.aws_subnet.public",
            "module.networking.aws_vpc.main",
            "module.networking.data.aws_availability_zones.available",
            "module.networking.data.aws_ssm_parameter.app_private_subnet_ids",
            "module.networking.data.aws_ssm_parameter.db_private_subnet_ids",
            "module.networking.data.aws_ssm_parameter.public_subnet_ids",
            "module.networking.data.aws_ssm_parameter.vpc_id",
            "module.security.aws_security_group.admin_sg",
            "module.security.aws_security_group.alb_sg",
            "module.security.aws_security_group.asg_sg",
            "module.security.aws_security_group.elasticache_sg",
            "module.security.aws_security_group.kafka_sg",
            "module.security.aws_security_group.rds_sg",
            "module.security.aws_ssm_parameter.admin_sg_id",
            "module.security.aws_ssm_parameter.alb_sg_id",
            "module.security.aws_ssm_parameter.asg_sg_id",
            "module.security.aws_ssm_parameter.elasticache_sg_id",
            "module.security.aws_ssm_parameter.kafka_sg_id",
            "module.security.aws_ssm_parameter.rds_sg_id",
            "module.security.data.aws_ssm_parameter.vpc_id",
            "module.services.data.aws_ssm_parameter.db_private_subnet_ids",
            "module.services.data.aws_ssm_parameter.kafka_sg_id"
          ]
        }
      ]
    },
    {
      "module": "module.storage",
      "mode": "data",
      "type": "aws_elb_service_account",
      "name": "main",
      "provider": "provider[\"registry.terraform.io/hashicorp/aws\"]",
      "instances": [
        {
          "schema_version": 0,
          "attributes": {
            "arn": "arn:aws:iam::033677994240:root",
            "id": "033677994240",
            "region": null
          },
          "sensitive_attributes": []
        }
      ]
    },
    {
      "module": "module.storage",
      "mode": "managed",
      "type": "aws_s3_bucket",
      "name": "alb_logs",
      "provider": "provider[\"registry.terraform.io/hashicorp/aws\"]",
      "instances": [
        {
          "schema_version": 0,
          "attributes": {
            "acceleration_status": "",
            "acl": null,
            "arn": "arn:aws:s3:::dev-payjack-us-east-2-alb-logs-bucket",
            "bucket": "dev-payjack-us-east-2-alb-logs-bucket",
            "bucket_domain_name": "dev-payjack-us-east-2-alb-logs-bucket.s3.amazonaws.com",
            "bucket_prefix": "",
            "bucket_regional_domain_name": "dev-payjack-us-east-2-alb-logs-bucket.s3.us-east-2.amazonaws.com",
            "cors_rule": [],
            "force_destroy": true,
            "grant": [
              {
                "id": "344a7778fb74e84db3f8d7d1d03595818422b120cc55f5777dd565bea85d9d77",
                "permissions": [
                  "FULL_CONTROL"
                ],
                "type": "CanonicalUser",
                "uri": ""
              }
            ],
            "hosted_zone_id": "Z2O1EMRO9K5GLX",
            "id": "dev-payjack-us-east-2-alb-logs-bucket",
            "lifecycle_rule": [],
            "logging": [],
            "object_lock_configuration": [],
            "object_lock_enabled": false,
            "policy": "",
            "region": "us-east-2",
            "replication_configuration": [],
            "request_payer": "BucketOwner",
            "server_side_encryption_configuration": [
              {
                "rule": [
                  {
                    "apply_server_side_encryption_by_default": [
                      {
                        "kms_master_key_id": "",
                        "sse_algorithm": "AES256"
                      }
                    ],
                    "bucket_key_enabled": false
                  }
                ]
              }
            ],
            "tags": {
              "Environment": "dev",
              "Managed_by": "terraform",
              "Name": "dev-payjack-us-east-2-alb-logs-bucket",
              "Owner": "mimi",
              "Project": "payjack"
            },
            "tags_all": {
              "Environment": "dev",
              "Managed_by": "terraform",
              "Name": "dev-payjack-us-east-2-alb-logs-bucket",
              "Owner": "mimi",
              "Project": "payjack"
            },
            "timeouts": null,
            "versioning": [
              {
                "enabled": false,
                "mfa_delete": false
              }
            ],
            "website": [],
            "website_domain": null,
            "website_endpoint": null
          },
          "sensitive_attributes": [],
          "private": "eyJlMmJmYjczMC1lY2FhLTExZTYtOGY4OC0zNDM2M2JjN2M0YzAiOnsiY3JlYXRlIjoxMjAwMDAwMDAwMDAwLCJkZWxldGUiOjM2MDAwMDAwMDAwMDAsInJlYWQiOjEyMDAwMDAwMDAwMDAsInVwZGF0ZSI6MTIwMDAwMDAwMDAwMH19",
          "create_before_destroy": true
        }
      ]
    },
    {
      "module": "module.storage",
      "mode": "managed",
      "type": "aws_s3_bucket_logging",
      "name": "alb_logs",
      "provider": "provider[\"registry.terraform.io/hashicorp/aws\"]",
      "instances": [
        {
          "schema_version": 0,
          "attributes": {
            "bucket": "dev-payjack-us-east-2-alb-logs-bucket",
            "expected_bucket_owner": "",
            "id": "dev-payjack-us-east-2-alb-logs-bucket",
            "target_bucket": "dev-payjack-us-east-2-alb-logs-bucket",
            "target_grant": [],
            "target_object_key_format": [],
            "target_prefix": "logs/"
          },
          "sensitive_attributes": [],
          "private": "bnVsbA==",
          "dependencies": [
            "module.storage.aws_s3_bucket.alb_logs"
          ],
          "create_before_destroy": true
        }
      ]
    },
    {
      "module": "module.storage",
      "mode": "managed",
      "type": "aws_s3_bucket_notification",
      "name": "alb_logs",
      "provider": "provider[\"registry.terraform.io/hashicorp/aws\"]",
      "instances": [
        {
          "schema_version": 0,
          "attributes": {
            "bucket": "dev-payjack-us-east-2-alb-logs-bucket",
            "eventbridge": true,
            "id": "dev-payjack-us-east-2-alb-logs-bucket",
            "lambda_function": [],
            "queue": [],
            "topic": []
          },
          "sensitive_attributes": [],
          "private": "bnVsbA==",
          "dependencies": [
            "module.storage.aws_s3_bucket.alb_logs"
          ],
          "create_before_destroy": true
        }
      ]
    },
    {
      "module": "module.storage",
      "mode": "managed",
      "type": "aws_s3_bucket_policy",
      "name": "alb_logs",
      "provider": "provider[\"registry.terraform.io/hashicorp/aws\"]",
      "instances": [
        {
          "schema_version": 0,
          "attributes": {
            "bucket": "dev-payjack-us-east-2-alb-logs-bucket",
            "id": "dev-payjack-us-east-2-alb-logs-bucket",
            "policy": "{\"Statement\":[{\"Action\":\"s3:PutObject\",\"Effect\":\"Allow\",\"Principal\":{\"AWS\":\"arn:aws:iam::033677994240:root\"},\"Resource\":\"arn:aws:s3:::dev-payjack-us-east-2-alb-logs-bucket/*\"}],\"Version\":\"2012-10-17\"}"
          },
          "sensitive_attributes": [],
          "private": "bnVsbA==",
          "dependencies": [
            "module.storage.aws_s3_bucket.alb_logs",
            "module.storage.data.aws_elb_service_account.main"
          ],
          "create_before_destroy": true
        }
      ]
    },
    {
      "module": "module.storage",
      "mode": "managed",
      "type": "aws_s3_bucket_public_access_block",
      "name": "alb_logs",
      "provider": "provider[\"registry.terraform.io/hashicorp/aws\"]",
      "instances": [
        {
          "schema_version": 0,
          "attributes": {
            "block_public_acls": true,
            "block_public_policy": true,
            "bucket": "dev-payjack-us-east-2-alb-logs-bucket",
            "id": "dev-payjack-us-east-2-alb-logs-bucket",
            "ignore_public_acls": true,
            "restrict_public_buckets": true
          },
          "sensitive_attributes": [],
          "private": "bnVsbA==",
          "dependencies": [
            "module.storage.aws_s3_bucket.alb_logs"
          ],
          "create_before_destroy": true
        }
      ]
    },
    {
      "module": "module.storage",
      "mode": "managed",
      "type": "aws_s3_bucket_server_side_encryption_configuration",
      "name": "alb_logs",
      "provider": "provider[\"registry.terraform.io/hashicorp/aws\"]",
      "instances": [
        {
          "schema_version": 0,
          "attributes": {
            "bucket": "dev-payjack-us-east-2-alb-logs-bucket",
            "expected_bucket_owner": "",
            "id": "dev-payjack-us-east-2-alb-logs-bucket",
            "rule": [
              {
                "apply_server_side_encryption_by_default": [
                  {
                    "kms_master_key_id": "",
                    "sse_algorithm": "AES256"
                  }
                ],
                "bucket_key_enabled": null
              }
            ]
          },
          "sensitive_attributes": [],
          "private": "bnVsbA==",
          "dependencies": [
            "module.storage.aws_s3_bucket.alb_logs"
          ],
          "create_before_destroy": true
        }
      ]
    },
    {
      "module": "module.storage",
      "mode": "managed",
      "type": "aws_s3_bucket_versioning",
      "name": "alb_logs",
      "provider": "provider[\"registry.terraform.io/hashicorp/aws\"]",
      "instances": [
        {
          "schema_version": 0,
          "attributes": {
            "bucket": "dev-payjack-us-east-2-alb-logs-bucket",
            "expected_bucket_owner": "",
            "id": "dev-payjack-us-east-2-alb-logs-bucket",
            "mfa": null,
            "versioning_configuration": [
              {
                "mfa_delete": "",
                "status": "Enabled"
              }
            ]
          },
          "sensitive_attributes": [],
          "private": "bnVsbA==",
          "dependencies": [
            "module.storage.aws_s3_bucket.alb_logs"
          ],
          "create_before_destroy": true
        }
      ]
    },
    {
      "module": "module.storage",
      "mode": "managed",
      "type": "aws_ssm_parameter",
      "name": "alb_logs_bucket_name",
      "provider": "provider[\"registry.terraform.io/hashicorp/aws\"]",
      "instances": [
        {
          "schema_version": 0,
          "attributes": {
            "allowed_pattern": "",
            "arn": "arn:aws:ssm:us-east-2:975050283031:parameter/dev-payjack-us-east-2/alb-logs-bucket-name",
            "data_type": "text",
            "description": "",
            "has_value_wo": null,
            "id": "/dev-payjack-us-east-2/alb-logs-bucket-name",
            "insecure_value": null,
            "key_id": "",
            "name": "/dev-payjack-us-east-2/alb-logs-bucket-name",
            "overwrite": null,
            "tags": null,
            "tags_all": {},
            "tier": "Standard",
            "type": "String",
            "value": "dev-payjack-us-east-2-alb-logs-bucket",
            "value_wo": null,
            "value_wo_version": null,
            "version": 1
          },
          "sensitive_attributes": [
            [
              {
                "type": "get_attr",
                "value": "value_wo"
              }
            ],
            [
              {
                "type": "get_attr",
                "value": "value"
              }
            ]
          ],
          "private": "bnVsbA==",
          "dependencies": [
            "module.storage.aws_s3_bucket.alb_logs"
          ],
          "create_before_destroy": true
        }
      ]
    }
  ],
  "check_results": null
}
